// !$*UTF8*$!
{
	archiveVersion = 1;
	classes = {
	};
	objectVersion = 46;
	objects = {

/* Begin PBXBuildFile section */
		04249B23179E227C00AE59D4 /* GameSADEditor.cpp in Sources */ = {isa = PBXBuildFile; fileRef = 04249B21179E227C00AE59D4 /* GameSADEditor.cpp */; };
		04249B26179E229000AE59D4 /* GameSADLevel.cpp in Sources */ = {isa = PBXBuildFile; fileRef = 04249B24179E229000AE59D4 /* GameSADLevel.cpp */; };
		04249B29179E22A500AE59D4 /* GameSADEditorLevel.cpp in Sources */ = {isa = PBXBuildFile; fileRef = 04249B27179E22A500AE59D4 /* GameSADEditorLevel.cpp */; };
		04249B31179E238800AE59D4 /* Cocoa.framework in Frameworks */ = {isa = PBXBuildFile; fileRef = 04249B30179E238800AE59D4 /* Cocoa.framework */; };
		04249B3F179E24FF00AE59D4 /* GameSADEditorLevel.cpp in Sources */ = {isa = PBXBuildFile; fileRef = 04249B27179E22A500AE59D4 /* GameSADEditorLevel.cpp */; };
		04249B40179E24FF00AE59D4 /* GameSADEditor.cpp in Sources */ = {isa = PBXBuildFile; fileRef = 04249B21179E227C00AE59D4 /* GameSADEditor.cpp */; };
		04249B41179E24FF00AE59D4 /* GameSADLevel.cpp in Sources */ = {isa = PBXBuildFile; fileRef = 04249B24179E229000AE59D4 /* GameSADLevel.cpp */; };
		04249B4B179E756300AE59D4 /* Hero.cpp in Sources */ = {isa = PBXBuildFile; fileRef = 04249B47179E756300AE59D4 /* Hero.cpp */; };
		04249B4C179E756300AE59D4 /* IOSTcouchController.cpp in Sources */ = {isa = PBXBuildFile; fileRef = 04249B49179E756300AE59D4 /* IOSTcouchController.cpp */; };
		04249B51179E778000AE59D4 /* GameSAD.cpp in Sources */ = {isa = PBXBuildFile; fileRef = 04249B4D179E778000AE59D4 /* GameSAD.cpp */; };
		04249B52179E79C800AE59D4 /* GameSAD.cpp in Sources */ = {isa = PBXBuildFile; fileRef = 04249B4D179E778000AE59D4 /* GameSAD.cpp */; };
		04249B53179E79C800AE59D4 /* Hero.cpp in Sources */ = {isa = PBXBuildFile; fileRef = 04249B47179E756300AE59D4 /* Hero.cpp */; };
		04249B54179E79C800AE59D4 /* IOSTcouchController.cpp in Sources */ = {isa = PBXBuildFile; fileRef = 04249B49179E756300AE59D4 /* IOSTcouchController.cpp */; };
		04F0CB96179048BF00321D88 /* Foundation.framework in Frameworks */ = {isa = PBXBuildFile; fileRef = 04F0CB95179048BF00321D88 /* Foundation.framework */; };
/* End PBXBuildFile section */

/* Begin PBXCopyFilesBuildPhase section */
		04F0CB90179048BF00321D88 /* CopyFiles */ = {
			isa = PBXCopyFilesBuildPhase;
			buildActionMask = 2147483647;
			dstPath = "include/${PRODUCT_NAME}";
			dstSubfolderSpec = 16;
			files = (
			);
			runOnlyForDeploymentPostprocessing = 0;
		};
/* End PBXCopyFilesBuildPhase section */

/* Begin PBXFileReference section */
		04249B21179E227C00AE59D4 /* GameSADEditor.cpp */ = {isa = PBXFileReference; fileEncoding = 4; lastKnownFileType = sourcecode.cpp.cpp; path = GameSADEditor.cpp; sourceTree = "<group>"; };
		04249B22179E227C00AE59D4 /* GameSADEditor.h */ = {isa = PBXFileReference; fileEncoding = 4; lastKnownFileType = sourcecode.c.h; path = GameSADEditor.h; sourceTree = "<group>"; };
		04249B24179E229000AE59D4 /* GameSADLevel.cpp */ = {isa = PBXFileReference; fileEncoding = 4; lastKnownFileType = sourcecode.cpp.cpp; name = GameSADLevel.cpp; path = ../GameSADLevel.cpp; sourceTree = "<group>"; };
		04249B25179E229000AE59D4 /* GameSADLevel.h */ = {isa = PBXFileReference; fileEncoding = 4; lastKnownFileType = sourcecode.c.h; name = GameSADLevel.h; path = ../GameSADLevel.h; sourceTree = "<group>"; };
		04249B27179E22A500AE59D4 /* GameSADEditorLevel.cpp */ = {isa = PBXFileReference; fileEncoding = 4; lastKnownFileType = sourcecode.cpp.cpp; path = GameSADEditorLevel.cpp; sourceTree = "<group>"; };
		04249B28179E22A500AE59D4 /* GameSADEditorLevel.h */ = {isa = PBXFileReference; fileEncoding = 4; lastKnownFileType = sourcecode.c.h; path = GameSADEditorLevel.h; sourceTree = "<group>"; };
		04249B2F179E238800AE59D4 /* libGameSADLibMac.a */ = {isa = PBXFileReference; explicitFileType = archive.ar; includeInIndex = 0; path = libGameSADLibMac.a; sourceTree = BUILT_PRODUCTS_DIR; };
		04249B30179E238800AE59D4 /* Cocoa.framework */ = {isa = PBXFileReference; lastKnownFileType = wrapper.framework; name = Cocoa.framework; path = Library/Frameworks/Cocoa.framework; sourceTree = DEVELOPER_DIR; };
		04249B33179E238800AE59D4 /* AppKit.framework */ = {isa = PBXFileReference; lastKnownFileType = wrapper.framework; name = AppKit.framework; path = Library/Frameworks/AppKit.framework; sourceTree = SDKROOT; };
		04249B34179E238800AE59D4 /* CoreData.framework */ = {isa = PBXFileReference; lastKnownFileType = wrapper.framework; name = CoreData.framework; path = Library/Frameworks/CoreData.framework; sourceTree = SDKROOT; };
		04249B35179E238800AE59D4 /* Foundation.framework */ = {isa = PBXFileReference; lastKnownFileType = wrapper.framework; name = Foundation.framework; path = Library/Frameworks/Foundation.framework; sourceTree = SDKROOT; };
		04249B38179E238800AE59D4 /* GameSADLibMac-Prefix.pch */ = {isa = PBXFileReference; lastKnownFileType = sourcecode.c.h; path = "GameSADLibMac-Prefix.pch"; sourceTree = "<group>"; };
		04249B47179E756300AE59D4 /* Hero.cpp */ = {isa = PBXFileReference; fileEncoding = 4; lastKnownFileType = sourcecode.cpp.cpp; path = Hero.cpp; sourceTree = SOURCE_ROOT; };
		04249B48179E756300AE59D4 /* Hero.h */ = {isa = PBXFileReference; fileEncoding = 4; lastKnownFileType = sourcecode.c.h; path = Hero.h; sourceTree = SOURCE_ROOT; };
		04249B49179E756300AE59D4 /* IOSTcouchController.cpp */ = {isa = PBXFileReference; fileEncoding = 4; lastKnownFileType = sourcecode.cpp.cpp; path = IOSTcouchController.cpp; sourceTree = SOURCE_ROOT; };
		04249B4A179E756300AE59D4 /* IOSTcouchController.h */ = {isa = PBXFileReference; fileEncoding = 4; lastKnownFileType = sourcecode.c.h; path = IOSTcouchController.h; sourceTree = SOURCE_ROOT; };
		04249B4D179E778000AE59D4 /* GameSAD.cpp */ = {isa = PBXFileReference; fileEncoding = 4; lastKnownFileType = sourcecode.cpp.cpp; path = GameSAD.cpp; sourceTree = "<group>"; };
		04249B4E179E778000AE59D4 /* GameSAD.h */ = {isa = PBXFileReference; fileEncoding = 4; lastKnownFileType = sourcecode.c.h; path = GameSAD.h; sourceTree = "<group>"; };
		04249B4F179E778000AE59D4 /* GameSADLib-Prefix.pch */ = {isa = PBXFileReference; fileEncoding = 4; lastKnownFileType = sourcecode.c.h; path = "GameSADLib-Prefix.pch"; sourceTree = "<group>"; };
		04F0CB92179048BF00321D88 /* libGameSADLib.a */ = {isa = PBXFileReference; explicitFileType = archive.ar; includeInIndex = 0; path = libGameSADLib.a; sourceTree = BUILT_PRODUCTS_DIR; };
		04F0CB95179048BF00321D88 /* Foundation.framework */ = {isa = PBXFileReference; lastKnownFileType = wrapper.framework; name = Foundation.framework; path = System/Library/Frameworks/Foundation.framework; sourceTree = SDKROOT; };
/* End PBXFileReference section */

/* Begin PBXFrameworksBuildPhase section */
		04249B2C179E238800AE59D4 /* Frameworks */ = {
			isa = PBXFrameworksBuildPhase;
			buildActionMask = 2147483647;
			files = (
				04249B31179E238800AE59D4 /* Cocoa.framework in Frameworks */,
			);
			runOnlyForDeploymentPostprocessing = 0;
		};
		04F0CB8F179048BF00321D88 /* Frameworks */ = {
			isa = PBXFrameworksBuildPhase;
			buildActionMask = 2147483647;
			files = (
				04F0CB96179048BF00321D88 /* Foundation.framework in Frameworks */,
			);
			runOnlyForDeploymentPostprocessing = 0;
		};
/* End PBXFrameworksBuildPhase section */

/* Begin PBXGroup section */
		04249B2A179E22B300AE59D4 /* Editor */ = {
			isa = PBXGroup;
			children = (
				04249B27179E22A500AE59D4 /* GameSADEditorLevel.cpp */,
				04249B28179E22A500AE59D4 /* GameSADEditorLevel.h */,
				04249B21179E227C00AE59D4 /* GameSADEditor.cpp */,
				04249B22179E227C00AE59D4 /* GameSADEditor.h */,
			);
			name = Editor;
			sourceTree = "<group>";
		};
		04249B32179E238800AE59D4 /* Other Frameworks */ = {
			isa = PBXGroup;
			children = (
				04249B33179E238800AE59D4 /* AppKit.framework */,
				04249B34179E238800AE59D4 /* CoreData.framework */,
				04249B35179E238800AE59D4 /* Foundation.framework */,
			);
			name = "Other Frameworks";
			sourceTree = "<group>";
		};
		04249B36179E238800AE59D4 /* GameSADLibMac */ = {
			isa = PBXGroup;
			children = (
				04249B37179E238800AE59D4 /* Supporting Files */,
			);
			path = GameSADLibMac;
			sourceTree = "<group>";
		};
		04249B37179E238800AE59D4 /* Supporting Files */ = {
			isa = PBXGroup;
			children = (
				04249B38179E238800AE59D4 /* GameSADLibMac-Prefix.pch */,
			);
			name = "Supporting Files";
			sourceTree = "<group>";
		};
		04249B50179E778000AE59D4 /* GameSADLib */ = {
			isa = PBXGroup;
			children = (
			);
			path = GameSADLib;
			sourceTree = "<group>";
		};
		04F0CB89179048BF00321D88 = {
			isa = PBXGroup;
			children = (
				04249B4D179E778000AE59D4 /* GameSAD.cpp */,
				04249B4E179E778000AE59D4 /* GameSAD.h */,
				04249B4F179E778000AE59D4 /* GameSADLib-Prefix.pch */,
				04249B50179E778000AE59D4 /* GameSADLib */,
				04249B2A179E22B300AE59D4 /* Editor */,
				04F0CB97179048BF00321D88 /* GameSADLib */,
				04249B36179E238800AE59D4 /* GameSADLibMac */,
				04F0CB94179048BF00321D88 /* Frameworks */,
				04F0CB93179048BF00321D88 /* Products */,
			);
			sourceTree = "<group>";
		};
		04F0CB93179048BF00321D88 /* Products */ = {
			isa = PBXGroup;
			children = (
				04F0CB92179048BF00321D88 /* libGameSADLib.a */,
				04249B2F179E238800AE59D4 /* libGameSADLibMac.a */,
			);
			name = Products;
			sourceTree = "<group>";
		};
		04F0CB94179048BF00321D88 /* Frameworks */ = {
			isa = PBXGroup;
			children = (
				04F0CB95179048BF00321D88 /* Foundation.framework */,
				04249B30179E238800AE59D4 /* Cocoa.framework */,
				04249B32179E238800AE59D4 /* Other Frameworks */,
			);
			name = Frameworks;
			sourceTree = "<group>";
		};
		04F0CB97179048BF00321D88 /* GameSADLib */ = {
			isa = PBXGroup;
			children = (
				04249B47179E756300AE59D4 /* Hero.cpp */,
				04249B48179E756300AE59D4 /* Hero.h */,
				04249B49179E756300AE59D4 /* IOSTcouchController.cpp */,
				04249B4A179E756300AE59D4 /* IOSTcouchController.h */,
				04249B24179E229000AE59D4 /* GameSADLevel.cpp */,
				04249B25179E229000AE59D4 /* GameSADLevel.h */,
			);
			path = GameSADLib;
			sourceTree = "<group>";
		};
/* End PBXGroup section */

/* Begin PBXHeadersBuildPhase section */
		04249B2D179E238800AE59D4 /* Headers */ = {
			isa = PBXHeadersBuildPhase;
			buildActionMask = 2147483647;
			files = (
			);
			runOnlyForDeploymentPostprocessing = 0;
		};
/* End PBXHeadersBuildPhase section */

/* Begin PBXNativeTarget section */
		04249B2E179E238800AE59D4 /* GameSADLibMac */ = {
			isa = PBXNativeTarget;
			buildConfigurationList = 04249B3C179E238800AE59D4 /* Build configuration list for PBXNativeTarget "GameSADLibMac" */;
			buildPhases = (
				04249B2B179E238800AE59D4 /* Sources */,
				04249B2C179E238800AE59D4 /* Frameworks */,
				04249B2D179E238800AE59D4 /* Headers */,
			);
			buildRules = (
			);
			dependencies = (
			);
			name = GameSADLibMac;
			productName = GameSADLibMac;
			productReference = 04249B2F179E238800AE59D4 /* libGameSADLibMac.a */;
			productType = "com.apple.product-type.library.static";
		};
		04F0CB91179048BF00321D88 /* GameSADLib */ = {
			isa = PBXNativeTarget;
			buildConfigurationList = 04F0CBA0179048BF00321D88 /* Build configuration list for PBXNativeTarget "GameSADLib" */;
			buildPhases = (
				04F0CB8E179048BF00321D88 /* Sources */,
				04F0CB8F179048BF00321D88 /* Frameworks */,
				04F0CB90179048BF00321D88 /* CopyFiles */,
			);
			buildRules = (
			);
			dependencies = (
			);
			name = GameSADLib;
			productName = GameSADLib;
			productReference = 04F0CB92179048BF00321D88 /* libGameSADLib.a */;
			productType = "com.apple.product-type.library.static";
		};
/* End PBXNativeTarget section */

/* Begin PBXProject section */
		04F0CB8A179048BF00321D88 /* Project object */ = {
			isa = PBXProject;
			attributes = {
				LastUpgradeCheck = 0460;
				ORGANIZATIONNAME = Fancyzero;
			};
			buildConfigurationList = 04F0CB8D179048BF00321D88 /* Build configuration list for PBXProject "GameSADLib" */;
			compatibilityVersion = "Xcode 3.2";
			developmentRegion = English;
			hasScannedForEncodings = 0;
			knownRegions = (
				en,
			);
			mainGroup = 04F0CB89179048BF00321D88;
			productRefGroup = 04F0CB93179048BF00321D88 /* Products */;
			projectDirPath = "";
			projectRoot = "";
			targets = (
				04F0CB91179048BF00321D88 /* GameSADLib */,
				04249B2E179E238800AE59D4 /* GameSADLibMac */,
			);
		};
/* End PBXProject section */

/* Begin PBXSourcesBuildPhase section */
		04249B2B179E238800AE59D4 /* Sources */ = {
			isa = PBXSourcesBuildPhase;
			buildActionMask = 2147483647;
			files = (
				04249B52179E79C800AE59D4 /* GameSAD.cpp in Sources */,
				04249B53179E79C800AE59D4 /* Hero.cpp in Sources */,
				04249B54179E79C800AE59D4 /* IOSTcouchController.cpp in Sources */,
				04249B3F179E24FF00AE59D4 /* GameSADEditorLevel.cpp in Sources */,
				04249B40179E24FF00AE59D4 /* GameSADEditor.cpp in Sources */,
				04249B41179E24FF00AE59D4 /* GameSADLevel.cpp in Sources */,
			);
			runOnlyForDeploymentPostprocessing = 0;
		};
		04F0CB8E179048BF00321D88 /* Sources */ = {
			isa = PBXSourcesBuildPhase;
			buildActionMask = 2147483647;
			files = (
				04249B23179E227C00AE59D4 /* GameSADEditor.cpp in Sources */,
				04249B26179E229000AE59D4 /* GameSADLevel.cpp in Sources */,
				04249B29179E22A500AE59D4 /* GameSADEditorLevel.cpp in Sources */,
				04249B4B179E756300AE59D4 /* Hero.cpp in Sources */,
				04249B4C179E756300AE59D4 /* IOSTcouchController.cpp in Sources */,
				04249B51179E778000AE59D4 /* GameSAD.cpp in Sources */,
			);
			runOnlyForDeploymentPostprocessing = 0;
		};
/* End PBXSourcesBuildPhase section */

/* Begin XCBuildConfiguration section */
		04249B3D179E238800AE59D4 /* Debug */ = {
			isa = XCBuildConfiguration;
			buildSettings = {
				ARCHS = "$(ARCHS_STANDARD_32_BIT)";
				FRAMEWORK_SEARCH_PATHS = (
					"$(inherited)",
					"\"$(SYSTEM_APPS_DIR)/Xcode.app/Contents/Developer/Library/Frameworks\"",
				);
				GCC_ENABLE_OBJC_EXCEPTIONS = YES;
				GCC_PRECOMPILE_PREFIX_HEADER = YES;
				GCC_PREFIX_HEADER = "GameSADLibMac/GameSADLibMac-Prefix.pch";
				GCC_PREPROCESSOR_DEFINITIONS = (
					"DEBUG=1",
					USE_FILE32API,
					CC_TARGET_OS_MAC,
					"COCOS2D_DEBUG=1",
					"CC_ENABLE_CHIPMUNK_INTEGRATION=0",
					"CC_ENABLE_BOX2D_INTEGRATION=1",
				);
				GCC_WARN_64_TO_32_BIT_CONVERSION = YES;
				HEADER_SEARCH_PATHS = (
					"$(SRCROOT)/../libs/CocosDenshion/include",
					"\"$(SRCROOT)/../libs/cocos2dx/kazmath/include\"",
					"\"$(SRCROOT)/../libs/extensions\"",
					"\"$(SRCROOT)/../libs/external\"",
					"\"$(SRCROOT)/../libs/cocos2dx\"",
					"\"$(SRCROOT)/../libs/cocos2dx/include\"",
					"\"$(SRCROOT)/../libs/cocos2dx/platform/mac\"",
					"\"$(SRCROOT)/../FEX",
				);
				MACOSX_DEPLOYMENT_TARGET = 10.8;
				PRODUCT_NAME = "$(TARGET_NAME)";
				SDKROOT = macosx;
			};
			name = Debug;
		};
		04249B3E179E238800AE59D4 /* Release */ = {
			isa = XCBuildConfiguration;
			buildSettings = {
				ARCHS = "$(ARCHS_STANDARD_32_BIT)";
				DEBUG_INFORMATION_FORMAT = "dwarf-with-dsym";
				FRAMEWORK_SEARCH_PATHS = (
					"$(inherited)",
					"\"$(SYSTEM_APPS_DIR)/Xcode.app/Contents/Developer/Library/Frameworks\"",
				);
				GCC_ENABLE_OBJC_EXCEPTIONS = YES;
				GCC_PRECOMPILE_PREFIX_HEADER = YES;
				GCC_PREFIX_HEADER = "GameSADLibMac/GameSADLibMac-Prefix.pch";
				GCC_PREPROCESSOR_DEFINITIONS = (
					NDEBUG,
					CC_TARGET_OS_MAC,
					"CC_ENABLE_CHIPMUNK_INTEGRATION=0",
					"CC_ENABLE_BOX2D_INTEGRATION=1",
				);
				GCC_WARN_64_TO_32_BIT_CONVERSION = YES;
				HEADER_SEARCH_PATHS = (
					"$(SRCROOT)/../libs/CocosDenshion/include",
					"\"$(SRCROOT)/../libs/cocos2dx/kazmath/include\"",
					"\"$(SRCROOT)/../libs/extensions\"",
					"\"$(SRCROOT)/../libs/external\"",
					"\"$(SRCROOT)/../libs/cocos2dx\"",
					"\"$(SRCROOT)/../libs/cocos2dx/include\"",
					"\"$(SRCROOT)/../libs/cocos2dx/platform/mac\"",
					"\"$(SRCROOT)/../FEX",
				);
				MACOSX_DEPLOYMENT_TARGET = 10.8;
				PRODUCT_NAME = "$(TARGET_NAME)";
				SDKROOT = macosx;
			};
			name = Release;
		};
		04F0CB9E179048BF00321D88 /* Debug */ = {
			isa = XCBuildConfiguration;
			buildSettings = {
				ALWAYS_SEARCH_USER_PATHS = NO;
				CLANG_CXX_LANGUAGE_STANDARD = "gnu++0x";
				CLANG_CXX_LIBRARY = "libc++";
				CLANG_WARN_CONSTANT_CONVERSION = YES;
				CLANG_WARN_EMPTY_BODY = YES;
				CLANG_WARN_ENUM_CONVERSION = YES;
				CLANG_WARN_INT_CONVERSION = YES;
				CLANG_WARN__DUPLICATE_METHOD_MATCH = YES;
				COPY_PHASE_STRIP = NO;
				GCC_C_LANGUAGE_STANDARD = gnu99;
				GCC_DYNAMIC_NO_PIC = NO;
				GCC_OPTIMIZATION_LEVEL = 0;
				GCC_PREPROCESSOR_DEFINITIONS = "DEBUG=1";
				GCC_SYMBOLS_PRIVATE_EXTERN = NO;
				GCC_WARN_ABOUT_RETURN_TYPE = YES;
				GCC_WARN_UNINITIALIZED_AUTOS = YES;
				GCC_WARN_UNUSED_VARIABLE = YES;
				IPHONEOS_DEPLOYMENT_TARGET = 6.1;
				ONLY_ACTIVE_ARCH = YES;
				SDKROOT = iphoneos;
			};
			name = Debug;
		};
		04F0CB9F179048BF00321D88 /* Release */ = {
			isa = XCBuildConfiguration;
			buildSettings = {
				ALWAYS_SEARCH_USER_PATHS = NO;
				CLANG_CXX_LANGUAGE_STANDARD = "gnu++0x";
				CLANG_CXX_LIBRARY = "libc++";
				CLANG_WARN_CONSTANT_CONVERSION = YES;
				CLANG_WARN_EMPTY_BODY = YES;
				CLANG_WARN_ENUM_CONVERSION = YES;
				CLANG_WARN_INT_CONVERSION = YES;
				CLANG_WARN__DUPLICATE_METHOD_MATCH = YES;
				COPY_PHASE_STRIP = YES;
				GCC_C_LANGUAGE_STANDARD = gnu99;
				GCC_WARN_ABOUT_RETURN_TYPE = YES;
				GCC_WARN_UNINITIALIZED_AUTOS = YES;
				GCC_WARN_UNUSED_VARIABLE = YES;
				IPHONEOS_DEPLOYMENT_TARGET = 6.1;
				SDKROOT = iphoneos;
				VALIDATE_PRODUCT = YES;
			};
			name = Release;
		};
		04F0CBA1179048BF00321D88 /* Debug */ = {
			isa = XCBuildConfiguration;
			buildSettings = {
				DSTROOT = /tmp/GameSADLib.dst;
				GCC_PRECOMPILE_PREFIX_HEADER = YES;
				GCC_PREFIX_HEADER = "GameSADLib/GameSADLib-Prefix.pch";
				HEADER_SEARCH_PATHS = (
					"\"../libs/cocos2dx/kazmath/include\"",
					"\"../libs/cocos2dx\"",
					"\"../libs/CocosDenshion/include\"",
					"\"../libs/extensions\"",
					"\"../libs/cocos2dx/include\"",
					"\"../libs/cocos2dx/platform/third_party/ios\"",
					"\"../libs/cocos2dx/platform/ios\"",
					"\"../libs/external\"",
					../FEX,
				);
				OTHER_LDFLAGS = "-ObjC";
				PRODUCT_NAME = "$(TARGET_NAME)";
				SKIP_INSTALL = YES;
			};
			name = Debug;
		};
		04F0CBA2179048BF00321D88 /* Release */ = {
			isa = XCBuildConfiguration;
			buildSettings = {
				DSTROOT = /tmp/GameSADLib.dst;
				GCC_PRECOMPILE_PREFIX_HEADER = YES;
				GCC_PREFIX_HEADER = "GameSADLib/GameSADLib-Prefix.pch";
				HEADER_SEARCH_PATHS = (
					"\"../libs/cocos2dx/kazmath/include\"",
					"\"../libs/cocos2dx\"",
					"\"../libs/CocosDenshion/include\"",
					"\"../libs/extensions\"",
					"\"../libs/cocos2dx/include\"",
					"\"../libs/cocos2dx/platform/third_party/ios\"",
					"\"../libs/cocos2dx/platform/ios\"",
					"\"../libs/external\"",
					../FEX,
				);
				OTHER_LDFLAGS = "-ObjC";
				PRODUCT_NAME = "$(TARGET_NAME)";
				SKIP_INSTALL = YES;
			};
			name = Release;
		};
/* End XCBuildConfiguration section */

/* Begin XCConfigurationList section */
		04249B3C179E238800AE59D4 /* Build configuration list for PBXNativeTarget "GameSADLibMac" */ = {
			isa = XCConfigurationList;
			buildConfigurations = (
				04249B3D179E238800AE59D4 /* Debug */,
				04249B3E179E238800AE59D4 /* Release */,
			);
			defaultConfigurationIsVisible = 0;
		};
		04F0CB8D179048BF00321D88 /* Build configuration list for PBXProject "GameSADLib" */ = {
			isa = XCConfigurationList;
			buildConfigurations = (
				04F0CB9E179048BF00321D88 /* Debug */,
				04F0CB9F179048BF00321D88 /* Release */,
			);
			defaultConfigurationIsVisible = 0;
			defaultConfigurationName = Release;
		};
		04F0CBA0179048BF00321D88 /* Build configuration list for PBXNativeTarget "GameSADLib" */ = {
			isa = XCConfigurationList;
			buildConfigurations = (
				04F0CBA1179048BF00321D88 /* Debug */,
				04F0CBA2179048BF00321D88 /* Release */,
			);
			defaultConfigurationIsVisible = 0;
			defaultConfigurationName = Release;
		};
/* End XCConfigurationList section */
	};
	rootObject = 04F0CB8A179048BF00321D88 /* Project object */;
}
