// !$*UTF8*$!
{
	archiveVersion = 1;
	classes = {
	};
	objectVersion = 46;
	objects = {

/* Begin PBXBuildFile section */
		0405DC5017A8049C008DD5B9 /* libpython2.7-mac.a in Frameworks */ = {isa = PBXBuildFile; fileRef = 0405DC4F17A8049C008DD5B9 /* libpython2.7-mac.a */; };
		041AB51317AB4DDE00181E05 /* python in Resources */ = {isa = PBXBuildFile; fileRef = 041AB51217AB4DDE00181E05 /* python */; };
		041CA87D178EFEE50030FBCB /* libBox2D.a in Frameworks */ = {isa = PBXBuildFile; fileRef = 041CA879178EFEE50030FBCB /* libBox2D.a */; };
		041CA87E178EFEE50030FBCB /* libcocos2dx.a in Frameworks */ = {isa = PBXBuildFile; fileRef = 041CA87A178EFEE50030FBCB /* libcocos2dx.a */; };
		041CA87F178EFEE50030FBCB /* libCocosDenshion.a in Frameworks */ = {isa = PBXBuildFile; fileRef = 041CA87B178EFEE50030FBCB /* libCocosDenshion.a */; };
		044332FA17AE13F4007EF907 /* DataSources.mm in Sources */ = {isa = PBXBuildFile; fileRef = 044332F917AE13F4007EF907 /* DataSources.mm */; };
		045FF181178926D9007A338D /* AppDelegate.cpp in Sources */ = {isa = PBXBuildFile; fileRef = 045FF17D178926D9007A338D /* AppDelegate.cpp */; };
		04936B8517B62B8E00571FE7 /* libGameSADLibMac.a in Frameworks */ = {isa = PBXBuildFile; fileRef = 04936B8417B62B8D00571FE7 /* libGameSADLibMac.a */; };
		04936B8717B62B9300571FE7 /* libFEXMac.a in Frameworks */ = {isa = PBXBuildFile; fileRef = 04936B8617B62B9300571FE7 /* libFEXMac.a */; };
		04A88A9917AD3B4200DFD42F /* sfx in Resources */ = {isa = PBXBuildFile; fileRef = 04A88A9017AD3B4200DFD42F /* sfx */; };
		04A88A9A17AD3B4200DFD42F /* shaders in Resources */ = {isa = PBXBuildFile; fileRef = 04A88A9117AD3B4200DFD42F /* shaders */; };
		04A88A9B17AD3B4200DFD42F /* sprite_components in Resources */ = {isa = PBXBuildFile; fileRef = 04A88A9217AD3B4200DFD42F /* sprite_components */; };
		04A88A9C17AD3B4200DFD42F /* sprites in Resources */ = {isa = PBXBuildFile; fileRef = 04A88A9317AD3B4200DFD42F /* sprites */; };
		04A88A9D17AD3B4200DFD42F /* fonts in Resources */ = {isa = PBXBuildFile; fileRef = 04A88A9417AD3B4200DFD42F /* fonts */; };
		04A88A9E17AD3B4200DFD42F /* levels in Resources */ = {isa = PBXBuildFile; fileRef = 04A88A9517AD3B4200DFD42F /* levels */; };
		04A88A9F17AD3B4200DFD42F /* particles in Resources */ = {isa = PBXBuildFile; fileRef = 04A88A9617AD3B4200DFD42F /* particles */; };
		04A88AA017AD3B4200DFD42F /* pdb in Resources */ = {isa = PBXBuildFile; fileRef = 04A88A9717AD3B4200DFD42F /* pdb */; };
		04A88AA117AD3B4200DFD42F /* pic in Resources */ = {isa = PBXBuildFile; fileRef = 04A88A9817AD3B4200DFD42F /* pic */; };
		15C64823165F391E007D4F18 /* Cocoa.framework in Frameworks */ = {isa = PBXBuildFile; fileRef = 15C64822165F391E007D4F18 /* Cocoa.framework */; };
		15C64825165F3934007D4F18 /* OpenGL.framework in Frameworks */ = {isa = PBXBuildFile; fileRef = 15C64824165F3934007D4F18 /* OpenGL.framework */; };
		15C64827165F394E007D4F18 /* QuartzCore.framework in Frameworks */ = {isa = PBXBuildFile; fileRef = 15C64826165F394E007D4F18 /* QuartzCore.framework */; };
		15C64829165F396B007D4F18 /* OpenAL.framework in Frameworks */ = {isa = PBXBuildFile; fileRef = 15C64828165F396B007D4F18 /* OpenAL.framework */; };
		15C6482B165F3979007D4F18 /* ApplicationServices.framework in Frameworks */ = {isa = PBXBuildFile; fileRef = 15C6482A165F3979007D4F18 /* ApplicationServices.framework */; };
		15C6482D165F3988007D4F18 /* AudioToolbox.framework in Frameworks */ = {isa = PBXBuildFile; fileRef = 15C6482C165F3988007D4F18 /* AudioToolbox.framework */; };
		15C6482F165F399D007D4F18 /* libz.dylib in Frameworks */ = {isa = PBXBuildFile; fileRef = 15C6482E165F399D007D4F18 /* libz.dylib */; };
		15C64831165F39AB007D4F18 /* libxml2.dylib in Frameworks */ = {isa = PBXBuildFile; fileRef = 15C64830165F39AB007D4F18 /* libxml2.dylib */; };
		15C64833165F3AFD007D4F18 /* Foundation.framework in Frameworks */ = {isa = PBXBuildFile; fileRef = 15C64832165F3AFD007D4F18 /* Foundation.framework */; };
		41BC70E415BF81A5006A0A6C /* AppController.mm in Sources */ = {isa = PBXBuildFile; fileRef = 41BC70DA15BF81A5006A0A6C /* AppController.mm */; };
		41BC70E515BF81A5006A0A6C /* InfoPlist.strings in Resources */ = {isa = PBXBuildFile; fileRef = 41BC70DC15BF81A5006A0A6C /* InfoPlist.strings */; };
		41BC70E615BF81A5006A0A6C /* MainMenu.xib in Resources */ = {isa = PBXBuildFile; fileRef = 41BC70DE15BF81A5006A0A6C /* MainMenu.xib */; };
		41BC70E715BF81A5006A0A6C /* Icon.icns in Resources */ = {isa = PBXBuildFile; fileRef = 41BC70E015BF81A5006A0A6C /* Icon.icns */; };
		41BC70E815BF81A5006A0A6C /* main.m in Sources */ = {isa = PBXBuildFile; fileRef = 41BC70E115BF81A5006A0A6C /* main.m */; };
/* End PBXBuildFile section */

/* Begin PBXFileReference section */
		0405DC4F17A8049C008DD5B9 /* libpython2.7-mac.a */ = {isa = PBXFileReference; lastKnownFileType = archive.ar; name = "libpython2.7-mac.a"; path = "../libs/python2.7/libs/libpython2.7-mac.a"; sourceTree = "<group>"; };
		041AB51217AB4DDE00181E05 /* python */ = {isa = PBXFileReference; lastKnownFileType = folder; name = python; path = ../GameSADLib/Resources/python; sourceTree = "<group>"; };
		041CA879178EFEE50030FBCB /* libBox2D.a */ = {isa = PBXFileReference; explicitFileType = archive.ar; name = libBox2D.a; path = ../../../../../../../../dev/FEX/libs/external/Box2D/proj.mac/build/Release/libBox2D.a; sourceTree = BUILT_PRODUCTS_DIR; };
		041CA87A178EFEE50030FBCB /* libcocos2dx.a */ = {isa = PBXFileReference; lastKnownFileType = archive.ar; name = libcocos2dx.a; path = "../../../Library/Developer/Xcode/DerivedData/FEXMacWorkspace-dflqantggihhcrbvstfjzqrdkjos/Build/Products/Debug/libcocos2dx.a"; sourceTree = "<group>"; };
		041CA87B178EFEE50030FBCB /* libCocosDenshion.a */ = {isa = PBXFileReference; lastKnownFileType = archive.ar; name = libCocosDenshion.a; path = ../libs/CocosDenshion/proj.mac/build/Release/libCocosDenshion.a; sourceTree = "<group>"; };
		044332F817AE13F4007EF907 /* DataSources.h */ = {isa = PBXFileReference; fileEncoding = 4; lastKnownFileType = sourcecode.c.h; name = DataSources.h; path = Classes/DataSources.h; sourceTree = SOURCE_ROOT; };
		044332F917AE13F4007EF907 /* DataSources.mm */ = {isa = PBXFileReference; fileEncoding = 4; lastKnownFileType = sourcecode.cpp.objcpp; name = DataSources.mm; path = Classes/DataSources.mm; sourceTree = SOURCE_ROOT; };
		045FF17D178926D9007A338D /* AppDelegate.cpp */ = {isa = PBXFileReference; fileEncoding = 4; lastKnownFileType = sourcecode.cpp.cpp; path = AppDelegate.cpp; sourceTree = "<group>"; };
		045FF17E178926D9007A338D /* AppDelegate.h */ = {isa = PBXFileReference; fileEncoding = 4; lastKnownFileType = sourcecode.c.h; path = AppDelegate.h; sourceTree = "<group>"; };
		04936B8417B62B8D00571FE7 /* libGameSADLibMac.a */ = {isa = PBXFileReference; lastKnownFileType = archive.ar; name = libGameSADLibMac.a; path = "../../../Library/Developer/Xcode/DerivedData/FEXMacWorkspace-dflqantggihhcrbvstfjzqrdkjos/Build/Products/Debug/libGameSADLibMac.a"; sourceTree = "<group>"; };
		04936B8617B62B9300571FE7 /* libFEXMac.a */ = {isa = PBXFileReference; lastKnownFileType = archive.ar; name = libFEXMac.a; path = "../../../Library/Developer/Xcode/DerivedData/FEXMacWorkspace-dflqantggihhcrbvstfjzqrdkjos/Build/Products/Debug/libFEXMac.a"; sourceTree = "<group>"; };
		04A88A9017AD3B4200DFD42F /* sfx */ = {isa = PBXFileReference; lastKnownFileType = folder; name = sfx; path = ../GameSADLib/Resources/sfx; sourceTree = "<group>"; };
		04A88A9117AD3B4200DFD42F /* shaders */ = {isa = PBXFileReference; lastKnownFileType = folder; name = shaders; path = ../GameSADLib/Resources/shaders; sourceTree = "<group>"; };
		04A88A9217AD3B4200DFD42F /* sprite_components */ = {isa = PBXFileReference; lastKnownFileType = folder; name = sprite_components; path = ../GameSADLib/Resources/sprite_components; sourceTree = "<group>"; };
		04A88A9317AD3B4200DFD42F /* sprites */ = {isa = PBXFileReference; lastKnownFileType = folder; name = sprites; path = ../GameSADLib/Resources/sprites; sourceTree = "<group>"; };
		04A88A9417AD3B4200DFD42F /* fonts */ = {isa = PBXFileReference; lastKnownFileType = folder; name = fonts; path = ../GameSADLib/Resources/fonts; sourceTree = "<group>"; };
		04A88A9517AD3B4200DFD42F /* levels */ = {isa = PBXFileReference; lastKnownFileType = folder; name = levels; path = ../GameSADLib/Resources/levels; sourceTree = "<group>"; };
		04A88A9617AD3B4200DFD42F /* particles */ = {isa = PBXFileReference; lastKnownFileType = folder; name = particles; path = ../GameSADLib/Resources/particles; sourceTree = "<group>"; };
		04A88A9717AD3B4200DFD42F /* pdb */ = {isa = PBXFileReference; lastKnownFileType = folder; name = pdb; path = ../GameSADLib/Resources/pdb; sourceTree = "<group>"; };
		04A88A9817AD3B4200DFD42F /* pic */ = {isa = PBXFileReference; lastKnownFileType = folder; name = pic; path = ../GameSADLib/Resources/pic; sourceTree = "<group>"; };
		15C64822165F391E007D4F18 /* Cocoa.framework */ = {isa = PBXFileReference; lastKnownFileType = wrapper.framework; name = Cocoa.framework; path = Platforms/MacOSX.platform/Developer/SDKs/MacOSX10.8.sdk/System/Library/Frameworks/Cocoa.framework; sourceTree = DEVELOPER_DIR; };
		15C64824165F3934007D4F18 /* OpenGL.framework */ = {isa = PBXFileReference; lastKnownFileType = wrapper.framework; name = OpenGL.framework; path = Platforms/MacOSX.platform/Developer/SDKs/MacOSX10.8.sdk/System/Library/Frameworks/OpenGL.framework; sourceTree = DEVELOPER_DIR; };
		15C64826165F394E007D4F18 /* QuartzCore.framework */ = {isa = PBXFileReference; lastKnownFileType = wrapper.framework; name = QuartzCore.framework; path = Platforms/MacOSX.platform/Developer/SDKs/MacOSX10.8.sdk/System/Library/Frameworks/QuartzCore.framework; sourceTree = DEVELOPER_DIR; };
		15C64828165F396B007D4F18 /* OpenAL.framework */ = {isa = PBXFileReference; lastKnownFileType = wrapper.framework; name = OpenAL.framework; path = Platforms/MacOSX.platform/Developer/SDKs/MacOSX10.8.sdk/System/Library/Frameworks/OpenAL.framework; sourceTree = DEVELOPER_DIR; };
		15C6482A165F3979007D4F18 /* ApplicationServices.framework */ = {isa = PBXFileReference; lastKnownFileType = wrapper.framework; name = ApplicationServices.framework; path = Platforms/MacOSX.platform/Developer/SDKs/MacOSX10.8.sdk/System/Library/Frameworks/ApplicationServices.framework; sourceTree = DEVELOPER_DIR; };
		15C6482C165F3988007D4F18 /* AudioToolbox.framework */ = {isa = PBXFileReference; lastKnownFileType = wrapper.framework; name = AudioToolbox.framework; path = Platforms/MacOSX.platform/Developer/SDKs/MacOSX10.8.sdk/System/Library/Frameworks/AudioToolbox.framework; sourceTree = DEVELOPER_DIR; };
		15C6482E165F399D007D4F18 /* libz.dylib */ = {isa = PBXFileReference; lastKnownFileType = "compiled.mach-o.dylib"; name = libz.dylib; path = Platforms/MacOSX.platform/Developer/SDKs/MacOSX10.8.sdk/usr/lib/libz.dylib; sourceTree = DEVELOPER_DIR; };
		15C64830165F39AB007D4F18 /* libxml2.dylib */ = {isa = PBXFileReference; lastKnownFileType = "compiled.mach-o.dylib"; name = libxml2.dylib; path = Platforms/MacOSX.platform/Developer/SDKs/MacOSX10.8.sdk/usr/lib/libxml2.dylib; sourceTree = DEVELOPER_DIR; };
		15C64832165F3AFD007D4F18 /* Foundation.framework */ = {isa = PBXFileReference; lastKnownFileType = wrapper.framework; name = Foundation.framework; path = Platforms/MacOSX.platform/Developer/SDKs/MacOSX10.8.sdk/System/Library/Frameworks/Foundation.framework; sourceTree = DEVELOPER_DIR; };
		15C6498616633E65007D4F18 /* libcurl.a */ = {isa = PBXFileReference; lastKnownFileType = archive.ar; name = libcurl.a; path = ../../cocos2dx/platform/third_party/ios/libraries/libcurl.a; sourceTree = "<group>"; };
		1D6058910D05DD3D006BFB54 /* Editor.app */ = {isa = PBXFileReference; explicitFileType = wrapper.application; includeInIndex = 0; path = Editor.app; sourceTree = BUILT_PRODUCTS_DIR; };
		41BC70D915BF81A5006A0A6C /* AppController.h */ = {isa = PBXFileReference; fileEncoding = 4; lastKnownFileType = sourcecode.c.h; path = AppController.h; sourceTree = SOURCE_ROOT; };
		41BC70DA15BF81A5006A0A6C /* AppController.mm */ = {isa = PBXFileReference; fileEncoding = 4; lastKnownFileType = sourcecode.cpp.objcpp; path = AppController.mm; sourceTree = SOURCE_ROOT; };
		41BC70DD15BF81A5006A0A6C /* en */ = {isa = PBXFileReference; lastKnownFileType = text.plist.strings; name = en; path = InfoPlist.strings; sourceTree = "<group>"; };
		41BC70DF15BF81A5006A0A6C /* en */ = {isa = PBXFileReference; lastKnownFileType = file.xib; name = en; path = MainMenu.xib; sourceTree = "<group>"; };
		41BC70E015BF81A5006A0A6C /* Icon.icns */ = {isa = PBXFileReference; lastKnownFileType = image.icns; path = Icon.icns; sourceTree = SOURCE_ROOT; };
		41BC70E115BF81A5006A0A6C /* main.m */ = {isa = PBXFileReference; fileEncoding = 4; lastKnownFileType = sourcecode.c.objc; path = main.m; sourceTree = SOURCE_ROOT; };
		41BC70E215BF81A5006A0A6C /* Info.plist */ = {isa = PBXFileReference; fileEncoding = 4; lastKnownFileType = text.plist.xml; path = Info.plist; sourceTree = SOURCE_ROOT; };
		41BC70E315BF81A5006A0A6C /* Prefix.pch */ = {isa = PBXFileReference; fileEncoding = 4; lastKnownFileType = sourcecode.c.h; path = Prefix.pch; sourceTree = SOURCE_ROOT; };
/* End PBXFileReference section */

/* Begin PBXFrameworksBuildPhase section */
		1D60588F0D05DD3D006BFB54 /* Frameworks */ = {
			isa = PBXFrameworksBuildPhase;
			buildActionMask = 2147483647;
			files = (
				0405DC5017A8049C008DD5B9 /* libpython2.7-mac.a in Frameworks */,
				04936B8517B62B8E00571FE7 /* libGameSADLibMac.a in Frameworks */,
				04936B8717B62B9300571FE7 /* libFEXMac.a in Frameworks */,
				041CA87D178EFEE50030FBCB /* libBox2D.a in Frameworks */,
				041CA87E178EFEE50030FBCB /* libcocos2dx.a in Frameworks */,
				041CA87F178EFEE50030FBCB /* libCocosDenshion.a in Frameworks */,
				15C64833165F3AFD007D4F18 /* Foundation.framework in Frameworks */,
				15C64831165F39AB007D4F18 /* libxml2.dylib in Frameworks */,
				15C6482F165F399D007D4F18 /* libz.dylib in Frameworks */,
				15C6482D165F3988007D4F18 /* AudioToolbox.framework in Frameworks */,
				15C6482B165F3979007D4F18 /* ApplicationServices.framework in Frameworks */,
				15C64829165F396B007D4F18 /* OpenAL.framework in Frameworks */,
				15C64827165F394E007D4F18 /* QuartzCore.framework in Frameworks */,
				15C64825165F3934007D4F18 /* OpenGL.framework in Frameworks */,
				15C64823165F391E007D4F18 /* Cocoa.framework in Frameworks */,
			);
			runOnlyForDeploymentPostprocessing = 0;
		};
/* End PBXFrameworksBuildPhase section */

/* Begin PBXGroup section */
		041AB51117AB4DC800181E05 /* Res */ = {
			isa = PBXGroup;
			children = (
				04A88A9017AD3B4200DFD42F /* sfx */,
				04A88A9117AD3B4200DFD42F /* shaders */,
				04A88A9217AD3B4200DFD42F /* sprite_components */,
				04A88A9317AD3B4200DFD42F /* sprites */,
				04A88A9417AD3B4200DFD42F /* fonts */,
				04A88A9517AD3B4200DFD42F /* levels */,
				04A88A9617AD3B4200DFD42F /* particles */,
				04A88A9717AD3B4200DFD42F /* pdb */,
				04A88A9817AD3B4200DFD42F /* pic */,
				041AB51217AB4DDE00181E05 /* python */,
			);
			name = Res;
			sourceTree = "<group>";
		};
		045FF17C178926D9007A338D /* Classes */ = {
			isa = PBXGroup;
			children = (
				045FF17D178926D9007A338D /* AppDelegate.cpp */,
				045FF17E178926D9007A338D /* AppDelegate.h */,
			);
			path = Classes;
			sourceTree = "<group>";
		};
		19C28FACFE9D520D11CA2CBB /* Products */ = {
			isa = PBXGroup;
			children = (
				1D6058910D05DD3D006BFB54 /* Editor.app */,
			);
			name = Products;
			sourceTree = "<group>";
		};
		29B97314FDCFA39411CA2CEA /* CustomTemplate */ = {
			isa = PBXGroup;
			children = (
				04936B8617B62B9300571FE7 /* libFEXMac.a */,
				04936B8417B62B8D00571FE7 /* libGameSADLibMac.a */,
				041AB51117AB4DC800181E05 /* Res */,
				0405DC4F17A8049C008DD5B9 /* libpython2.7-mac.a */,
				041CA879178EFEE50030FBCB /* libBox2D.a */,
				041CA87A178EFEE50030FBCB /* libcocos2dx.a */,
				041CA87B178EFEE50030FBCB /* libCocosDenshion.a */,
				045FF17C178926D9007A338D /* Classes */,
				29B97323FDCFA39411CA2CEA /* Frameworks */,
				41BC70D815BF818D006A0A6C /* mac */,
				19C28FACFE9D520D11CA2CBB /* Products */,
			);
			name = CustomTemplate;
			sourceTree = "<group>";
		};
		29B97323FDCFA39411CA2CEA /* Frameworks */ = {
			isa = PBXGroup;
			children = (
				15C6498616633E65007D4F18 /* libcurl.a */,
				15C64830165F39AB007D4F18 /* libxml2.dylib */,
				15C6482E165F399D007D4F18 /* libz.dylib */,
				15C6482C165F3988007D4F18 /* AudioToolbox.framework */,
				15C6482A165F3979007D4F18 /* ApplicationServices.framework */,
				15C64828165F396B007D4F18 /* OpenAL.framework */,
				15C64826165F394E007D4F18 /* QuartzCore.framework */,
				15C64824165F3934007D4F18 /* OpenGL.framework */,
				15C64822165F391E007D4F18 /* Cocoa.framework */,
				15C64832165F3AFD007D4F18 /* Foundation.framework */,
			);
			name = Frameworks;
			sourceTree = "<group>";
		};
		41BC70D815BF818D006A0A6C /* mac */ = {
			isa = PBXGroup;
			children = (
				41BC70D915BF81A5006A0A6C /* AppController.h */,
				41BC70DA15BF81A5006A0A6C /* AppController.mm */,
				41BC70DB15BF81A5006A0A6C /* en.lproj */,
				41BC70E015BF81A5006A0A6C /* Icon.icns */,
				41BC70E115BF81A5006A0A6C /* main.m */,
				41BC70E215BF81A5006A0A6C /* Info.plist */,
				41BC70E315BF81A5006A0A6C /* Prefix.pch */,
				044332F817AE13F4007EF907 /* DataSources.h */,
				044332F917AE13F4007EF907 /* DataSources.mm */,
			);
			name = mac;
			path = ../Resources;
			sourceTree = "<group>";
		};
		41BC70DB15BF81A5006A0A6C /* en.lproj */ = {
			isa = PBXGroup;
			children = (
				41BC70DC15BF81A5006A0A6C /* InfoPlist.strings */,
				41BC70DE15BF81A5006A0A6C /* MainMenu.xib */,
			);
			path = en.lproj;
			sourceTree = SOURCE_ROOT;
		};
/* End PBXGroup section */

/* Begin PBXNativeTarget section */
		1D6058900D05DD3D006BFB54 /* Editor */ = {
			isa = PBXNativeTarget;
			buildConfigurationList = 1D6058960D05DD3E006BFB54 /* Build configuration list for PBXNativeTarget "Editor" */;
			buildPhases = (
				1D60588D0D05DD3D006BFB54 /* Resources */,
				1D60588E0D05DD3D006BFB54 /* Sources */,
				1D60588F0D05DD3D006BFB54 /* Frameworks */,
			);
			buildRules = (
			);
			dependencies = (
			);
			name = Editor;
			productName = iphone;
			productReference = 1D6058910D05DD3D006BFB54 /* Editor.app */;
			productType = "com.apple.product-type.application";
		};
/* End PBXNativeTarget section */

/* Begin PBXProject section */
		29B97313FDCFA39411CA2CEA /* Project object */ = {
			isa = PBXProject;
			attributes = {
				LastUpgradeCheck = 0430;
			};
			buildConfigurationList = C01FCF4E08A954540054247B /* Build configuration list for PBXProject "Editor" */;
			compatibilityVersion = "Xcode 3.2";
			developmentRegion = English;
			hasScannedForEncodings = 1;
			knownRegions = (
				English,
				Japanese,
				French,
				German,
				en,
			);
			mainGroup = 29B97314FDCFA39411CA2CEA /* CustomTemplate */;
			projectDirPath = "";
			projectRoot = "";
			targets = (
				1D6058900D05DD3D006BFB54 /* Editor */,
			);
		};
/* End PBXProject section */

/* Begin PBXResourcesBuildPhase section */
		1D60588D0D05DD3D006BFB54 /* Resources */ = {
			isa = PBXResourcesBuildPhase;
			buildActionMask = 2147483647;
			files = (
				41BC70E515BF81A5006A0A6C /* InfoPlist.strings in Resources */,
				41BC70E615BF81A5006A0A6C /* MainMenu.xib in Resources */,
				41BC70E715BF81A5006A0A6C /* Icon.icns in Resources */,
				041AB51317AB4DDE00181E05 /* python in Resources */,
				04A88A9917AD3B4200DFD42F /* sfx in Resources */,
				04A88A9A17AD3B4200DFD42F /* shaders in Resources */,
				04A88A9B17AD3B4200DFD42F /* sprite_components in Resources */,
				04A88A9C17AD3B4200DFD42F /* sprites in Resources */,
				04A88A9D17AD3B4200DFD42F /* fonts in Resources */,
				04A88A9E17AD3B4200DFD42F /* levels in Resources */,
				04A88A9F17AD3B4200DFD42F /* particles in Resources */,
				04A88AA017AD3B4200DFD42F /* pdb in Resources */,
				04A88AA117AD3B4200DFD42F /* pic in Resources */,
			);
			runOnlyForDeploymentPostprocessing = 0;
		};
/* End PBXResourcesBuildPhase section */

/* Begin PBXSourcesBuildPhase section */
		1D60588E0D05DD3D006BFB54 /* Sources */ = {
			isa = PBXSourcesBuildPhase;
			buildActionMask = 2147483647;
			files = (
				41BC70E415BF81A5006A0A6C /* AppController.mm in Sources */,
				41BC70E815BF81A5006A0A6C /* main.m in Sources */,
				045FF181178926D9007A338D /* AppDelegate.cpp in Sources */,
				044332FA17AE13F4007EF907 /* DataSources.mm in Sources */,
			);
			runOnlyForDeploymentPostprocessing = 0;
		};
/* End PBXSourcesBuildPhase section */

/* Begin PBXVariantGroup section */
		41BC70DC15BF81A5006A0A6C /* InfoPlist.strings */ = {
			isa = PBXVariantGroup;
			children = (
				41BC70DD15BF81A5006A0A6C /* en */,
			);
			name = InfoPlist.strings;
			sourceTree = "<group>";
		};
		41BC70DE15BF81A5006A0A6C /* MainMenu.xib */ = {
			isa = PBXVariantGroup;
			children = (
				41BC70DF15BF81A5006A0A6C /* en */,
			);
			name = MainMenu.xib;
			sourceTree = "<group>";
		};
/* End PBXVariantGroup section */

/* Begin XCBuildConfiguration section */
		1D6058940D05DD3E006BFB54 /* Debug */ = {
			isa = XCBuildConfiguration;
			buildSettings = {
				ALWAYS_SEARCH_USER_PATHS = NO;
				ARCHS = "$(ARCHS_STANDARD_32_BIT)";
				CLANG_CXX_LANGUAGE_STANDARD = "c++0x";
				CLANG_CXX_LIBRARY = "libc++";
				CODE_SIGN_IDENTITY = "";
				"CODE_SIGN_IDENTITY[sdk=iphoneos*]" = "";
				COPY_PHASE_STRIP = NO;
				GCC_DYNAMIC_NO_PIC = NO;
				GCC_INLINES_ARE_PRIVATE_EXTERN = NO;
				GCC_OPTIMIZATION_LEVEL = 0;
				GCC_PRECOMPILE_PREFIX_HEADER = YES;
				GCC_PREFIX_HEADER = Prefix.pch;
				GCC_PREPROCESSOR_DEFINITIONS = (
					USE_FILE32API,
					CC_TARGET_OS_MAC,
					"COCOS2D_DEBUG=1",
					"CC_ENABLE_CHIPMUNK_INTEGRATION=0",
					"CC_ENABLE_BOX2D_INTEGRATION=1",
				);
				GCC_SYMBOLS_PRIVATE_EXTERN = NO;
				GCC_VERSION = "";
				HEADER_SEARCH_PATHS = (
					"$(SRCROOT)/../libs/CocosDenshion/include",
					"\"$(SRCROOT)/../libs/cocos2dx/kazmath/include\"",
					"\"$(SRCROOT)/../libs/extensions\"",
					"\"$(SRCROOT)/../libs/external\"",
					"\"$(SRCROOT)/../libs/cocos2dx\"",
					"\"$(SRCROOT)/../libs/cocos2dx/include\"",
					"\"$(SRCROOT)/../libs/cocos2dx/platform/mac\"",
					"\"$(SRCROOT)/../FEX\"",
					"\"$(SRCROOT)/../GameSADLib\"",
				);
				INFOPLIST_FILE = Info.plist;
				LIBRARY_SEARCH_PATHS = (
					"\"$(SRCROOT)/../libs/python2.7/libs\"",
					"\"/Users/fancyzero/Library/Developer/Xcode/DerivedData/FEXMacWorkspace-dflqantggihhcrbvstfjzqrdkjos/Build/Products/Debug\"",
					"\"$(SRCROOT)/../../../Library/Developer/Xcode/DerivedData/FEXMacWorkspace-dflqantggihhcrbvstfjzqrdkjos/Build/Products/Debug\"",
				);
				MACOSX_DEPLOYMENT_TARGET = 10.7;
				ONLY_ACTIVE_ARCH = YES;
				OTHER_CFLAGS = "-O2";
				PRODUCT_NAME = Editor;
				SDKROOT = macosx;
				USER_HEADER_SEARCH_PATHS = "";
				VALID_ARCHS = "i386 x86_64";
			};
			name = Debug;
		};
		1D6058950D05DD3E006BFB54 /* Release */ = {
			isa = XCBuildConfiguration;
			buildSettings = {
				ALWAYS_SEARCH_USER_PATHS = NO;
				ARCHS = "$(ARCHS_STANDARD_32_BIT)";
				CLANG_CXX_LANGUAGE_STANDARD = "c++0x";
				CLANG_CXX_LIBRARY = "libc++";
				CODE_SIGN_IDENTITY = "";
				"CODE_SIGN_IDENTITY[sdk=iphoneos*]" = "";
				COPY_PHASE_STRIP = YES;
				GCC_INLINES_ARE_PRIVATE_EXTERN = NO;
				GCC_OPTIMIZATION_LEVEL = 0;
				GCC_PRECOMPILE_PREFIX_HEADER = YES;
				GCC_PREFIX_HEADER = Prefix.pch;
				GCC_PREPROCESSOR_DEFINITIONS = (
					NDEBUG,
					CC_TARGET_OS_MAC,
					USE_FILE32API,
					"CC_ENABLE_CHIPMUNK_INTEGRATION=0",
					"CC_ENABLE_BOX2D_INTEGRATION=1",
				);
				GCC_SYMBOLS_PRIVATE_EXTERN = NO;
				GCC_VERSION = "";
				HEADER_SEARCH_PATHS = (
					"$(SRCROOT)/../libs/CocosDenshion/include",
					"\"$(SRCROOT)/../libs/cocos2dx/kazmath/include\"",
					"\"$(SRCROOT)/../libs/extensions\"",
					"\"$(SRCROOT)/../libs/external\"",
					"\"$(SRCROOT)/../libs/cocos2dx\"",
					"\"$(SRCROOT)/../libs/cocos2dx/include\"",
					"\"$(SRCROOT)/../libs/cocos2dx/platform/mac\"",
					"\"$(SRCROOT)/../FEX\"",
					"\"$(SRCROOT)/../GameSADLib\"",
				);
				INFOPLIST_FILE = Info.plist;
				LIBRARY_SEARCH_PATHS = (
					"\"$(SRCROOT)/../libs/python2.7/libs\"",
					"\"/Users/fancyzero/Library/Developer/Xcode/DerivedData/FEXMacWorkspace-dflqantggihhcrbvstfjzqrdkjos/Build/Products/Debug\"",
					"\"$(SRCROOT)/../../../Library/Developer/Xcode/DerivedData/FEXMacWorkspace-dflqantggihhcrbvstfjzqrdkjos/Build/Products/Debug\"",
				);
				MACOSX_DEPLOYMENT_TARGET = 10.7;
				ONLY_ACTIVE_ARCH = YES;
				PRODUCT_NAME = Editor;
				SDKROOT = macosx;
				USER_HEADER_SEARCH_PATHS = "";
				VALIDATE_PRODUCT = YES;
				VALID_ARCHS = "i386 x86_64";
			};
			name = Release;
		};
		C01FCF4F08A954540054247B /* Debug */ = {
			isa = XCBuildConfiguration;
			buildSettings = {
				ARCHS = "$(ARCHS_STANDARD_32_64_BIT)";
				GCC_C_LANGUAGE_STANDARD = c99;
				GCC_VERSION = "";
				GCC_WARN_ABOUT_RETURN_TYPE = YES;
				GCC_WARN_UNUSED_VARIABLE = YES;
				SDKROOT = macosx;
				VALID_ARCHS = "x86_64 i386";
			};
			name = Debug;
		};
		C01FCF5008A954540054247B /* Release */ = {
			isa = XCBuildConfiguration;
			buildSettings = {
				ARCHS = "$(ARCHS_STANDARD_32_64_BIT)";
				GCC_C_LANGUAGE_STANDARD = c99;
				GCC_VERSION = "";
				GCC_WARN_ABOUT_RETURN_TYPE = YES;
				GCC_WARN_UNUSED_VARIABLE = YES;
				OTHER_CFLAGS = "-DNS_BLOCK_ASSERTIONS=1";
				SDKROOT = macosx;
				VALID_ARCHS = "x86_64 i386";
			};
			name = Release;
		};
/* End XCBuildConfiguration section */

/* Begin XCConfigurationList section */
		1D6058960D05DD3E006BFB54 /* Build configuration list for PBXNativeTarget "Editor" */ = {
			isa = XCConfigurationList;
			buildConfigurations = (
				1D6058940D05DD3E006BFB54 /* Debug */,
				1D6058950D05DD3E006BFB54 /* Release */,
			);
			defaultConfigurationIsVisible = 0;
			defaultConfigurationName = Debug;
		};
		C01FCF4E08A954540054247B /* Build configuration list for PBXProject "Editor" */ = {
			isa = XCConfigurationList;
			buildConfigurations = (
				C01FCF4F08A954540054247B /* Debug */,
				C01FCF5008A954540054247B /* Release */,
			);
			defaultConfigurationIsVisible = 0;
			defaultConfigurationName = Debug;
		};
/* End XCConfigurationList section */
	};
	rootObject = 29B97313FDCFA39411CA2CEA /* Project object */;
}
