// !$*UTF8*$!
{
	archiveVersion = 1;
	classes = {
	};
	objectVersion = 46;
	objects = {

/* Begin PBXBuildFile section */
		040A59E9177ECE3F0010E979 /* GameTheSoldiers.cpp in Sources */ = {isa = PBXBuildFile; fileRef = 040A59E7177ECE3F0010E979 /* GameTheSoldiers.cpp */; };
		040A59ED177ECF2D0010E979 /* IOSTcouchController.cpp in Sources */ = {isa = PBXBuildFile; fileRef = 040A59EB177ECF2D0010E979 /* IOSTcouchController.cpp */; };
		043C4F48177FC23300A55BD9 /* libcocos2dx.a in Frameworks */ = {isa = PBXBuildFile; fileRef = 043C4F47177FC23300A55BD9 /* libcocos2dx.a */; };
		043C4F4A177FC28300A55BD9 /* libFEX.a in Frameworks */ = {isa = PBXBuildFile; fileRef = 043C4F49177FC28300A55BD9 /* libFEX.a */; };
		043C4F4C177FC28800A55BD9 /* libCocosDenshion.a in Frameworks */ = {isa = PBXBuildFile; fileRef = 043C4F4B177FC28800A55BD9 /* libCocosDenshion.a */; };
		043C4F4E177FC28E00A55BD9 /* libBox2D.a in Frameworks */ = {isa = PBXBuildFile; fileRef = 043C4F4D177FC28E00A55BD9 /* libBox2D.a */; };
		04A63034177C5AC800E1760D /* QuartzCore.framework in Frameworks */ = {isa = PBXBuildFile; fileRef = 04A63033177C5AC800E1760D /* QuartzCore.framework */; };
		04A63036177C5AC800E1760D /* OpenGLES.framework in Frameworks */ = {isa = PBXBuildFile; fileRef = 04A63035177C5AC800E1760D /* OpenGLES.framework */; };
		04A63038177C5AC800E1760D /* OpenAL.framework in Frameworks */ = {isa = PBXBuildFile; fileRef = 04A63037177C5AC800E1760D /* OpenAL.framework */; };
		04A6303A177C5AC800E1760D /* AudioToolbox.framework in Frameworks */ = {isa = PBXBuildFile; fileRef = 04A63039177C5AC800E1760D /* AudioToolbox.framework */; };
		04A6303C177C5AC800E1760D /* AVFoundation.framework in Frameworks */ = {isa = PBXBuildFile; fileRef = 04A6303B177C5AC800E1760D /* AVFoundation.framework */; };
		04A6303E177C5AC800E1760D /* UIKit.framework in Frameworks */ = {isa = PBXBuildFile; fileRef = 04A6303D177C5AC800E1760D /* UIKit.framework */; };
		04A63040177C5AC800E1760D /* Foundation.framework in Frameworks */ = {isa = PBXBuildFile; fileRef = 04A6303F177C5AC800E1760D /* Foundation.framework */; };
		04A63042177C5AC800E1760D /* CoreGraphics.framework in Frameworks */ = {isa = PBXBuildFile; fileRef = 04A63041177C5AC800E1760D /* CoreGraphics.framework */; };
		04A63046177C5AC800E1760D /* CloseNormal.png in Resources */ = {isa = PBXBuildFile; fileRef = 04A63045177C5AC800E1760D /* CloseNormal.png */; };
		04A63048177C5AC900E1760D /* CloseSelected.png in Resources */ = {isa = PBXBuildFile; fileRef = 04A63047177C5AC900E1760D /* CloseSelected.png */; };
		04A6304A177C5AC900E1760D /* Default.png in Resources */ = {isa = PBXBuildFile; fileRef = 04A63049177C5AC900E1760D /* Default.png */; };
		04A6304C177C5AC900E1760D /* HelloWorld.png in Resources */ = {isa = PBXBuildFile; fileRef = 04A6304B177C5AC900E1760D /* HelloWorld.png */; };
		04A6304E177C5AC900E1760D /* Icon-72.png in Resources */ = {isa = PBXBuildFile; fileRef = 04A6304D177C5AC900E1760D /* Icon-72.png */; };
		04A63050177C5AC900E1760D /* Icon-Small-50.png in Resources */ = {isa = PBXBuildFile; fileRef = 04A6304F177C5AC900E1760D /* Icon-Small-50.png */; };
		04A63052177C5AC900E1760D /* Icon-Small.png in Resources */ = {isa = PBXBuildFile; fileRef = 04A63051177C5AC900E1760D /* Icon-Small.png */; };
		04A63054177C5AC900E1760D /* Icon-Small@2x.png in Resources */ = {isa = PBXBuildFile; fileRef = 04A63053177C5AC900E1760D /* Icon-Small@2x.png */; };
		04A63056177C5AC900E1760D /* Icon.png in Resources */ = {isa = PBXBuildFile; fileRef = 04A63055177C5AC900E1760D /* Icon.png */; };
		04A63058177C5AC900E1760D /* Icon@2x.png in Resources */ = {isa = PBXBuildFile; fileRef = 04A63057177C5AC900E1760D /* Icon@2x.png */; };
		04A6305A177C5AC900E1760D /* iTunesArtwork in Resources */ = {isa = PBXBuildFile; fileRef = 04A63059177C5AC900E1760D /* iTunesArtwork */; };
		04A6305F177C5AC900E1760D /* AppController.mm in Sources */ = {isa = PBXBuildFile; fileRef = 04A6305E177C5AC900E1760D /* AppController.mm */; };
		04A63062177C5AC900E1760D /* RootViewController.mm in Sources */ = {isa = PBXBuildFile; fileRef = 04A63061177C5AC900E1760D /* RootViewController.mm */; };
		04A63064177C5AC900E1760D /* main.m in Sources */ = {isa = PBXBuildFile; fileRef = 04A63063177C5AC900E1760D /* main.m */; };
		04A633A4177C5ACF00E1760D /* AppDelegate.cpp in Sources */ = {isa = PBXBuildFile; fileRef = 04A633A3177C5ACF00E1760D /* AppDelegate.cpp */; };
		04A633A9177C5ACF00E1760D /* blocks.png in Resources */ = {isa = PBXBuildFile; fileRef = 04A633A8177C5ACF00E1760D /* blocks.png */; };
		04A633C2177C5C9000E1760D /* fonts in Resources */ = {isa = PBXBuildFile; fileRef = 04A633B9177C5C9000E1760D /* fonts */; };
		04A633C3177C5C9000E1760D /* levels in Resources */ = {isa = PBXBuildFile; fileRef = 04A633BA177C5C9000E1760D /* levels */; };
		04A633C4177C5C9000E1760D /* particles in Resources */ = {isa = PBXBuildFile; fileRef = 04A633BB177C5C9000E1760D /* particles */; };
		04A633C5177C5C9000E1760D /* pdb in Resources */ = {isa = PBXBuildFile; fileRef = 04A633BC177C5C9000E1760D /* pdb */; };
		04A633C6177C5C9000E1760D /* pic in Resources */ = {isa = PBXBuildFile; fileRef = 04A633BD177C5C9000E1760D /* pic */; };
		04A633C7177C5C9000E1760D /* sfx in Resources */ = {isa = PBXBuildFile; fileRef = 04A633BE177C5C9000E1760D /* sfx */; };
		04A633C8177C5C9000E1760D /* shaders in Resources */ = {isa = PBXBuildFile; fileRef = 04A633BF177C5C9000E1760D /* shaders */; };
		04A633C9177C5C9000E1760D /* sprite_components in Resources */ = {isa = PBXBuildFile; fileRef = 04A633C0177C5C9000E1760D /* sprite_components */; };
		04A633CA177C5C9000E1760D /* sprites in Resources */ = {isa = PBXBuildFile; fileRef = 04A633C1177C5C9000E1760D /* sprites */; };
/* End PBXBuildFile section */

/* Begin PBXFileReference section */
		040A59E7177ECE3F0010E979 /* GameTheSoldiers.cpp */ = {isa = PBXFileReference; fileEncoding = 4; lastKnownFileType = sourcecode.cpp.cpp; name = GameTheSoldiers.cpp; path = GameClasses/GameTheSoldiers.cpp; sourceTree = "<group>"; };
		040A59E8177ECE3F0010E979 /* GameTheSoldiers.h */ = {isa = PBXFileReference; fileEncoding = 4; lastKnownFileType = sourcecode.c.h; name = GameTheSoldiers.h; path = GameClasses/GameTheSoldiers.h; sourceTree = "<group>"; };
		040A59EB177ECF2D0010E979 /* IOSTcouchController.cpp */ = {isa = PBXFileReference; fileEncoding = 4; lastKnownFileType = sourcecode.cpp.cpp; name = IOSTcouchController.cpp; path = GameClasses/IOSTcouchController.cpp; sourceTree = "<group>"; };
		040A59EC177ECF2D0010E979 /* IOSTcouchController.h */ = {isa = PBXFileReference; fileEncoding = 4; lastKnownFileType = sourcecode.c.h; name = IOSTcouchController.h; path = GameClasses/IOSTcouchController.h; sourceTree = "<group>"; };
		040A59EF177F233A0010E979 /* Python-ast.h */ = {isa = PBXFileReference; fileEncoding = 4; lastKnownFileType = sourcecode.c.h; path = "Python-ast.h"; sourceTree = "<group>"; };
		040A59F0177F233A0010E979 /* Python.h */ = {isa = PBXFileReference; fileEncoding = 4; lastKnownFileType = sourcecode.c.h; path = Python.h; sourceTree = "<group>"; };
		040A59F1177F233A0010E979 /* abstract.h */ = {isa = PBXFileReference; fileEncoding = 4; lastKnownFileType = sourcecode.c.h; path = abstract.h; sourceTree = "<group>"; };
		040A59F2177F233A0010E979 /* asdl.h */ = {isa = PBXFileReference; fileEncoding = 4; lastKnownFileType = sourcecode.c.h; path = asdl.h; sourceTree = "<group>"; };
		040A59F3177F233A0010E979 /* ast.h */ = {isa = PBXFileReference; fileEncoding = 4; lastKnownFileType = sourcecode.c.h; path = ast.h; sourceTree = "<group>"; };
		040A59F4177F233A0010E979 /* bitset.h */ = {isa = PBXFileReference; fileEncoding = 4; lastKnownFileType = sourcecode.c.h; path = bitset.h; sourceTree = "<group>"; };
		040A59F5177F233A0010E979 /* boolobject.h */ = {isa = PBXFileReference; fileEncoding = 4; lastKnownFileType = sourcecode.c.h; path = boolobject.h; sourceTree = "<group>"; };
		040A59F6177F233A0010E979 /* bufferobject.h */ = {isa = PBXFileReference; fileEncoding = 4; lastKnownFileType = sourcecode.c.h; path = bufferobject.h; sourceTree = "<group>"; };
		040A59F7177F233A0010E979 /* bytearrayobject.h */ = {isa = PBXFileReference; fileEncoding = 4; lastKnownFileType = sourcecode.c.h; path = bytearrayobject.h; sourceTree = "<group>"; };
		040A59F8177F233A0010E979 /* bytes_methods.h */ = {isa = PBXFileReference; fileEncoding = 4; lastKnownFileType = sourcecode.c.h; path = bytes_methods.h; sourceTree = "<group>"; };
		040A59F9177F233A0010E979 /* bytesobject.h */ = {isa = PBXFileReference; fileEncoding = 4; lastKnownFileType = sourcecode.c.h; path = bytesobject.h; sourceTree = "<group>"; };
		040A59FA177F233A0010E979 /* cStringIO.h */ = {isa = PBXFileReference; fileEncoding = 4; lastKnownFileType = sourcecode.c.h; path = cStringIO.h; sourceTree = "<group>"; };
		040A59FB177F233A0010E979 /* cellobject.h */ = {isa = PBXFileReference; fileEncoding = 4; lastKnownFileType = sourcecode.c.h; path = cellobject.h; sourceTree = "<group>"; };
		040A59FC177F233A0010E979 /* ceval.h */ = {isa = PBXFileReference; fileEncoding = 4; lastKnownFileType = sourcecode.c.h; path = ceval.h; sourceTree = "<group>"; };
		040A59FD177F233A0010E979 /* classobject.h */ = {isa = PBXFileReference; fileEncoding = 4; lastKnownFileType = sourcecode.c.h; path = classobject.h; sourceTree = "<group>"; };
		040A59FE177F233A0010E979 /* cobject.h */ = {isa = PBXFileReference; fileEncoding = 4; lastKnownFileType = sourcecode.c.h; path = cobject.h; sourceTree = "<group>"; };
		040A59FF177F233A0010E979 /* code.h */ = {isa = PBXFileReference; fileEncoding = 4; lastKnownFileType = sourcecode.c.h; path = code.h; sourceTree = "<group>"; };
		040A5A00177F233A0010E979 /* codecs.h */ = {isa = PBXFileReference; fileEncoding = 4; lastKnownFileType = sourcecode.c.h; path = codecs.h; sourceTree = "<group>"; };
		040A5A01177F233A0010E979 /* compile.h */ = {isa = PBXFileReference; fileEncoding = 4; lastKnownFileType = sourcecode.c.h; path = compile.h; sourceTree = "<group>"; };
		040A5A02177F233A0010E979 /* complexobject.h */ = {isa = PBXFileReference; fileEncoding = 4; lastKnownFileType = sourcecode.c.h; path = complexobject.h; sourceTree = "<group>"; };
		040A5A03177F233A0010E979 /* datetime.h */ = {isa = PBXFileReference; fileEncoding = 4; lastKnownFileType = sourcecode.c.h; path = datetime.h; sourceTree = "<group>"; };
		040A5A04177F233A0010E979 /* descrobject.h */ = {isa = PBXFileReference; fileEncoding = 4; lastKnownFileType = sourcecode.c.h; path = descrobject.h; sourceTree = "<group>"; };
		040A5A05177F233A0010E979 /* dictobject.h */ = {isa = PBXFileReference; fileEncoding = 4; lastKnownFileType = sourcecode.c.h; path = dictobject.h; sourceTree = "<group>"; };
		040A5A06177F233A0010E979 /* dtoa.h */ = {isa = PBXFileReference; fileEncoding = 4; lastKnownFileType = sourcecode.c.h; path = dtoa.h; sourceTree = "<group>"; };
		040A5A07177F233A0010E979 /* enumobject.h */ = {isa = PBXFileReference; fileEncoding = 4; lastKnownFileType = sourcecode.c.h; path = enumobject.h; sourceTree = "<group>"; };
		040A5A08177F233A0010E979 /* errcode.h */ = {isa = PBXFileReference; fileEncoding = 4; lastKnownFileType = sourcecode.c.h; path = errcode.h; sourceTree = "<group>"; };
		040A5A09177F233A0010E979 /* eval.h */ = {isa = PBXFileReference; fileEncoding = 4; lastKnownFileType = sourcecode.c.h; path = eval.h; sourceTree = "<group>"; };
		040A5A0A177F233A0010E979 /* fileobject.h */ = {isa = PBXFileReference; fileEncoding = 4; lastKnownFileType = sourcecode.c.h; path = fileobject.h; sourceTree = "<group>"; };
		040A5A0B177F233A0010E979 /* floatobject.h */ = {isa = PBXFileReference; fileEncoding = 4; lastKnownFileType = sourcecode.c.h; path = floatobject.h; sourceTree = "<group>"; };
		040A5A0C177F233A0010E979 /* frameobject.h */ = {isa = PBXFileReference; fileEncoding = 4; lastKnownFileType = sourcecode.c.h; path = frameobject.h; sourceTree = "<group>"; };
		040A5A0D177F233A0010E979 /* funcobject.h */ = {isa = PBXFileReference; fileEncoding = 4; lastKnownFileType = sourcecode.c.h; path = funcobject.h; sourceTree = "<group>"; };
		040A5A0E177F233A0010E979 /* genobject.h */ = {isa = PBXFileReference; fileEncoding = 4; lastKnownFileType = sourcecode.c.h; path = genobject.h; sourceTree = "<group>"; };
		040A5A0F177F233A0010E979 /* graminit.h */ = {isa = PBXFileReference; fileEncoding = 4; lastKnownFileType = sourcecode.c.h; path = graminit.h; sourceTree = "<group>"; };
		040A5A10177F233A0010E979 /* grammar.h */ = {isa = PBXFileReference; fileEncoding = 4; lastKnownFileType = sourcecode.c.h; path = grammar.h; sourceTree = "<group>"; };
		040A5A11177F233A0010E979 /* import.h */ = {isa = PBXFileReference; fileEncoding = 4; lastKnownFileType = sourcecode.c.h; path = import.h; sourceTree = "<group>"; };
		040A5A12177F233A0010E979 /* intobject.h */ = {isa = PBXFileReference; fileEncoding = 4; lastKnownFileType = sourcecode.c.h; path = intobject.h; sourceTree = "<group>"; };
		040A5A13177F233A0010E979 /* intrcheck.h */ = {isa = PBXFileReference; fileEncoding = 4; lastKnownFileType = sourcecode.c.h; path = intrcheck.h; sourceTree = "<group>"; };
		040A5A14177F233A0010E979 /* iterobject.h */ = {isa = PBXFileReference; fileEncoding = 4; lastKnownFileType = sourcecode.c.h; path = iterobject.h; sourceTree = "<group>"; };
		040A5A15177F233A0010E979 /* listobject.h */ = {isa = PBXFileReference; fileEncoding = 4; lastKnownFileType = sourcecode.c.h; path = listobject.h; sourceTree = "<group>"; };
		040A5A16177F233A0010E979 /* longintrepr.h */ = {isa = PBXFileReference; fileEncoding = 4; lastKnownFileType = sourcecode.c.h; path = longintrepr.h; sourceTree = "<group>"; };
		040A5A17177F233A0010E979 /* longobject.h */ = {isa = PBXFileReference; fileEncoding = 4; lastKnownFileType = sourcecode.c.h; path = longobject.h; sourceTree = "<group>"; };
		040A5A18177F233A0010E979 /* marshal.h */ = {isa = PBXFileReference; fileEncoding = 4; lastKnownFileType = sourcecode.c.h; path = marshal.h; sourceTree = "<group>"; };
		040A5A19177F233A0010E979 /* memoryobject.h */ = {isa = PBXFileReference; fileEncoding = 4; lastKnownFileType = sourcecode.c.h; path = memoryobject.h; sourceTree = "<group>"; };
		040A5A1A177F233A0010E979 /* metagrammar.h */ = {isa = PBXFileReference; fileEncoding = 4; lastKnownFileType = sourcecode.c.h; path = metagrammar.h; sourceTree = "<group>"; };
		040A5A1B177F233A0010E979 /* methodobject.h */ = {isa = PBXFileReference; fileEncoding = 4; lastKnownFileType = sourcecode.c.h; path = methodobject.h; sourceTree = "<group>"; };
		040A5A1C177F233A0010E979 /* modsupport.h */ = {isa = PBXFileReference; fileEncoding = 4; lastKnownFileType = sourcecode.c.h; path = modsupport.h; sourceTree = "<group>"; };
		040A5A1D177F233A0010E979 /* moduleobject.h */ = {isa = PBXFileReference; fileEncoding = 4; lastKnownFileType = sourcecode.c.h; path = moduleobject.h; sourceTree = "<group>"; };
		040A5A1E177F233A0010E979 /* node.h */ = {isa = PBXFileReference; fileEncoding = 4; lastKnownFileType = sourcecode.c.h; path = node.h; sourceTree = "<group>"; };
		040A5A1F177F233A0010E979 /* object.h */ = {isa = PBXFileReference; fileEncoding = 4; lastKnownFileType = sourcecode.c.h; path = object.h; sourceTree = "<group>"; };
		040A5A20177F233A0010E979 /* objimpl.h */ = {isa = PBXFileReference; fileEncoding = 4; lastKnownFileType = sourcecode.c.h; path = objimpl.h; sourceTree = "<group>"; };
		040A5A21177F233A0010E979 /* opcode.h */ = {isa = PBXFileReference; fileEncoding = 4; lastKnownFileType = sourcecode.c.h; path = opcode.h; sourceTree = "<group>"; };
		040A5A22177F233A0010E979 /* osdefs.h */ = {isa = PBXFileReference; fileEncoding = 4; lastKnownFileType = sourcecode.c.h; path = osdefs.h; sourceTree = "<group>"; };
		040A5A23177F233A0010E979 /* parsetok.h */ = {isa = PBXFileReference; fileEncoding = 4; lastKnownFileType = sourcecode.c.h; path = parsetok.h; sourceTree = "<group>"; };
		040A5A24177F233A0010E979 /* patchlevel.h */ = {isa = PBXFileReference; fileEncoding = 4; lastKnownFileType = sourcecode.c.h; path = patchlevel.h; sourceTree = "<group>"; };
		040A5A25177F233A0010E979 /* pgen.h */ = {isa = PBXFileReference; fileEncoding = 4; lastKnownFileType = sourcecode.c.h; path = pgen.h; sourceTree = "<group>"; };
		040A5A26177F233A0010E979 /* pgenheaders.h */ = {isa = PBXFileReference; fileEncoding = 4; lastKnownFileType = sourcecode.c.h; path = pgenheaders.h; sourceTree = "<group>"; };
		040A5A27177F233A0010E979 /* py_curses.h */ = {isa = PBXFileReference; fileEncoding = 4; lastKnownFileType = sourcecode.c.h; path = py_curses.h; sourceTree = "<group>"; };
		040A5A28177F233A0010E979 /* pyarena.h */ = {isa = PBXFileReference; fileEncoding = 4; lastKnownFileType = sourcecode.c.h; path = pyarena.h; sourceTree = "<group>"; };
		040A5A29177F233A0010E979 /* pycapsule.h */ = {isa = PBXFileReference; fileEncoding = 4; lastKnownFileType = sourcecode.c.h; path = pycapsule.h; sourceTree = "<group>"; };
		040A5A2A177F233A0010E979 /* pyconfig.h */ = {isa = PBXFileReference; fileEncoding = 4; lastKnownFileType = sourcecode.c.h; path = pyconfig.h; sourceTree = "<group>"; };
		040A5A2B177F233A0010E979 /* pyctype.h */ = {isa = PBXFileReference; fileEncoding = 4; lastKnownFileType = sourcecode.c.h; path = pyctype.h; sourceTree = "<group>"; };
		040A5A2C177F233A0010E979 /* pydebug.h */ = {isa = PBXFileReference; fileEncoding = 4; lastKnownFileType = sourcecode.c.h; path = pydebug.h; sourceTree = "<group>"; };
		040A5A2D177F233A0010E979 /* pyerrors.h */ = {isa = PBXFileReference; fileEncoding = 4; lastKnownFileType = sourcecode.c.h; path = pyerrors.h; sourceTree = "<group>"; };
		040A5A2E177F233A0010E979 /* pyexpat.h */ = {isa = PBXFileReference; fileEncoding = 4; lastKnownFileType = sourcecode.c.h; path = pyexpat.h; sourceTree = "<group>"; };
		040A5A2F177F233A0010E979 /* pyfpe.h */ = {isa = PBXFileReference; fileEncoding = 4; lastKnownFileType = sourcecode.c.h; path = pyfpe.h; sourceTree = "<group>"; };
		040A5A30177F233A0010E979 /* pygetopt.h */ = {isa = PBXFileReference; fileEncoding = 4; lastKnownFileType = sourcecode.c.h; path = pygetopt.h; sourceTree = "<group>"; };
		040A5A31177F233A0010E979 /* pymacconfig.h */ = {isa = PBXFileReference; fileEncoding = 4; lastKnownFileType = sourcecode.c.h; path = pymacconfig.h; sourceTree = "<group>"; };
		040A5A32177F233A0010E979 /* pymactoolbox.h */ = {isa = PBXFileReference; fileEncoding = 4; lastKnownFileType = sourcecode.c.h; path = pymactoolbox.h; sourceTree = "<group>"; };
		040A5A33177F233A0010E979 /* pymath.h */ = {isa = PBXFileReference; fileEncoding = 4; lastKnownFileType = sourcecode.c.h; path = pymath.h; sourceTree = "<group>"; };
		040A5A34177F233A0010E979 /* pymem.h */ = {isa = PBXFileReference; fileEncoding = 4; lastKnownFileType = sourcecode.c.h; path = pymem.h; sourceTree = "<group>"; };
		040A5A35177F233A0010E979 /* pyport.h */ = {isa = PBXFileReference; fileEncoding = 4; lastKnownFileType = sourcecode.c.h; path = pyport.h; sourceTree = "<group>"; };
		040A5A36177F233A0010E979 /* pystate.h */ = {isa = PBXFileReference; fileEncoding = 4; lastKnownFileType = sourcecode.c.h; path = pystate.h; sourceTree = "<group>"; };
		040A5A37177F233A0010E979 /* pystrcmp.h */ = {isa = PBXFileReference; fileEncoding = 4; lastKnownFileType = sourcecode.c.h; path = pystrcmp.h; sourceTree = "<group>"; };
		040A5A38177F233A0010E979 /* pystrtod.h */ = {isa = PBXFileReference; fileEncoding = 4; lastKnownFileType = sourcecode.c.h; path = pystrtod.h; sourceTree = "<group>"; };
		040A5A39177F233A0010E979 /* pythonrun.h */ = {isa = PBXFileReference; fileEncoding = 4; lastKnownFileType = sourcecode.c.h; path = pythonrun.h; sourceTree = "<group>"; };
		040A5A3A177F233A0010E979 /* pythread.h */ = {isa = PBXFileReference; fileEncoding = 4; lastKnownFileType = sourcecode.c.h; path = pythread.h; sourceTree = "<group>"; };
		040A5A3B177F233A0010E979 /* rangeobject.h */ = {isa = PBXFileReference; fileEncoding = 4; lastKnownFileType = sourcecode.c.h; path = rangeobject.h; sourceTree = "<group>"; };
		040A5A3C177F233A0010E979 /* setobject.h */ = {isa = PBXFileReference; fileEncoding = 4; lastKnownFileType = sourcecode.c.h; path = setobject.h; sourceTree = "<group>"; };
		040A5A3D177F233A0010E979 /* sliceobject.h */ = {isa = PBXFileReference; fileEncoding = 4; lastKnownFileType = sourcecode.c.h; path = sliceobject.h; sourceTree = "<group>"; };
		040A5A3E177F233A0010E979 /* stringobject.h */ = {isa = PBXFileReference; fileEncoding = 4; lastKnownFileType = sourcecode.c.h; path = stringobject.h; sourceTree = "<group>"; };
		040A5A3F177F233A0010E979 /* structmember.h */ = {isa = PBXFileReference; fileEncoding = 4; lastKnownFileType = sourcecode.c.h; path = structmember.h; sourceTree = "<group>"; };
		040A5A40177F233A0010E979 /* structseq.h */ = {isa = PBXFileReference; fileEncoding = 4; lastKnownFileType = sourcecode.c.h; path = structseq.h; sourceTree = "<group>"; };
		040A5A41177F233B0010E979 /* symtable.h */ = {isa = PBXFileReference; fileEncoding = 4; lastKnownFileType = sourcecode.c.h; path = symtable.h; sourceTree = "<group>"; };
		040A5A42177F233B0010E979 /* sysmodule.h */ = {isa = PBXFileReference; fileEncoding = 4; lastKnownFileType = sourcecode.c.h; path = sysmodule.h; sourceTree = "<group>"; };
		040A5A43177F233B0010E979 /* timefuncs.h */ = {isa = PBXFileReference; fileEncoding = 4; lastKnownFileType = sourcecode.c.h; path = timefuncs.h; sourceTree = "<group>"; };
		040A5A44177F233B0010E979 /* token.h */ = {isa = PBXFileReference; fileEncoding = 4; lastKnownFileType = sourcecode.c.h; path = token.h; sourceTree = "<group>"; };
		040A5A45177F233B0010E979 /* traceback.h */ = {isa = PBXFileReference; fileEncoding = 4; lastKnownFileType = sourcecode.c.h; path = traceback.h; sourceTree = "<group>"; };
		040A5A46177F233B0010E979 /* tupleobject.h */ = {isa = PBXFileReference; fileEncoding = 4; lastKnownFileType = sourcecode.c.h; path = tupleobject.h; sourceTree = "<group>"; };
		040A5A47177F233B0010E979 /* ucnhash.h */ = {isa = PBXFileReference; fileEncoding = 4; lastKnownFileType = sourcecode.c.h; path = ucnhash.h; sourceTree = "<group>"; };
		040A5A48177F233B0010E979 /* unicodeobject.h */ = {isa = PBXFileReference; fileEncoding = 4; lastKnownFileType = sourcecode.c.h; path = unicodeobject.h; sourceTree = "<group>"; };
		040A5A49177F233B0010E979 /* warnings.h */ = {isa = PBXFileReference; fileEncoding = 4; lastKnownFileType = sourcecode.c.h; path = warnings.h; sourceTree = "<group>"; };
		040A5A4A177F233B0010E979 /* weakrefobject.h */ = {isa = PBXFileReference; fileEncoding = 4; lastKnownFileType = sourcecode.c.h; path = weakrefobject.h; sourceTree = "<group>"; };
		040A5A4D177F25370010E979 /* libpython2.7.a */ = {isa = PBXFileReference; lastKnownFileType = archive.ar; name = libpython2.7.a; path = ../libs/python2.7/libpython2.7.a; sourceTree = "<group>"; };
		040A5A4E177F25370010E979 /* libpython2.7.sim.a */ = {isa = PBXFileReference; lastKnownFileType = archive.ar; name = libpython2.7.sim.a; path = ../libs/python2.7/libpython2.7.sim.a; sourceTree = "<group>"; };
		040BD452177F285F00139293 /* libpython2.7.ios.a */ = {isa = PBXFileReference; lastKnownFileType = archive.ar; name = libpython2.7.ios.a; path = ../libs/python2.7/libpython2.7.ios.a; sourceTree = "<group>"; };
		043C4F47177FC23300A55BD9 /* libcocos2dx.a */ = {isa = PBXFileReference; lastKnownFileType = archive.ar; name = libcocos2dx.a; path = "../../../Library/Developer/Xcode/DerivedData/FETemplate-bwkxjubalbhtkretxzgqqgetelpu/Build/Products/Debug-iphoneos/libcocos2dx.a"; sourceTree = "<group>"; };
		043C4F49177FC28300A55BD9 /* libFEX.a */ = {isa = PBXFileReference; lastKnownFileType = archive.ar; name = libFEX.a; path = "../../../Library/Developer/Xcode/DerivedData/FETemplate-bwkxjubalbhtkretxzgqqgetelpu/Build/Products/Debug-iphoneos/libFEX.a"; sourceTree = "<group>"; };
		043C4F4B177FC28800A55BD9 /* libCocosDenshion.a */ = {isa = PBXFileReference; lastKnownFileType = archive.ar; name = libCocosDenshion.a; path = "../../../Library/Developer/Xcode/DerivedData/FETemplate-bwkxjubalbhtkretxzgqqgetelpu/Build/Products/Debug-iphoneos/libCocosDenshion.a"; sourceTree = "<group>"; };
		043C4F4D177FC28E00A55BD9 /* libBox2D.a */ = {isa = PBXFileReference; lastKnownFileType = archive.ar; name = libBox2D.a; path = "../../../Library/Developer/Xcode/DerivedData/FETemplate-bwkxjubalbhtkretxzgqqgetelpu/Build/Products/Debug-iphoneos/libBox2D.a"; sourceTree = "<group>"; };
		04A63030177C5AC800E1760D /* FEXGameTemplate.app */ = {isa = PBXFileReference; explicitFileType = wrapper.application; includeInIndex = 0; path = FEXGameTemplate.app; sourceTree = BUILT_PRODUCTS_DIR; };
		04A63033177C5AC800E1760D /* QuartzCore.framework */ = {isa = PBXFileReference; lastKnownFileType = wrapper.framework; name = QuartzCore.framework; path = System/Library/Frameworks/QuartzCore.framework; sourceTree = SDKROOT; };
		04A63035177C5AC800E1760D /* OpenGLES.framework */ = {isa = PBXFileReference; lastKnownFileType = wrapper.framework; name = OpenGLES.framework; path = System/Library/Frameworks/OpenGLES.framework; sourceTree = SDKROOT; };
		04A63037177C5AC800E1760D /* OpenAL.framework */ = {isa = PBXFileReference; lastKnownFileType = wrapper.framework; name = OpenAL.framework; path = System/Library/Frameworks/OpenAL.framework; sourceTree = SDKROOT; };
		04A63039177C5AC800E1760D /* AudioToolbox.framework */ = {isa = PBXFileReference; lastKnownFileType = wrapper.framework; name = AudioToolbox.framework; path = System/Library/Frameworks/AudioToolbox.framework; sourceTree = SDKROOT; };
		04A6303B177C5AC800E1760D /* AVFoundation.framework */ = {isa = PBXFileReference; lastKnownFileType = wrapper.framework; name = AVFoundation.framework; path = System/Library/Frameworks/AVFoundation.framework; sourceTree = SDKROOT; };
		04A6303D177C5AC800E1760D /* UIKit.framework */ = {isa = PBXFileReference; lastKnownFileType = wrapper.framework; name = UIKit.framework; path = System/Library/Frameworks/UIKit.framework; sourceTree = SDKROOT; };
		04A6303F177C5AC800E1760D /* Foundation.framework */ = {isa = PBXFileReference; lastKnownFileType = wrapper.framework; name = Foundation.framework; path = System/Library/Frameworks/Foundation.framework; sourceTree = SDKROOT; };
		04A63041177C5AC800E1760D /* CoreGraphics.framework */ = {isa = PBXFileReference; lastKnownFileType = wrapper.framework; name = CoreGraphics.framework; path = System/Library/Frameworks/CoreGraphics.framework; sourceTree = SDKROOT; };
		04A63045177C5AC800E1760D /* CloseNormal.png */ = {isa = PBXFileReference; lastKnownFileType = image.png; name = CloseNormal.png; path = Resources/CloseNormal.png; sourceTree = "<group>"; };
		04A63047177C5AC900E1760D /* CloseSelected.png */ = {isa = PBXFileReference; lastKnownFileType = image.png; name = CloseSelected.png; path = Resources/CloseSelected.png; sourceTree = "<group>"; };
		04A63049177C5AC900E1760D /* Default.png */ = {isa = PBXFileReference; lastKnownFileType = image.png; name = Default.png; path = Resources/Default.png; sourceTree = "<group>"; };
		04A6304B177C5AC900E1760D /* HelloWorld.png */ = {isa = PBXFileReference; lastKnownFileType = image.png; name = HelloWorld.png; path = Resources/HelloWorld.png; sourceTree = "<group>"; };
		04A6304D177C5AC900E1760D /* Icon-72.png */ = {isa = PBXFileReference; lastKnownFileType = image.png; name = "Icon-72.png"; path = "Resources/Icon-72.png"; sourceTree = "<group>"; };
		04A6304F177C5AC900E1760D /* Icon-Small-50.png */ = {isa = PBXFileReference; lastKnownFileType = image.png; name = "Icon-Small-50.png"; path = "Resources/Icon-Small-50.png"; sourceTree = "<group>"; };
		04A63051177C5AC900E1760D /* Icon-Small.png */ = {isa = PBXFileReference; lastKnownFileType = image.png; name = "Icon-Small.png"; path = "Resources/Icon-Small.png"; sourceTree = "<group>"; };
		04A63053177C5AC900E1760D /* Icon-Small@2x.png */ = {isa = PBXFileReference; lastKnownFileType = image.png; name = "Icon-Small@2x.png"; path = "Resources/Icon-Small@2x.png"; sourceTree = "<group>"; };
		04A63055177C5AC900E1760D /* Icon.png */ = {isa = PBXFileReference; lastKnownFileType = image.png; name = Icon.png; path = Resources/Icon.png; sourceTree = "<group>"; };
		04A63057177C5AC900E1760D /* Icon@2x.png */ = {isa = PBXFileReference; lastKnownFileType = image.png; name = "Icon@2x.png"; path = "Resources/Icon@2x.png"; sourceTree = "<group>"; };
		04A63059177C5AC900E1760D /* iTunesArtwork */ = {isa = PBXFileReference; lastKnownFileType = file; name = iTunesArtwork; path = Resources/iTunesArtwork; sourceTree = "<group>"; };
		04A6305B177C5AC900E1760D /* Info.plist */ = {isa = PBXFileReference; lastKnownFileType = text.plist.xml; name = Info.plist; path = Resources/Info.plist; sourceTree = "<group>"; };
		04A6305D177C5AC900E1760D /* AppController.h */ = {isa = PBXFileReference; lastKnownFileType = sourcecode.c.h; name = AppController.h; path = ios/AppController.h; sourceTree = "<group>"; };
		04A6305E177C5AC900E1760D /* AppController.mm */ = {isa = PBXFileReference; lastKnownFileType = sourcecode.cpp.objcpp; name = AppController.mm; path = ios/AppController.mm; sourceTree = "<group>"; };
		04A63060177C5AC900E1760D /* RootViewController.h */ = {isa = PBXFileReference; lastKnownFileType = sourcecode.c.h; name = RootViewController.h; path = ios/RootViewController.h; sourceTree = "<group>"; };
		04A63061177C5AC900E1760D /* RootViewController.mm */ = {isa = PBXFileReference; lastKnownFileType = sourcecode.cpp.objcpp; name = RootViewController.mm; path = ios/RootViewController.mm; sourceTree = "<group>"; };
		04A63063177C5AC900E1760D /* main.m */ = {isa = PBXFileReference; lastKnownFileType = sourcecode.c.objc; name = main.m; path = ios/main.m; sourceTree = "<group>"; };
		04A633A0177C5ACF00E1760D /* Prefix.pch */ = {isa = PBXFileReference; lastKnownFileType = sourcecode.c.h; path = Prefix.pch; sourceTree = "<group>"; };
		04A633A2177C5ACF00E1760D /* AppDelegate.h */ = {isa = PBXFileReference; lastKnownFileType = sourcecode.c.h; name = AppDelegate.h; path = Classes/AppDelegate.h; sourceTree = "<group>"; };
		04A633A3177C5ACF00E1760D /* AppDelegate.cpp */ = {isa = PBXFileReference; lastKnownFileType = sourcecode.cpp.cpp; name = AppDelegate.cpp; path = Classes/AppDelegate.cpp; sourceTree = "<group>"; };
		04A633A8177C5ACF00E1760D /* blocks.png */ = {isa = PBXFileReference; lastKnownFileType = image.png; name = blocks.png; path = Resources/blocks.png; sourceTree = "<group>"; };
		04A633B9177C5C9000E1760D /* fonts */ = {isa = PBXFileReference; lastKnownFileType = folder; name = fonts; path = Resources/fonts; sourceTree = "<group>"; };
		04A633BA177C5C9000E1760D /* levels */ = {isa = PBXFileReference; lastKnownFileType = folder; name = levels; path = Resources/levels; sourceTree = "<group>"; };
		04A633BB177C5C9000E1760D /* particles */ = {isa = PBXFileReference; lastKnownFileType = folder; name = particles; path = Resources/particles; sourceTree = "<group>"; };
		04A633BC177C5C9000E1760D /* pdb */ = {isa = PBXFileReference; lastKnownFileType = folder; name = pdb; path = Resources/pdb; sourceTree = "<group>"; };
		04A633BD177C5C9000E1760D /* pic */ = {isa = PBXFileReference; lastKnownFileType = folder; name = pic; path = Resources/pic; sourceTree = "<group>"; };
		04A633BE177C5C9000E1760D /* sfx */ = {isa = PBXFileReference; lastKnownFileType = folder; name = sfx; path = Resources/sfx; sourceTree = "<group>"; };
		04A633BF177C5C9000E1760D /* shaders */ = {isa = PBXFileReference; lastKnownFileType = folder; name = shaders; path = Resources/shaders; sourceTree = "<group>"; };
		04A633C0177C5C9000E1760D /* sprite_components */ = {isa = PBXFileReference; lastKnownFileType = folder; name = sprite_components; path = Resources/sprite_components; sourceTree = "<group>"; };
		04A633C1177C5C9000E1760D /* sprites */ = {isa = PBXFileReference; lastKnownFileType = folder; name = sprites; path = Resources/sprites; sourceTree = "<group>"; };
/* End PBXFileReference section */

/* Begin PBXFrameworksBuildPhase section */
		04A6302D177C5AC800E1760D /* Frameworks */ = {
			isa = PBXFrameworksBuildPhase;
			buildActionMask = 2147483647;
			files = (
				043C4F48177FC23300A55BD9 /* libcocos2dx.a in Frameworks */,
				043C4F4E177FC28E00A55BD9 /* libBox2D.a in Frameworks */,
				043C4F4C177FC28800A55BD9 /* libCocosDenshion.a in Frameworks */,
				043C4F4A177FC28300A55BD9 /* libFEX.a in Frameworks */,
				04A63034177C5AC800E1760D /* QuartzCore.framework in Frameworks */,
				04A63036177C5AC800E1760D /* OpenGLES.framework in Frameworks */,
				04A63038177C5AC800E1760D /* OpenAL.framework in Frameworks */,
				04A6303A177C5AC800E1760D /* AudioToolbox.framework in Frameworks */,
				04A6303C177C5AC800E1760D /* AVFoundation.framework in Frameworks */,
				04A6303E177C5AC800E1760D /* UIKit.framework in Frameworks */,
				04A63040177C5AC800E1760D /* Foundation.framework in Frameworks */,
				04A63042177C5AC800E1760D /* CoreGraphics.framework in Frameworks */,
			);
			runOnlyForDeploymentPostprocessing = 0;
		};
/* End PBXFrameworksBuildPhase section */

/* Begin PBXGroup section */
		040A59EA177ECE450010E979 /* GameClasses */ = {
			isa = PBXGroup;
			children = (
				040A59EB177ECF2D0010E979 /* IOSTcouchController.cpp */,
				040A59EC177ECF2D0010E979 /* IOSTcouchController.h */,
				040A59E7177ECE3F0010E979 /* GameTheSoldiers.cpp */,
				040A59E8177ECE3F0010E979 /* GameTheSoldiers.h */,
			);
			name = GameClasses;
			sourceTree = "<group>";
		};
		040A59EE177F233A0010E979 /* python2.7 */ = {
			isa = PBXGroup;
			children = (
				040A59EF177F233A0010E979 /* Python-ast.h */,
				040A59F0177F233A0010E979 /* Python.h */,
				040A59F1177F233A0010E979 /* abstract.h */,
				040A59F2177F233A0010E979 /* asdl.h */,
				040A59F3177F233A0010E979 /* ast.h */,
				040A59F4177F233A0010E979 /* bitset.h */,
				040A59F5177F233A0010E979 /* boolobject.h */,
				040A59F6177F233A0010E979 /* bufferobject.h */,
				040A59F7177F233A0010E979 /* bytearrayobject.h */,
				040A59F8177F233A0010E979 /* bytes_methods.h */,
				040A59F9177F233A0010E979 /* bytesobject.h */,
				040A59FA177F233A0010E979 /* cStringIO.h */,
				040A59FB177F233A0010E979 /* cellobject.h */,
				040A59FC177F233A0010E979 /* ceval.h */,
				040A59FD177F233A0010E979 /* classobject.h */,
				040A59FE177F233A0010E979 /* cobject.h */,
				040A59FF177F233A0010E979 /* code.h */,
				040A5A00177F233A0010E979 /* codecs.h */,
				040A5A01177F233A0010E979 /* compile.h */,
				040A5A02177F233A0010E979 /* complexobject.h */,
				040A5A03177F233A0010E979 /* datetime.h */,
				040A5A04177F233A0010E979 /* descrobject.h */,
				040A5A05177F233A0010E979 /* dictobject.h */,
				040A5A06177F233A0010E979 /* dtoa.h */,
				040A5A07177F233A0010E979 /* enumobject.h */,
				040A5A08177F233A0010E979 /* errcode.h */,
				040A5A09177F233A0010E979 /* eval.h */,
				040A5A0A177F233A0010E979 /* fileobject.h */,
				040A5A0B177F233A0010E979 /* floatobject.h */,
				040A5A0C177F233A0010E979 /* frameobject.h */,
				040A5A0D177F233A0010E979 /* funcobject.h */,
				040A5A0E177F233A0010E979 /* genobject.h */,
				040A5A0F177F233A0010E979 /* graminit.h */,
				040A5A10177F233A0010E979 /* grammar.h */,
				040A5A11177F233A0010E979 /* import.h */,
				040A5A12177F233A0010E979 /* intobject.h */,
				040A5A13177F233A0010E979 /* intrcheck.h */,
				040A5A14177F233A0010E979 /* iterobject.h */,
				040A5A15177F233A0010E979 /* listobject.h */,
				040A5A16177F233A0010E979 /* longintrepr.h */,
				040A5A17177F233A0010E979 /* longobject.h */,
				040A5A18177F233A0010E979 /* marshal.h */,
				040A5A19177F233A0010E979 /* memoryobject.h */,
				040A5A1A177F233A0010E979 /* metagrammar.h */,
				040A5A1B177F233A0010E979 /* methodobject.h */,
				040A5A1C177F233A0010E979 /* modsupport.h */,
				040A5A1D177F233A0010E979 /* moduleobject.h */,
				040A5A1E177F233A0010E979 /* node.h */,
				040A5A1F177F233A0010E979 /* object.h */,
				040A5A20177F233A0010E979 /* objimpl.h */,
				040A5A21177F233A0010E979 /* opcode.h */,
				040A5A22177F233A0010E979 /* osdefs.h */,
				040A5A23177F233A0010E979 /* parsetok.h */,
				040A5A24177F233A0010E979 /* patchlevel.h */,
				040A5A25177F233A0010E979 /* pgen.h */,
				040A5A26177F233A0010E979 /* pgenheaders.h */,
				040A5A27177F233A0010E979 /* py_curses.h */,
				040A5A28177F233A0010E979 /* pyarena.h */,
				040A5A29177F233A0010E979 /* pycapsule.h */,
				040A5A2A177F233A0010E979 /* pyconfig.h */,
				040A5A2B177F233A0010E979 /* pyctype.h */,
				040A5A2C177F233A0010E979 /* pydebug.h */,
				040A5A2D177F233A0010E979 /* pyerrors.h */,
				040A5A2E177F233A0010E979 /* pyexpat.h */,
				040A5A2F177F233A0010E979 /* pyfpe.h */,
				040A5A30177F233A0010E979 /* pygetopt.h */,
				040A5A31177F233A0010E979 /* pymacconfig.h */,
				040A5A32177F233A0010E979 /* pymactoolbox.h */,
				040A5A33177F233A0010E979 /* pymath.h */,
				040A5A34177F233A0010E979 /* pymem.h */,
				040A5A35177F233A0010E979 /* pyport.h */,
				040A5A36177F233A0010E979 /* pystate.h */,
				040A5A37177F233A0010E979 /* pystrcmp.h */,
				040A5A38177F233A0010E979 /* pystrtod.h */,
				040A5A39177F233A0010E979 /* pythonrun.h */,
				040A5A3A177F233A0010E979 /* pythread.h */,
				040A5A3B177F233A0010E979 /* rangeobject.h */,
				040A5A3C177F233A0010E979 /* setobject.h */,
				040A5A3D177F233A0010E979 /* sliceobject.h */,
				040A5A3E177F233A0010E979 /* stringobject.h */,
				040A5A3F177F233A0010E979 /* structmember.h */,
				040A5A40177F233A0010E979 /* structseq.h */,
				040A5A41177F233B0010E979 /* symtable.h */,
				040A5A42177F233B0010E979 /* sysmodule.h */,
				040A5A43177F233B0010E979 /* timefuncs.h */,
				040A5A44177F233B0010E979 /* token.h */,
				040A5A45177F233B0010E979 /* traceback.h */,
				040A5A46177F233B0010E979 /* tupleobject.h */,
				040A5A47177F233B0010E979 /* ucnhash.h */,
				040A5A48177F233B0010E979 /* unicodeobject.h */,
				040A5A49177F233B0010E979 /* warnings.h */,
				040A5A4A177F233B0010E979 /* weakrefobject.h */,
			);
			name = python2.7;
			path = ../../libs/python2.7;
			sourceTree = "<group>";
		};
		04A63027177C5AC800E1760D = {
			isa = PBXGroup;
			children = (
				043C4F4D177FC28E00A55BD9 /* libBox2D.a */,
				043C4F4B177FC28800A55BD9 /* libCocosDenshion.a */,
				043C4F49177FC28300A55BD9 /* libFEX.a */,
				043C4F47177FC23300A55BD9 /* libcocos2dx.a */,
				040BD452177F285F00139293 /* libpython2.7.ios.a */,
				040A5A4D177F25370010E979 /* libpython2.7.a */,
				040A5A4E177F25370010E979 /* libpython2.7.sim.a */,
				04A63043177C5AC800E1760D /* FEXGameTemplate */,
				04A63032177C5AC800E1760D /* Frameworks */,
				04A63031177C5AC800E1760D /* Products */,
			);
			sourceTree = "<group>";
		};
		04A63031177C5AC800E1760D /* Products */ = {
			isa = PBXGroup;
			children = (
				04A63030177C5AC800E1760D /* FEXGameTemplate.app */,
			);
			name = Products;
			sourceTree = "<group>";
		};
		04A63032177C5AC800E1760D /* Frameworks */ = {
			isa = PBXGroup;
			children = (
				04A63033177C5AC800E1760D /* QuartzCore.framework */,
				04A63035177C5AC800E1760D /* OpenGLES.framework */,
				04A63037177C5AC800E1760D /* OpenAL.framework */,
				04A63039177C5AC800E1760D /* AudioToolbox.framework */,
				04A6303B177C5AC800E1760D /* AVFoundation.framework */,
				04A6303D177C5AC800E1760D /* UIKit.framework */,
				04A6303F177C5AC800E1760D /* Foundation.framework */,
				04A63041177C5AC800E1760D /* CoreGraphics.framework */,
			);
			name = Frameworks;
			sourceTree = "<group>";
		};
		04A63043177C5AC800E1760D /* FEXGameTemplate */ = {
			isa = PBXGroup;
			children = (
				040A59EE177F233A0010E979 /* python2.7 */,
				040A59EA177ECE450010E979 /* GameClasses */,
				04A63044177C5AC800E1760D /* Resources */,
				04A6305C177C5AC900E1760D /* ios */,
				04A633A1177C5ACF00E1760D /* Classes */,
				04A6339F177C5ACF00E1760D /* Supporting Files */,
			);
			path = FEXGameTemplate;
			sourceTree = "<group>";
		};
		04A63044177C5AC800E1760D /* Resources */ = {
			isa = PBXGroup;
			children = (
				04A633B9177C5C9000E1760D /* fonts */,
				04A633BA177C5C9000E1760D /* levels */,
				04A633BB177C5C9000E1760D /* particles */,
				04A633BC177C5C9000E1760D /* pdb */,
				04A633BD177C5C9000E1760D /* pic */,
				04A633BE177C5C9000E1760D /* sfx */,
				04A633BF177C5C9000E1760D /* shaders */,
				04A633C0177C5C9000E1760D /* sprite_components */,
				04A633C1177C5C9000E1760D /* sprites */,
				04A63045177C5AC800E1760D /* CloseNormal.png */,
				04A63047177C5AC900E1760D /* CloseSelected.png */,
				04A63049177C5AC900E1760D /* Default.png */,
				04A6304B177C5AC900E1760D /* HelloWorld.png */,
				04A6304D177C5AC900E1760D /* Icon-72.png */,
				04A6304F177C5AC900E1760D /* Icon-Small-50.png */,
				04A63051177C5AC900E1760D /* Icon-Small.png */,
				04A63053177C5AC900E1760D /* Icon-Small@2x.png */,
				04A63055177C5AC900E1760D /* Icon.png */,
				04A63057177C5AC900E1760D /* Icon@2x.png */,
				04A63059177C5AC900E1760D /* iTunesArtwork */,
				04A6305B177C5AC900E1760D /* Info.plist */,
				04A633A8177C5ACF00E1760D /* blocks.png */,
			);
			name = Resources;
			sourceTree = "<group>";
		};
		04A6305C177C5AC900E1760D /* ios */ = {
			isa = PBXGroup;
			children = (
				04A6305D177C5AC900E1760D /* AppController.h */,
				04A6305E177C5AC900E1760D /* AppController.mm */,
				04A63060177C5AC900E1760D /* RootViewController.h */,
				04A63061177C5AC900E1760D /* RootViewController.mm */,
				04A63063177C5AC900E1760D /* main.m */,
			);
			name = ios;
			sourceTree = "<group>";
		};
		04A6339F177C5ACF00E1760D /* Supporting Files */ = {
			isa = PBXGroup;
			children = (
				04A633A0177C5ACF00E1760D /* Prefix.pch */,
			);
			name = "Supporting Files";
			sourceTree = "<group>";
		};
		04A633A1177C5ACF00E1760D /* Classes */ = {
			isa = PBXGroup;
			children = (
				04A633A2177C5ACF00E1760D /* AppDelegate.h */,
				04A633A3177C5ACF00E1760D /* AppDelegate.cpp */,
			);
			name = Classes;
			sourceTree = "<group>";
		};
/* End PBXGroup section */

/* Begin PBXNativeTarget section */
		04A6302F177C5AC800E1760D /* FEXGameTemplate */ = {
			isa = PBXNativeTarget;
			buildConfigurationList = 04A633AC177C5ACF00E1760D /* Build configuration list for PBXNativeTarget "FEXGameTemplate" */;
			buildPhases = (
				04A6302C177C5AC800E1760D /* Sources */,
				04A6302D177C5AC800E1760D /* Frameworks */,
				04A6302E177C5AC800E1760D /* Resources */,
			);
			buildRules = (
			);
			dependencies = (
			);
			name = FEXGameTemplate;
			productName = FEXGameTemplate;
			productReference = 04A63030177C5AC800E1760D /* FEXGameTemplate.app */;
			productType = "com.apple.product-type.application";
		};
/* End PBXNativeTarget section */

/* Begin PBXProject section */
		04A63028177C5AC800E1760D /* Project object */ = {
			isa = PBXProject;
			attributes = {
				LastUpgradeCheck = 0460;
			};
			buildConfigurationList = 04A6302B177C5AC800E1760D /* Build configuration list for PBXProject "FEXGameTemplate" */;
			compatibilityVersion = "Xcode 3.2";
			developmentRegion = English;
			hasScannedForEncodings = 0;
			knownRegions = (
				en,
			);
			mainGroup = 04A63027177C5AC800E1760D;
			productRefGroup = 04A63031177C5AC800E1760D /* Products */;
			projectDirPath = "";
			projectRoot = "";
			targets = (
				04A6302F177C5AC800E1760D /* FEXGameTemplate */,
			);
		};
/* End PBXProject section */

/* Begin PBXResourcesBuildPhase section */
		04A6302E177C5AC800E1760D /* Resources */ = {
			isa = PBXResourcesBuildPhase;
			buildActionMask = 2147483647;
			files = (
				04A63046177C5AC800E1760D /* CloseNormal.png in Resources */,
				04A63048177C5AC900E1760D /* CloseSelected.png in Resources */,
				04A6304A177C5AC900E1760D /* Default.png in Resources */,
				04A6304C177C5AC900E1760D /* HelloWorld.png in Resources */,
				04A6304E177C5AC900E1760D /* Icon-72.png in Resources */,
				04A63050177C5AC900E1760D /* Icon-Small-50.png in Resources */,
				04A63052177C5AC900E1760D /* Icon-Small.png in Resources */,
				04A63054177C5AC900E1760D /* Icon-Small@2x.png in Resources */,
				04A63056177C5AC900E1760D /* Icon.png in Resources */,
				04A63058177C5AC900E1760D /* Icon@2x.png in Resources */,
				04A6305A177C5AC900E1760D /* iTunesArtwork in Resources */,
				04A633A9177C5ACF00E1760D /* blocks.png in Resources */,
				04A633C2177C5C9000E1760D /* fonts in Resources */,
				04A633C3177C5C9000E1760D /* levels in Resources */,
				04A633C4177C5C9000E1760D /* particles in Resources */,
				04A633C5177C5C9000E1760D /* pdb in Resources */,
				04A633C6177C5C9000E1760D /* pic in Resources */,
				04A633C7177C5C9000E1760D /* sfx in Resources */,
				04A633C8177C5C9000E1760D /* shaders in Resources */,
				04A633C9177C5C9000E1760D /* sprite_components in Resources */,
				04A633CA177C5C9000E1760D /* sprites in Resources */,
			);
			runOnlyForDeploymentPostprocessing = 0;
		};
/* End PBXResourcesBuildPhase section */

/* Begin PBXSourcesBuildPhase section */
		04A6302C177C5AC800E1760D /* Sources */ = {
			isa = PBXSourcesBuildPhase;
			buildActionMask = 2147483647;
			files = (
				04A6305F177C5AC900E1760D /* AppController.mm in Sources */,
				04A63062177C5AC900E1760D /* RootViewController.mm in Sources */,
				04A63064177C5AC900E1760D /* main.m in Sources */,
				04A633A4177C5ACF00E1760D /* AppDelegate.cpp in Sources */,
				040A59E9177ECE3F0010E979 /* GameTheSoldiers.cpp in Sources */,
				040A59ED177ECF2D0010E979 /* IOSTcouchController.cpp in Sources */,
			);
			runOnlyForDeploymentPostprocessing = 0;
		};
/* End PBXSourcesBuildPhase section */

/* Begin XCBuildConfiguration section */
		04A633AA177C5ACF00E1760D /* Debug */ = {
			isa = XCBuildConfiguration;
			buildSettings = {
				ARCHS = "$(ARCHS_STANDARD_32_BIT)";
				"CODE_SIGN_IDENTITY[sdk=iphoneos*]" = "iPhone Developer";
				GCC_C_LANGUAGE_STANDARD = gnu99;
				GCC_OPTIMIZATION_LEVEL = 0;
				GCC_PREPROCESSOR_DEFINITIONS = (
					DEBUG,
					"COCOS2D_DEBUG=1",
					USE_FILE32API,
					CC_TARGET_OS_IPHONE,
				);
				GCC_SYMBOLS_PRIVATE_EXTERN = NO;
				GCC_WARN_ABOUT_RETURN_TYPE = YES;
				GCC_WARN_UNUSED_VARIABLE = YES;
				HEADER_SEARCH_PATHS = (
					"\"$(PROJECT_NAME)/libs/cocos2dx/kazmath/include\"",
					"\"$(PROJECT_NAME)/libs/cocos2dx\"",
					"\"$(PROJECT_NAME)/libs/CocosDenshion/include\"",
					"\"$(SDKROOT)/usr/include/libxml2\"",
					"\"$(PROJECT_NAME)/libs/cocos2dx/include\"",
					"\"$(PROJECT_NAME)/libs/cocos2dx/platform/third_party/ios\"",
					"\"$(PROJECT_NAME)/libs/cocos2dx/platform/ios\"",
				);
				IPHONEOS_DEPLOYMENT_TARGET = 6.1;
				SDKROOT = iphoneos;
				TARGETED_DEVICE_FAMILY = "1,2";
			};
			name = Debug;
		};
		04A633AB177C5ACF00E1760D /* Release */ = {
			isa = XCBuildConfiguration;
			buildSettings = {
				ARCHS = "$(ARCHS_STANDARD_32_BIT)";
				"CODE_SIGN_IDENTITY[sdk=iphoneos*]" = "iPhone Developer";
				GCC_C_LANGUAGE_STANDARD = gnu99;
				GCC_PREPROCESSOR_DEFINITIONS = (
					NDEBUG,
					USE_FILE32API,
					CC_TARGET_OS_IPHONE,
				);
				GCC_WARN_ABOUT_RETURN_TYPE = YES;
				GCC_WARN_UNUSED_VARIABLE = YES;
				HEADER_SEARCH_PATHS = (
					"\"$(PROJECT_NAME)/libs/cocos2dx/kazmath/include\"",
					"\"$(PROJECT_NAME)/libs/cocos2dx\"",
					"\"$(PROJECT_NAME)/libs/CocosDenshion/include\"",
					"\"$(SDKROOT)/usr/include/libxml2\"",
					"\"$(PROJECT_NAME)/libs/cocos2dx/include\"",
					"\"$(PROJECT_NAME)/libs/cocos2dx/platform/third_party/ios\"",
					"\"$(PROJECT_NAME)/libs/cocos2dx/platform/ios\"",
				);
				IPHONEOS_DEPLOYMENT_TARGET = 6.1;
				OTHER_CFLAGS = "-DNS_BLOCK_ASSERTIONS=1";
				SDKROOT = iphoneos;
				TARGETED_DEVICE_FAMILY = "1,2";
			};
			name = Release;
		};
		04A633AD177C5ACF00E1760D /* Debug */ = {
			isa = XCBuildConfiguration;
			buildSettings = {
				ALWAYS_SEARCH_USER_PATHS = NO;
				CLANG_CXX_LANGUAGE_STANDARD = "c++0x";
				CLANG_CXX_LIBRARY = "libc++";
				CODE_SIGN_IDENTITY = "iPhone Developer: ZHOU LIN (3T8872A55A)";
				"CODE_SIGN_IDENTITY[sdk=iphoneos*]" = "iPhone Developer: ZHOU LIN (3T8872A55A)";
				COPY_PHASE_STRIP = NO;
				GCC_DYNAMIC_NO_PIC = NO;
				GCC_PRECOMPILE_PREFIX_HEADER = YES;
				GCC_PREFIX_HEADER = FEXGameTemplate/Prefix.pch;
				"GCC_THUMB_SUPPORT[arch=armv6]" = "";
				HEADER_SEARCH_PATHS = (
					"\"../libs/cocos2dx/kazmath/include\"",
					"\"../libs/cocos2dx\"",
					"\"../libs/CocosDenshion/include\"",
					"\"../libs/extensions\"",
					"\"../libs/cocos2dx/include\"",
					"\"../libs/cocos2dx/platform/third_party/ios\"",
					"\"../libs/cocos2dx/platform/ios\"",
					"\"../libs/external\"",
					../FEX,
				);
				INFOPLIST_FILE = FEXGameTemplate/Resources/Info.plist;
				IPHONEOS_DEPLOYMENT_TARGET = 5.0;
				LIBRARY_SEARCH_PATHS = (
					"$(inherited)",
					"\"$(SRCROOT)/FEXGameTemplate/libs/cocos2dx/platform/third_party/ios/libraries\"",
					"\"$(SRCROOT)/../libs/python2.7\"",
					"\"$(SRCROOT)/../../../Library/Developer/Xcode/DerivedData/FETemplate-bwkxjubalbhtkretxzgqqgetelpu/Build/Products/Debug-iphoneos\"",
				);
				OTHER_LDFLAGS = (
					"-lxml2",
					"-lz",
					"-lsqlite3",
				);
				PRODUCT_NAME = "$(TARGET_NAME)";
				PROVISIONING_PROFILE = "D1202FA9-2857-44BA-8C3C-9E33F0F08C40";
				"PROVISIONING_PROFILE[sdk=iphoneos*]" = "D1202FA9-2857-44BA-8C3C-9E33F0F08C40";
				WRAPPER_EXTENSION = app;
			};
			name = Debug;
		};
		04A633AE177C5ACF00E1760D /* Release */ = {
			isa = XCBuildConfiguration;
			buildSettings = {
				ALWAYS_SEARCH_USER_PATHS = NO;
				CLANG_CXX_LANGUAGE_STANDARD = "c++0x";
				CLANG_CXX_LIBRARY = "libc++";
				CODE_SIGN_IDENTITY = "iPhone Developer: ZHOU LIN (3T8872A55A)";
				"CODE_SIGN_IDENTITY[sdk=iphoneos*]" = "iPhone Developer: ZHOU LIN (3T8872A55A)";
				COPY_PHASE_STRIP = YES;
				GCC_PRECOMPILE_PREFIX_HEADER = YES;
				GCC_PREFIX_HEADER = FEXGameTemplate/Prefix.pch;
				"GCC_THUMB_SUPPORT[arch=armv6]" = "";
				HEADER_SEARCH_PATHS = (
					"\"../libs/cocos2dx/kazmath/include\"",
					"\"../libs/cocos2dx\"",
					"\"../libs/CocosDenshion/include\"",
					"\"../libs/extensions\"",
					"\"../libs/cocos2dx/include\"",
					"\"../libs/cocos2dx/platform/third_party/ios\"",
					"\"../libs/cocos2dx/platform/ios\"",
					"\"../libs/external\"",
					../FEX,
				);
				INFOPLIST_FILE = FEXGameTemplate/Resources/Info.plist;
				IPHONEOS_DEPLOYMENT_TARGET = 5.0;
				LIBRARY_SEARCH_PATHS = (
					"$(inherited)",
					"\"$(SRCROOT)/FEXGameTemplate/libs/cocos2dx/platform/third_party/ios/libraries\"",
					"\"$(SRCROOT)/../libs/python2.7\"",
					"\"$(SRCROOT)/../../../Library/Developer/Xcode/DerivedData/FETemplate-bwkxjubalbhtkretxzgqqgetelpu/Build/Products/Debug-iphoneos\"",
				);
				OTHER_LDFLAGS = (
					"-lxml2",
					"-lz",
					"-lsqlite3",
				);
				PRODUCT_NAME = "$(TARGET_NAME)";
				PROVISIONING_PROFILE = "D1202FA9-2857-44BA-8C3C-9E33F0F08C40";
				"PROVISIONING_PROFILE[sdk=iphoneos*]" = "D1202FA9-2857-44BA-8C3C-9E33F0F08C40";
				VALIDATE_PRODUCT = YES;
				WRAPPER_EXTENSION = app;
			};
			name = Release;
		};
/* End XCBuildConfiguration section */

/* Begin XCConfigurationList section */
		04A6302B177C5AC800E1760D /* Build configuration list for PBXProject "FEXGameTemplate" */ = {
			isa = XCConfigurationList;
			buildConfigurations = (
				04A633AA177C5ACF00E1760D /* Debug */,
				04A633AB177C5ACF00E1760D /* Release */,
			);
			defaultConfigurationIsVisible = 0;
			defaultConfigurationName = Release;
		};
		04A633AC177C5ACF00E1760D /* Build configuration list for PBXNativeTarget "FEXGameTemplate" */ = {
			isa = XCConfigurationList;
			buildConfigurations = (
				04A633AD177C5ACF00E1760D /* Debug */,
				04A633AE177C5ACF00E1760D /* Release */,
			);
			defaultConfigurationIsVisible = 0;
			defaultConfigurationName = Release;
		};
/* End XCConfigurationList section */
	};
	rootObject = 04A63028177C5AC800E1760D /* Project object */;
}
