// !$*UTF8*$!
{
	archiveVersion = 1;
	classes = {
	};
	objectVersion = 46;
	objects = {

/* Begin PBXBuildFile section */
		040589F6177582F5003648E1 /* LevelBase.cpp in Sources */ = {isa = PBXBuildFile; fileRef = 040589F4177582F4003648E1 /* LevelBase.cpp */; };
		040B33CB176C6A3400AFBF95 /* sprite_components in Resources */ = {isa = PBXBuildFile; fileRef = 040B33CA176C6A3400AFBF95 /* sprite_components */; };
		040B3C251766E05100596508 /* FEUtility.cpp in Sources */ = {isa = PBXBuildFile; fileRef = 040B3C231766E05100596508 /* FEUtility.cpp */; };
		0411798F177B589E00A2748B /* libBox2D.a in Frameworks */ = {isa = PBXBuildFile; fileRef = 0411798C177B589D00A2748B /* libBox2D.a */; };
		04117990177B589E00A2748B /* libcocos2dx.a in Frameworks */ = {isa = PBXBuildFile; fileRef = 0411798D177B589D00A2748B /* libcocos2dx.a */; };
		04117991177B589E00A2748B /* libCocosDenshion.a in Frameworks */ = {isa = PBXBuildFile; fileRef = 0411798E177B589D00A2748B /* libCocosDenshion.a */; };
		042B62171770C37D0010F03E /* CCPhyDebugNode.cpp in Sources */ = {isa = PBXBuildFile; fileRef = 042B62151770C37C0010F03E /* CCPhyDebugNode.cpp */; };
		04491165176F5EA200B995CB /* GLES-Render.cpp in Sources */ = {isa = PBXBuildFile; fileRef = 04491163176F5EA200B995CB /* GLES-Render.cpp */; };
		04713BCD1760C81900443B48 /* QuartzCore.framework in Frameworks */ = {isa = PBXBuildFile; fileRef = 04713BCC1760C81900443B48 /* QuartzCore.framework */; };
		04713BCF1760C81900443B48 /* OpenGLES.framework in Frameworks */ = {isa = PBXBuildFile; fileRef = 04713BCE1760C81900443B48 /* OpenGLES.framework */; };
		04713BD11760C81900443B48 /* OpenAL.framework in Frameworks */ = {isa = PBXBuildFile; fileRef = 04713BD01760C81900443B48 /* OpenAL.framework */; };
		04713BD31760C81900443B48 /* AudioToolbox.framework in Frameworks */ = {isa = PBXBuildFile; fileRef = 04713BD21760C81900443B48 /* AudioToolbox.framework */; };
		04713BD51760C81900443B48 /* AVFoundation.framework in Frameworks */ = {isa = PBXBuildFile; fileRef = 04713BD41760C81900443B48 /* AVFoundation.framework */; };
		04713BD71760C81900443B48 /* UIKit.framework in Frameworks */ = {isa = PBXBuildFile; fileRef = 04713BD61760C81900443B48 /* UIKit.framework */; };
		04713BD91760C81900443B48 /* Foundation.framework in Frameworks */ = {isa = PBXBuildFile; fileRef = 04713BD81760C81900443B48 /* Foundation.framework */; };
		04713BDB1760C81900443B48 /* CoreGraphics.framework in Frameworks */ = {isa = PBXBuildFile; fileRef = 04713BDA1760C81900443B48 /* CoreGraphics.framework */; };
		04713BE31760C81900443B48 /* Default.png in Resources */ = {isa = PBXBuildFile; fileRef = 04713BE21760C81900443B48 /* Default.png */; };
		04713BE51760C81900443B48 /* HelloWorld.png in Resources */ = {isa = PBXBuildFile; fileRef = 04713BE41760C81900443B48 /* HelloWorld.png */; };
		04713BE71760C81900443B48 /* Icon-72.png in Resources */ = {isa = PBXBuildFile; fileRef = 04713BE61760C81900443B48 /* Icon-72.png */; };
		04713BE91760C81900443B48 /* Icon-Small-50.png in Resources */ = {isa = PBXBuildFile; fileRef = 04713BE81760C81900443B48 /* Icon-Small-50.png */; };
		04713BEB1760C81900443B48 /* Icon-Small.png in Resources */ = {isa = PBXBuildFile; fileRef = 04713BEA1760C81900443B48 /* Icon-Small.png */; };
		04713BED1760C81900443B48 /* Icon-Small@2x.png in Resources */ = {isa = PBXBuildFile; fileRef = 04713BEC1760C81900443B48 /* Icon-Small@2x.png */; };
		04713BEF1760C81900443B48 /* Icon.png in Resources */ = {isa = PBXBuildFile; fileRef = 04713BEE1760C81900443B48 /* Icon.png */; };
		04713BF11760C81900443B48 /* Icon@2x.png in Resources */ = {isa = PBXBuildFile; fileRef = 04713BF01760C81900443B48 /* Icon@2x.png */; };
		04713BF31760C81900443B48 /* iTunesArtwork in Resources */ = {isa = PBXBuildFile; fileRef = 04713BF21760C81900443B48 /* iTunesArtwork */; };
		04713BF81760C81900443B48 /* AppController.mm in Sources */ = {isa = PBXBuildFile; fileRef = 04713BF71760C81900443B48 /* AppController.mm */; };
		04713BFB1760C81900443B48 /* RootViewController.mm in Sources */ = {isa = PBXBuildFile; fileRef = 04713BFA1760C81900443B48 /* RootViewController.mm */; };
		04713BFD1760C81900443B48 /* main.m in Sources */ = {isa = PBXBuildFile; fileRef = 04713BFC1760C81900443B48 /* main.m */; };
		04713F731760C82000443B48 /* AppDelegate.cpp in Sources */ = {isa = PBXBuildFile; fileRef = 04713F721760C82000443B48 /* AppDelegate.cpp */; };
		04713F781760C82000443B48 /* blocks.png in Resources */ = {isa = PBXBuildFile; fileRef = 04713F771760C82000443B48 /* blocks.png */; };
		04713F7F1760C89600443B48 /* Default-568h@2x.png in Resources */ = {isa = PBXBuildFile; fileRef = 04713F7E1760C89600443B48 /* Default-568h@2x.png */; };
		04846DCF17623CBC009A5E6F /* GameBase.cpp in Sources */ = {isa = PBXBuildFile; fileRef = 04846DC317623CBC009A5E6F /* GameBase.cpp */; };
		04846DD017623CBC009A5E6F /* GameLayer.cpp in Sources */ = {isa = PBXBuildFile; fileRef = 04846DC517623CBC009A5E6F /* GameLayer.cpp */; };
		04846DD117623CBC009A5E6F /* GameObjBase.cpp in Sources */ = {isa = PBXBuildFile; fileRef = 04846DC717623CBC009A5E6F /* GameObjBase.cpp */; };
		04846DD217623CBC009A5E6F /* GameScene.cpp in Sources */ = {isa = PBXBuildFile; fileRef = 04846DC917623CBC009A5E6F /* GameScene.cpp */; };
		04846DD317623CBC009A5E6F /* SpriteComponent.cpp in Sources */ = {isa = PBXBuildFile; fileRef = 04846DCB17623CBC009A5E6F /* SpriteComponent.cpp */; };
		04846DD7176248FF009A5E6F /* FE.cpp in Sources */ = {isa = PBXBuildFile; fileRef = 04846DD5176248FF009A5E6F /* FE.cpp */; };
		04A9BE741765A38C007AC855 /* fonts in Resources */ = {isa = PBXBuildFile; fileRef = 04A9BE6B1765A38C007AC855 /* fonts */; };
		04A9BE751765A38C007AC855 /* levels in Resources */ = {isa = PBXBuildFile; fileRef = 04A9BE6C1765A38C007AC855 /* levels */; };
		04A9BE761765A38C007AC855 /* particles in Resources */ = {isa = PBXBuildFile; fileRef = 04A9BE6D1765A38C007AC855 /* particles */; };
		04A9BE771765A38C007AC855 /* pdb in Resources */ = {isa = PBXBuildFile; fileRef = 04A9BE6E1765A38C007AC855 /* pdb */; };
		04A9BE781765A38C007AC855 /* pic in Resources */ = {isa = PBXBuildFile; fileRef = 04A9BE6F1765A38C007AC855 /* pic */; };
		04A9BE791765A38C007AC855 /* sfx in Resources */ = {isa = PBXBuildFile; fileRef = 04A9BE701765A38C007AC855 /* sfx */; };
		04A9BE7A1765A38C007AC855 /* shaders in Resources */ = {isa = PBXBuildFile; fileRef = 04A9BE711765A38C007AC855 /* shaders */; };
		04A9BE7C1765A38C007AC855 /* sprites in Resources */ = {isa = PBXBuildFile; fileRef = 04A9BE731765A38C007AC855 /* sprites */; };
		04A9BE7F17661B4F007AC855 /* ResourceManager.cpp in Sources */ = {isa = PBXBuildFile; fileRef = 04A9BE7D17661B4E007AC855 /* ResourceManager.cpp */; };
		04A9BE841766229B007AC855 /* pugixml.cpp in Sources */ = {isa = PBXBuildFile; fileRef = 04A9BE821766229B007AC855 /* pugixml.cpp */; };
		04FA3C0A1776F4D000F3EF90 /* GameObjFactory.cpp in Sources */ = {isa = PBXBuildFile; fileRef = 04FA3C081776F4D000F3EF90 /* GameObjFactory.cpp */; };
		04FA5F861764AB1E005DF04E /* SpriteBase.cpp in Sources */ = {isa = PBXBuildFile; fileRef = 04FA5F841764AB1E005DF04E /* SpriteBase.cpp */; };
/* End PBXBuildFile section */

/* Begin PBXFileReference section */
		040589F4177582F4003648E1 /* LevelBase.cpp */ = {isa = PBXFileReference; fileEncoding = 4; lastKnownFileType = sourcecode.cpp.cpp; path = LevelBase.cpp; sourceTree = "<group>"; };
		040589F5177582F5003648E1 /* LevelBase.h */ = {isa = PBXFileReference; fileEncoding = 4; lastKnownFileType = sourcecode.c.h; path = LevelBase.h; sourceTree = "<group>"; };
		040B33CA176C6A3400AFBF95 /* sprite_components */ = {isa = PBXFileReference; lastKnownFileType = folder; name = sprite_components; path = Resources/sprite_components; sourceTree = "<group>"; };
		040B3C231766E05100596508 /* FEUtility.cpp */ = {isa = PBXFileReference; fileEncoding = 4; lastKnownFileType = sourcecode.cpp.cpp; path = FEUtility.cpp; sourceTree = "<group>"; };
		040B3C241766E05100596508 /* FEUtility.h */ = {isa = PBXFileReference; fileEncoding = 4; lastKnownFileType = sourcecode.c.h; path = FEUtility.h; sourceTree = "<group>"; };
		0411798C177B589D00A2748B /* libBox2D.a */ = {isa = PBXFileReference; lastKnownFileType = file; name = libBox2D.a; path = "libcocos2dx/external/Box2D/proj.ios/build/Release-iphoneos/libBox2D.a"; sourceTree = "<group>"; };
		0411798D177B589D00A2748B /* libcocos2dx.a */ = {isa = PBXFileReference; lastKnownFileType = file; name = libcocos2dx.a; path = "libcocos2dx/cocos2dx/proj.ios/build/Release-iphoneos/libcocos2dx.a"; sourceTree = "<group>"; };
		0411798E177B589D00A2748B /* libCocosDenshion.a */ = {isa = PBXFileReference; lastKnownFileType = file; name = libCocosDenshion.a; path = "libcocos2dx/CocosDenshion/proj.ios/build/Release-iphoneos/libCocosDenshion.a"; sourceTree = "<group>"; };
		042B62151770C37C0010F03E /* CCPhyDebugNode.cpp */ = {isa = PBXFileReference; fileEncoding = 4; lastKnownFileType = sourcecode.cpp.cpp; path = CCPhyDebugNode.cpp; sourceTree = "<group>"; };
		042B62161770C37D0010F03E /* CCPhyDebugNode.h */ = {isa = PBXFileReference; fileEncoding = 4; lastKnownFileType = sourcecode.c.h; path = CCPhyDebugNode.h; sourceTree = "<group>"; };
		04491163176F5EA200B995CB /* GLES-Render.cpp */ = {isa = PBXFileReference; fileEncoding = 4; lastKnownFileType = sourcecode.cpp.cpp; path = "GLES-Render.cpp"; sourceTree = "<group>"; };
		04491164176F5EA200B995CB /* GLES-Render.h */ = {isa = PBXFileReference; fileEncoding = 4; lastKnownFileType = sourcecode.c.h; path = "GLES-Render.h"; sourceTree = "<group>"; };
		04713BC91760C81900443B48 /* FEX.app */ = {isa = PBXFileReference; explicitFileType = wrapper.application; includeInIndex = 0; path = FEX.app; sourceTree = BUILT_PRODUCTS_DIR; };
		04713BCC1760C81900443B48 /* QuartzCore.framework */ = {isa = PBXFileReference; lastKnownFileType = wrapper.framework; name = QuartzCore.framework; path = System/Library/Frameworks/QuartzCore.framework; sourceTree = SDKROOT; };
		04713BCE1760C81900443B48 /* OpenGLES.framework */ = {isa = PBXFileReference; lastKnownFileType = wrapper.framework; name = OpenGLES.framework; path = System/Library/Frameworks/OpenGLES.framework; sourceTree = SDKROOT; };
		04713BD01760C81900443B48 /* OpenAL.framework */ = {isa = PBXFileReference; lastKnownFileType = wrapper.framework; name = OpenAL.framework; path = System/Library/Frameworks/OpenAL.framework; sourceTree = SDKROOT; };
		04713BD21760C81900443B48 /* AudioToolbox.framework */ = {isa = PBXFileReference; lastKnownFileType = wrapper.framework; name = AudioToolbox.framework; path = System/Library/Frameworks/AudioToolbox.framework; sourceTree = SDKROOT; };
		04713BD41760C81900443B48 /* AVFoundation.framework */ = {isa = PBXFileReference; lastKnownFileType = wrapper.framework; name = AVFoundation.framework; path = System/Library/Frameworks/AVFoundation.framework; sourceTree = SDKROOT; };
		04713BD61760C81900443B48 /* UIKit.framework */ = {isa = PBXFileReference; lastKnownFileType = wrapper.framework; name = UIKit.framework; path = System/Library/Frameworks/UIKit.framework; sourceTree = SDKROOT; };
		04713BD81760C81900443B48 /* Foundation.framework */ = {isa = PBXFileReference; lastKnownFileType = wrapper.framework; name = Foundation.framework; path = System/Library/Frameworks/Foundation.framework; sourceTree = SDKROOT; };
		04713BDA1760C81900443B48 /* CoreGraphics.framework */ = {isa = PBXFileReference; lastKnownFileType = wrapper.framework; name = CoreGraphics.framework; path = System/Library/Frameworks/CoreGraphics.framework; sourceTree = SDKROOT; };
		04713BE21760C81900443B48 /* Default.png */ = {isa = PBXFileReference; lastKnownFileType = image.png; name = Default.png; path = Resources/Default.png; sourceTree = "<group>"; };
		04713BE41760C81900443B48 /* HelloWorld.png */ = {isa = PBXFileReference; lastKnownFileType = image.png; name = HelloWorld.png; path = Resources/HelloWorld.png; sourceTree = "<group>"; };
		04713BE61760C81900443B48 /* Icon-72.png */ = {isa = PBXFileReference; lastKnownFileType = image.png; name = "Icon-72.png"; path = "Resources/Icon-72.png"; sourceTree = "<group>"; };
		04713BE81760C81900443B48 /* Icon-Small-50.png */ = {isa = PBXFileReference; lastKnownFileType = image.png; name = "Icon-Small-50.png"; path = "Resources/Icon-Small-50.png"; sourceTree = "<group>"; };
		04713BEA1760C81900443B48 /* Icon-Small.png */ = {isa = PBXFileReference; lastKnownFileType = image.png; name = "Icon-Small.png"; path = "Resources/Icon-Small.png"; sourceTree = "<group>"; };
		04713BEC1760C81900443B48 /* Icon-Small@2x.png */ = {isa = PBXFileReference; lastKnownFileType = image.png; name = "Icon-Small@2x.png"; path = "Resources/Icon-Small@2x.png"; sourceTree = "<group>"; };
		04713BEE1760C81900443B48 /* Icon.png */ = {isa = PBXFileReference; lastKnownFileType = image.png; name = Icon.png; path = Resources/Icon.png; sourceTree = "<group>"; };
		04713BF01760C81900443B48 /* Icon@2x.png */ = {isa = PBXFileReference; lastKnownFileType = image.png; name = "Icon@2x.png"; path = "Resources/Icon@2x.png"; sourceTree = "<group>"; };
		04713BF21760C81900443B48 /* iTunesArtwork */ = {isa = PBXFileReference; lastKnownFileType = file; name = iTunesArtwork; path = Resources/iTunesArtwork; sourceTree = "<group>"; };
		04713BF41760C81900443B48 /* Info.plist */ = {isa = PBXFileReference; lastKnownFileType = text.plist.xml; name = Info.plist; path = Resources/Info.plist; sourceTree = "<group>"; };
		04713BF61760C81900443B48 /* AppController.h */ = {isa = PBXFileReference; lastKnownFileType = sourcecode.c.h; name = AppController.h; path = ios/AppController.h; sourceTree = "<group>"; };
		04713BF71760C81900443B48 /* AppController.mm */ = {isa = PBXFileReference; lastKnownFileType = sourcecode.cpp.objcpp; name = AppController.mm; path = ios/AppController.mm; sourceTree = "<group>"; };
		04713BF91760C81900443B48 /* RootViewController.h */ = {isa = PBXFileReference; lastKnownFileType = sourcecode.c.h; name = RootViewController.h; path = ios/RootViewController.h; sourceTree = "<group>"; };
		04713BFA1760C81900443B48 /* RootViewController.mm */ = {isa = PBXFileReference; lastKnownFileType = sourcecode.cpp.objcpp; name = RootViewController.mm; path = ios/RootViewController.mm; sourceTree = "<group>"; };
		04713BFC1760C81900443B48 /* main.m */ = {isa = PBXFileReference; lastKnownFileType = sourcecode.c.objc; name = main.m; path = ios/main.m; sourceTree = "<group>"; };
		04713F6F1760C81F00443B48 /* Prefix.pch */ = {isa = PBXFileReference; lastKnownFileType = sourcecode.c.h; path = Prefix.pch; sourceTree = "<group>"; };
		04713F711760C82000443B48 /* AppDelegate.h */ = {isa = PBXFileReference; lastKnownFileType = sourcecode.c.h; name = AppDelegate.h; path = Classes/AppDelegate.h; sourceTree = "<group>"; };
		04713F721760C82000443B48 /* AppDelegate.cpp */ = {isa = PBXFileReference; lastKnownFileType = sourcecode.cpp.cpp; name = AppDelegate.cpp; path = Classes/AppDelegate.cpp; sourceTree = "<group>"; };
		04713F771760C82000443B48 /* blocks.png */ = {isa = PBXFileReference; lastKnownFileType = image.png; name = blocks.png; path = Resources/blocks.png; sourceTree = "<group>"; };
		04713F7E1760C89600443B48 /* Default-568h@2x.png */ = {isa = PBXFileReference; lastKnownFileType = image.png; path = "Default-568h@2x.png"; sourceTree = "<group>"; };
		04846DC317623CBC009A5E6F /* GameBase.cpp */ = {isa = PBXFileReference; fileEncoding = 4; lastKnownFileType = sourcecode.cpp.cpp; path = GameBase.cpp; sourceTree = "<group>"; };
		04846DC417623CBC009A5E6F /* GameBase.h */ = {isa = PBXFileReference; fileEncoding = 4; lastKnownFileType = sourcecode.c.h; path = GameBase.h; sourceTree = "<group>"; };
		04846DC517623CBC009A5E6F /* GameLayer.cpp */ = {isa = PBXFileReference; fileEncoding = 4; lastKnownFileType = sourcecode.cpp.cpp; path = GameLayer.cpp; sourceTree = "<group>"; };
		04846DC617623CBC009A5E6F /* GameLayer.h */ = {isa = PBXFileReference; fileEncoding = 4; lastKnownFileType = sourcecode.c.h; path = GameLayer.h; sourceTree = "<group>"; };
		04846DC717623CBC009A5E6F /* GameObjBase.cpp */ = {isa = PBXFileReference; fileEncoding = 4; lastKnownFileType = sourcecode.cpp.cpp; path = GameObjBase.cpp; sourceTree = "<group>"; };
		04846DC817623CBC009A5E6F /* GameObjBase.h */ = {isa = PBXFileReference; fileEncoding = 4; lastKnownFileType = sourcecode.c.h; path = GameObjBase.h; sourceTree = "<group>"; };
		04846DC917623CBC009A5E6F /* GameScene.cpp */ = {isa = PBXFileReference; fileEncoding = 4; lastKnownFileType = sourcecode.cpp.cpp; path = GameScene.cpp; sourceTree = "<group>"; };
		04846DCA17623CBC009A5E6F /* GameScene.h */ = {isa = PBXFileReference; fileEncoding = 4; lastKnownFileType = sourcecode.c.h; path = GameScene.h; sourceTree = "<group>"; };
		04846DCB17623CBC009A5E6F /* SpriteComponent.cpp */ = {isa = PBXFileReference; fileEncoding = 4; lastKnownFileType = sourcecode.cpp.cpp; path = SpriteComponent.cpp; sourceTree = "<group>"; };
		04846DCC17623CBC009A5E6F /* SpriteComponent.h */ = {isa = PBXFileReference; fileEncoding = 4; lastKnownFileType = sourcecode.c.h; path = SpriteComponent.h; sourceTree = "<group>"; };
		04846DD5176248FF009A5E6F /* FE.cpp */ = {isa = PBXFileReference; fileEncoding = 4; lastKnownFileType = sourcecode.cpp.cpp; path = FE.cpp; sourceTree = "<group>"; };
		04846DD6176248FF009A5E6F /* FE.h */ = {isa = PBXFileReference; fileEncoding = 4; lastKnownFileType = sourcecode.c.h; path = FE.h; sourceTree = "<group>"; };
		04A9BE6B1765A38C007AC855 /* fonts */ = {isa = PBXFileReference; lastKnownFileType = folder; name = fonts; path = Resources/fonts; sourceTree = "<group>"; };
		04A9BE6C1765A38C007AC855 /* levels */ = {isa = PBXFileReference; lastKnownFileType = folder; name = levels; path = Resources/levels; sourceTree = "<group>"; };
		04A9BE6D1765A38C007AC855 /* particles */ = {isa = PBXFileReference; lastKnownFileType = folder; name = particles; path = Resources/particles; sourceTree = "<group>"; };
		04A9BE6E1765A38C007AC855 /* pdb */ = {isa = PBXFileReference; lastKnownFileType = folder; name = pdb; path = Resources/pdb; sourceTree = "<group>"; };
		04A9BE6F1765A38C007AC855 /* pic */ = {isa = PBXFileReference; lastKnownFileType = folder; name = pic; path = Resources/pic; sourceTree = "<group>"; };
		04A9BE701765A38C007AC855 /* sfx */ = {isa = PBXFileReference; lastKnownFileType = folder; name = sfx; path = Resources/sfx; sourceTree = "<group>"; };
		04A9BE711765A38C007AC855 /* shaders */ = {isa = PBXFileReference; lastKnownFileType = folder; name = shaders; path = Resources/shaders; sourceTree = "<group>"; };
		04A9BE731765A38C007AC855 /* sprites */ = {isa = PBXFileReference; lastKnownFileType = folder; name = sprites; path = Resources/sprites; sourceTree = "<group>"; };
		04A9BE7D17661B4E007AC855 /* ResourceManager.cpp */ = {isa = PBXFileReference; fileEncoding = 4; lastKnownFileType = sourcecode.cpp.cpp; path = ResourceManager.cpp; sourceTree = "<group>"; };
		04A9BE7E17661B4E007AC855 /* ResourceManager.h */ = {isa = PBXFileReference; fileEncoding = 4; lastKnownFileType = sourcecode.c.h; path = ResourceManager.h; sourceTree = "<group>"; };
		04A9BE811766229B007AC855 /* pugiconfig.hpp */ = {isa = PBXFileReference; fileEncoding = 4; lastKnownFileType = sourcecode.cpp.h; path = pugiconfig.hpp; sourceTree = "<group>"; };
		04A9BE821766229B007AC855 /* pugixml.cpp */ = {isa = PBXFileReference; fileEncoding = 4; lastKnownFileType = sourcecode.cpp.cpp; path = pugixml.cpp; sourceTree = "<group>"; };
		04A9BE831766229B007AC855 /* pugixml.hpp */ = {isa = PBXFileReference; fileEncoding = 4; lastKnownFileType = sourcecode.cpp.h; path = pugixml.hpp; sourceTree = "<group>"; };
		04C8705B17700C670022B8AB /* logger.h */ = {isa = PBXFileReference; lastKnownFileType = sourcecode.c.h; path = logger.h; sourceTree = "<group>"; };
		04FA3C071776B01000F3EF90 /* ClassInfo.h */ = {isa = PBXFileReference; lastKnownFileType = sourcecode.c.h; path = ClassInfo.h; sourceTree = "<group>"; };
		04FA3C081776F4D000F3EF90 /* GameObjFactory.cpp */ = {isa = PBXFileReference; fileEncoding = 4; lastKnownFileType = sourcecode.cpp.cpp; path = GameObjFactory.cpp; sourceTree = "<group>"; };
		04FA3C091776F4D000F3EF90 /* GameObjFactory.h */ = {isa = PBXFileReference; fileEncoding = 4; lastKnownFileType = sourcecode.c.h; path = GameObjFactory.h; sourceTree = "<group>"; };
		04FA5F841764AB1E005DF04E /* SpriteBase.cpp */ = {isa = PBXFileReference; fileEncoding = 4; lastKnownFileType = sourcecode.cpp.cpp; path = SpriteBase.cpp; sourceTree = "<group>"; };
		04FA5F851764AB1E005DF04E /* SpriteBase.h */ = {isa = PBXFileReference; fileEncoding = 4; lastKnownFileType = sourcecode.c.h; path = SpriteBase.h; sourceTree = "<group>"; };
/* End PBXFileReference section */

/* Begin PBXFrameworksBuildPhase section */
		04713BC61760C81900443B48 /* Frameworks */ = {
			isa = PBXFrameworksBuildPhase;
			buildActionMask = 2147483647;
			files = (
				0411798F177B589E00A2748B /* libBox2D.a in Frameworks */,
				04117990177B589E00A2748B /* libcocos2dx.a in Frameworks */,
				04117991177B589E00A2748B /* libCocosDenshion.a in Frameworks */,
				04713BCD1760C81900443B48 /* QuartzCore.framework in Frameworks */,
				04713BCF1760C81900443B48 /* OpenGLES.framework in Frameworks */,
				04713BD11760C81900443B48 /* OpenAL.framework in Frameworks */,
				04713BD31760C81900443B48 /* AudioToolbox.framework in Frameworks */,
				04713BD51760C81900443B48 /* AVFoundation.framework in Frameworks */,
				04713BD71760C81900443B48 /* UIKit.framework in Frameworks */,
				04713BD91760C81900443B48 /* Foundation.framework in Frameworks */,
				04713BDB1760C81900443B48 /* CoreGraphics.framework in Frameworks */,
			);
			runOnlyForDeploymentPostprocessing = 0;
		};
/* End PBXFrameworksBuildPhase section */

/* Begin PBXGroup section */
		04713BC01760C81900443B48 = {
			isa = PBXGroup;
			children = (
				0411798C177B589D00A2748B /* libBox2D.a */,
				0411798D177B589D00A2748B /* libcocos2dx.a */,
				0411798E177B589D00A2748B /* libCocosDenshion.a */,
				04713F7E1760C89600443B48 /* Default-568h@2x.png */,
				04713BDC1760C81900443B48 /* FEX */,
				04713BCB1760C81900443B48 /* Frameworks */,
				04713BCA1760C81900443B48 /* Products */,
			);
			sourceTree = "<group>";
		};
		04713BCA1760C81900443B48 /* Products */ = {
			isa = PBXGroup;
			children = (
				04713BC91760C81900443B48 /* FEX.app */,
			);
			name = Products;
			sourceTree = "<group>";
		};
		04713BCB1760C81900443B48 /* Frameworks */ = {
			isa = PBXGroup;
			children = (
				04713BCC1760C81900443B48 /* QuartzCore.framework */,
				04713BCE1760C81900443B48 /* OpenGLES.framework */,
				04713BD01760C81900443B48 /* OpenAL.framework */,
				04713BD21760C81900443B48 /* AudioToolbox.framework */,
				04713BD41760C81900443B48 /* AVFoundation.framework */,
				04713BD61760C81900443B48 /* UIKit.framework */,
				04713BD81760C81900443B48 /* Foundation.framework */,
				04713BDA1760C81900443B48 /* CoreGraphics.framework */,
			);
			name = Frameworks;
			sourceTree = "<group>";
		};
		04713BDC1760C81900443B48 /* FEX */ = {
			isa = PBXGroup;
			children = (
				04713F701760C82000443B48 /* Classes */,
				04846DC217623CBC009A5E6F /* FESimple */,
				04713BDD1760C81900443B48 /* Resources */,
				04713BF51760C81900443B48 /* ios */,
				04713F6E1760C81F00443B48 /* Supporting Files */,
			);
			path = FEX;
			sourceTree = "<group>";
		};
		04713BDD1760C81900443B48 /* Resources */ = {
			isa = PBXGroup;
			children = (
				040B33CA176C6A3400AFBF95 /* sprite_components */,
				04A9BE6B1765A38C007AC855 /* fonts */,
				04A9BE6C1765A38C007AC855 /* levels */,
				04A9BE6D1765A38C007AC855 /* particles */,
				04A9BE6E1765A38C007AC855 /* pdb */,
				04A9BE6F1765A38C007AC855 /* pic */,
				04A9BE701765A38C007AC855 /* sfx */,
				04A9BE711765A38C007AC855 /* shaders */,
				04A9BE731765A38C007AC855 /* sprites */,
				04713BE21760C81900443B48 /* Default.png */,
				04713BE41760C81900443B48 /* HelloWorld.png */,
				04713BE61760C81900443B48 /* Icon-72.png */,
				04713BE81760C81900443B48 /* Icon-Small-50.png */,
				04713BEA1760C81900443B48 /* Icon-Small.png */,
				04713BEC1760C81900443B48 /* Icon-Small@2x.png */,
				04713BEE1760C81900443B48 /* Icon.png */,
				04713BF01760C81900443B48 /* Icon@2x.png */,
				04713BF21760C81900443B48 /* iTunesArtwork */,
				04713BF41760C81900443B48 /* Info.plist */,
				04713F771760C82000443B48 /* blocks.png */,
			);
			name = Resources;
			sourceTree = "<group>";
		};
		04713BF51760C81900443B48 /* ios */ = {
			isa = PBXGroup;
			children = (
				04713BF61760C81900443B48 /* AppController.h */,
				04713BF71760C81900443B48 /* AppController.mm */,
				04713BF91760C81900443B48 /* RootViewController.h */,
				04713BFA1760C81900443B48 /* RootViewController.mm */,
				04713BFC1760C81900443B48 /* main.m */,
			);
			name = ios;
			sourceTree = "<group>";
		};
		04713F6E1760C81F00443B48 /* Supporting Files */ = {
			isa = PBXGroup;
			children = (
				04713F6F1760C81F00443B48 /* Prefix.pch */,
			);
			name = "Supporting Files";
			sourceTree = "<group>";
		};
		04713F701760C82000443B48 /* Classes */ = {
			isa = PBXGroup;
			children = (
				04713F711760C82000443B48 /* AppDelegate.h */,
				04713F721760C82000443B48 /* AppDelegate.cpp */,
			);
			name = Classes;
			sourceTree = "<group>";
		};
		04846DC217623CBC009A5E6F /* FESimple */ = {
			isa = PBXGroup;
			children = (
				04491163176F5EA200B995CB /* GLES-Render.cpp */,
				04491164176F5EA200B995CB /* GLES-Render.h */,
				04A9BE801766229A007AC855 /* pugixml */,
				04FA5F871764D3FC005DF04E /* Fundmental */,
				04846DCB17623CBC009A5E6F /* SpriteComponent.cpp */,
				04846DCC17623CBC009A5E6F /* SpriteComponent.h */,
				04846DD5176248FF009A5E6F /* FE.cpp */,
				04846DD6176248FF009A5E6F /* FE.h */,
				04FA5F841764AB1E005DF04E /* SpriteBase.cpp */,
				04FA5F851764AB1E005DF04E /* SpriteBase.h */,
				04A9BE7D17661B4E007AC855 /* ResourceManager.cpp */,
				04A9BE7E17661B4E007AC855 /* ResourceManager.h */,
				040B3C231766E05100596508 /* FEUtility.cpp */,
				040B3C241766E05100596508 /* FEUtility.h */,
				04C8705B17700C670022B8AB /* logger.h */,
				042B62151770C37C0010F03E /* CCPhyDebugNode.cpp */,
				042B62161770C37D0010F03E /* CCPhyDebugNode.h */,
				040589F4177582F4003648E1 /* LevelBase.cpp */,
				040589F5177582F5003648E1 /* LevelBase.h */,
			);
			path = FESimple;
			sourceTree = "<group>";
		};
		04A9BE801766229A007AC855 /* pugixml */ = {
			isa = PBXGroup;
			children = (
				04A9BE811766229B007AC855 /* pugiconfig.hpp */,
				04A9BE821766229B007AC855 /* pugixml.cpp */,
				04A9BE831766229B007AC855 /* pugixml.hpp */,
			);
			path = pugixml;
			sourceTree = "<group>";
		};
		04FA5F871764D3FC005DF04E /* Fundmental */ = {
			isa = PBXGroup;
			children = (
				04846DC517623CBC009A5E6F /* GameLayer.cpp */,
				04846DC617623CBC009A5E6F /* GameLayer.h */,
				04846DC917623CBC009A5E6F /* GameScene.cpp */,
				04846DCA17623CBC009A5E6F /* GameScene.h */,
				04846DC717623CBC009A5E6F /* GameObjBase.cpp */,
				04846DC817623CBC009A5E6F /* GameObjBase.h */,
				04846DC317623CBC009A5E6F /* GameBase.cpp */,
				04846DC417623CBC009A5E6F /* GameBase.h */,
				04FA3C071776B01000F3EF90 /* ClassInfo.h */,
				04FA3C081776F4D000F3EF90 /* GameObjFactory.cpp */,
				04FA3C091776F4D000F3EF90 /* GameObjFactory.h */,
			);
			name = Fundmental;
			sourceTree = "<group>";
		};
/* End PBXGroup section */

/* Begin PBXNativeTarget section */
		04713BC81760C81900443B48 /* FEX */ = {
			isa = PBXNativeTarget;
			buildConfigurationList = 04713F7B1760C82000443B48 /* Build configuration list for PBXNativeTarget "FEX" */;
			buildPhases = (
				04713BC51760C81900443B48 /* Sources */,
				04713BC61760C81900443B48 /* Frameworks */,
				04713BC71760C81900443B48 /* Resources */,
			);
			buildRules = (
			);
			dependencies = (
			);
			name = FEX;
			productName = FEX;
			productReference = 04713BC91760C81900443B48 /* FEX.app */;
			productType = "com.apple.product-type.application";
		};
/* End PBXNativeTarget section */

/* Begin PBXProject section */
		04713BC11760C81900443B48 /* Project object */ = {
			isa = PBXProject;
			attributes = {
				LastUpgradeCheck = 0460;
			};
			buildConfigurationList = 04713BC41760C81900443B48 /* Build configuration list for PBXProject "FEX" */;
			compatibilityVersion = "Xcode 3.2";
			developmentRegion = English;
			hasScannedForEncodings = 0;
			knownRegions = (
				en,
			);
			mainGroup = 04713BC01760C81900443B48;
			productRefGroup = 04713BCA1760C81900443B48 /* Products */;
			projectDirPath = "";
			projectRoot = "";
			targets = (
				04713BC81760C81900443B48 /* FEX */,
			);
		};
/* End PBXProject section */

/* Begin PBXResourcesBuildPhase section */
		04713BC71760C81900443B48 /* Resources */ = {
			isa = PBXResourcesBuildPhase;
			buildActionMask = 2147483647;
			files = (
				04713BE31760C81900443B48 /* Default.png in Resources */,
				04713BE51760C81900443B48 /* HelloWorld.png in Resources */,
				04713BE71760C81900443B48 /* Icon-72.png in Resources */,
				04713BE91760C81900443B48 /* Icon-Small-50.png in Resources */,
				04713BEB1760C81900443B48 /* Icon-Small.png in Resources */,
				04713BED1760C81900443B48 /* Icon-Small@2x.png in Resources */,
				04713BEF1760C81900443B48 /* Icon.png in Resources */,
				04713BF11760C81900443B48 /* Icon@2x.png in Resources */,
				04713BF31760C81900443B48 /* iTunesArtwork in Resources */,
				04713F781760C82000443B48 /* blocks.png in Resources */,
				04713F7F1760C89600443B48 /* Default-568h@2x.png in Resources */,
				04A9BE741765A38C007AC855 /* fonts in Resources */,
				04A9BE751765A38C007AC855 /* levels in Resources */,
				04A9BE761765A38C007AC855 /* particles in Resources */,
				04A9BE771765A38C007AC855 /* pdb in Resources */,
				04A9BE781765A38C007AC855 /* pic in Resources */,
				04A9BE791765A38C007AC855 /* sfx in Resources */,
				04A9BE7A1765A38C007AC855 /* shaders in Resources */,
				04A9BE7C1765A38C007AC855 /* sprites in Resources */,
				040B33CB176C6A3400AFBF95 /* sprite_components in Resources */,
			);
			runOnlyForDeploymentPostprocessing = 0;
		};
/* End PBXResourcesBuildPhase section */

/* Begin PBXSourcesBuildPhase section */
		04713BC51760C81900443B48 /* Sources */ = {
			isa = PBXSourcesBuildPhase;
			buildActionMask = 2147483647;
			files = (
				04713BF81760C81900443B48 /* AppController.mm in Sources */,
				04713BFB1760C81900443B48 /* RootViewController.mm in Sources */,
				04713BFD1760C81900443B48 /* main.m in Sources */,
				04713F731760C82000443B48 /* AppDelegate.cpp in Sources */,
				04846DCF17623CBC009A5E6F /* GameBase.cpp in Sources */,
				04846DD017623CBC009A5E6F /* GameLayer.cpp in Sources */,
				04846DD117623CBC009A5E6F /* GameObjBase.cpp in Sources */,
				04846DD217623CBC009A5E6F /* GameScene.cpp in Sources */,
				04846DD317623CBC009A5E6F /* SpriteComponent.cpp in Sources */,
				04846DD7176248FF009A5E6F /* FE.cpp in Sources */,
				04FA5F861764AB1E005DF04E /* SpriteBase.cpp in Sources */,
				04A9BE7F17661B4F007AC855 /* ResourceManager.cpp in Sources */,
				04A9BE841766229B007AC855 /* pugixml.cpp in Sources */,
				040B3C251766E05100596508 /* FEUtility.cpp in Sources */,
				04491165176F5EA200B995CB /* GLES-Render.cpp in Sources */,
				042B62171770C37D0010F03E /* CCPhyDebugNode.cpp in Sources */,
				040589F6177582F5003648E1 /* LevelBase.cpp in Sources */,
				04FA3C0A1776F4D000F3EF90 /* GameObjFactory.cpp in Sources */,
			);
			runOnlyForDeploymentPostprocessing = 0;
		};
/* End PBXSourcesBuildPhase section */

/* Begin XCBuildConfiguration section */
		04713F791760C82000443B48 /* Debug */ = {
			isa = XCBuildConfiguration;
			buildSettings = {
				ARCHS = "$(ARCHS_STANDARD_32_BIT)";
				"CODE_SIGN_IDENTITY[sdk=iphoneos*]" = "iPhone Developer";
				GCC_C_LANGUAGE_STANDARD = gnu99;
				GCC_OPTIMIZATION_LEVEL = 0;
				GCC_PREPROCESSOR_DEFINITIONS = (
					DEBUG,
					"COCOS2D_DEBUG=1",
					USE_FILE32API,
					CC_TARGET_OS_IPHONE,
					"CC_ENABLE_CHIPMUNK_INTEGRATION=1",
					"CC_ENABLE_CHIPMUNK_INTEGRATION=0",
					"CC_ENABLE_BOX2D_INTEGRATION=1",
				);
				GCC_SYMBOLS_PRIVATE_EXTERN = NO;
				GCC_WARN_ABOUT_RETURN_TYPE = YES;
				GCC_WARN_UNUSED_VARIABLE = YES;
				HEADER_SEARCH_PATHS = (
					"\"$(PROJECT_NAME)/libs/cocos2dx/kazmath/include\"",
					"\"$(PROJECT_NAME)/libs/cocos2dx\"",
					"\"$(PROJECT_NAME)/libs/CocosDenshion/include\"",
					"\"$(PROJECT_NAME)/libs/extensions\"",
					"\"$(PROJECT_NAME)/libs/cocos2dx/include\"",
					"\"$(PROJECT_NAME)/libs/cocos2dx/platform/third_party/ios\"",
					"\"$(PROJECT_NAME)/libs/cocos2dx/platform/ios\"",
				);
				IPHONEOS_DEPLOYMENT_TARGET = 6.1;
				SDKROOT = iphoneos;
				TARGETED_DEVICE_FAMILY = "1,2";
			};
			name = Debug;
		};
		04713F7A1760C82000443B48 /* Release */ = {
			isa = XCBuildConfiguration;
			buildSettings = {
				ARCHS = "$(ARCHS_STANDARD_32_BIT)";
				"CODE_SIGN_IDENTITY[sdk=iphoneos*]" = "iPhone Developer";
				GCC_C_LANGUAGE_STANDARD = gnu99;
				GCC_PREPROCESSOR_DEFINITIONS = (
					NDEBUG,
					USE_FILE32API,
					CC_TARGET_OS_IPHONE,
					"CC_ENABLE_CHIPMUNK_INTEGRATION=1",
					"CC_ENABLE_CHIPMUNK_INTEGRATION=0",
					"CC_ENABLE_BOX2D_INTEGRATION=1",
				);
				GCC_WARN_ABOUT_RETURN_TYPE = YES;
				GCC_WARN_UNUSED_VARIABLE = YES;
				HEADER_SEARCH_PATHS = (
					"\"$(PROJECT_NAME)/libs/cocos2dx/kazmath/include\"",
					"\"$(PROJECT_NAME)/libs/cocos2dx\"",
					"\"$(PROJECT_NAME)/libs/CocosDenshion/include\"",
					"\"$(PROJECT_NAME)/libs/extensions\"",
					"\"$(PROJECT_NAME)/libs/cocos2dx/include\"",
					"\"$(PROJECT_NAME)/libs/cocos2dx/platform/third_party/ios\"",
					"\"$(PROJECT_NAME)/libs/cocos2dx/platform/ios\"",
				);
				IPHONEOS_DEPLOYMENT_TARGET = 6.1;
				OTHER_CFLAGS = "-DNS_BLOCK_ASSERTIONS=1";
				SDKROOT = iphoneos;
				TARGETED_DEVICE_FAMILY = "1,2";
			};
			name = Release;
		};
		04713F7C1760C82000443B48 /* Debug */ = {
			isa = XCBuildConfiguration;
			buildSettings = {
				ALWAYS_SEARCH_USER_PATHS = NO;
				CLANG_CXX_LANGUAGE_STANDARD = "c++0x";
				CLANG_CXX_LIBRARY = "libc++";
				COPY_PHASE_STRIP = NO;
				GCC_DYNAMIC_NO_PIC = NO;
				GCC_PRECOMPILE_PREFIX_HEADER = YES;
				GCC_PREFIX_HEADER = FEX/Prefix.pch;
				GCC_PREPROCESSOR_DEFINITIONS = (
					DEBUG,
					"COCOS2D_DEBUG=1",
					USE_FILE32API,
					CC_TARGET_OS_IPHONE,
					"CC_ENABLE_CHIPMUNK_INTEGRATION=0",
					"CC_ENABLE_BOX2D_INTEGRATION=1",
				);
				"GCC_THUMB_SUPPORT[arch=armv6]" = "";
				HEADER_SEARCH_PATHS = (
					"\"libcocos2dx/cocos2dx/kazmath/include\"",
					"\"libcocos2dx/cocos2dx\"",
					"\"libcocos2dx/CocosDenshion/include\"",
					"\"libcocos2dx/extensions\"",
					"\"libcocos2dx/cocos2dx/include\"",
					"\"libcocos2dx/cocos2dx/platform/third_party/ios\"",
					"\"libcocos2dx/cocos2dx/platform/ios\"",
					"\"libcocos2dx/external\"",
				);
				INFOPLIST_FILE = FEX/Resources/Info.plist;
				IPHONEOS_DEPLOYMENT_TARGET = 5.0;
				LIBRARY_SEARCH_PATHS = (
					"$(inherited)",
					"\"libcocos2d/cocos2dx/platform/third_party/ios/libraries\"",
				);
				OTHER_LDFLAGS = (
					"-lxml2",
					"-lz",
					"-lsqlite3",
				);
				PRODUCT_NAME = "$(TARGET_NAME)";
				USER_HEADER_SEARCH_PATHS = "";
				WRAPPER_EXTENSION = app;
			};
			name = Debug;
		};
		04713F7D1760C82000443B48 /* Release */ = {
			isa = XCBuildConfiguration;
			buildSettings = {
				ALWAYS_SEARCH_USER_PATHS = NO;
				CLANG_CXX_LANGUAGE_STANDARD = "c++0x";
				CLANG_CXX_LIBRARY = "libc++";
				COPY_PHASE_STRIP = YES;
				GCC_PRECOMPILE_PREFIX_HEADER = YES;
				GCC_PREFIX_HEADER = FEX/Prefix.pch;
				GCC_PREPROCESSOR_DEFINITIONS = (
					NDEBUG,
					USE_FILE32API,
					CC_TARGET_OS_IPHONE,
					"CC_ENABLE_CHIPMUNK_INTEGRATION=0",
					"CC_ENABLE_BOX2D_INTEGRATION=1",
				);
				"GCC_THUMB_SUPPORT[arch=armv6]" = "";
				HEADER_SEARCH_PATHS = (
					"\"libcocos2dx/cocos2dx/kazmath/include\"",
					"\"libcocos2dx/cocos2dx\"",
					"\"libcocos2dx/CocosDenshion/include\"",
					"\"libcocos2dx/extensions\"",
					"\"libcocos2dx/cocos2dx/include\"",
					"\"libcocos2dx/cocos2dx/platform/third_party/ios\"",
					"\"libcocos2dx/cocos2dx/platform/ios\"",
					"\"libcocos2dx/external\"",
				);
				INFOPLIST_FILE = FEX/Resources/Info.plist;
				IPHONEOS_DEPLOYMENT_TARGET = 5.0;
				LIBRARY_SEARCH_PATHS = (
					"$(inherited)",
					"\"libcocos2d/cocos2dx/platform/third_party/ios/libraries\"",
				);
				OTHER_LDFLAGS = (
					"-lxml2",
					"-lz",
					"-lsqlite3",
				);
				PRODUCT_NAME = "$(TARGET_NAME)";
				USER_HEADER_SEARCH_PATHS = "";
				VALIDATE_PRODUCT = YES;
				WRAPPER_EXTENSION = app;
			};
			name = Release;
		};
/* End XCBuildConfiguration section */

/* Begin XCConfigurationList section */
		04713BC41760C81900443B48 /* Build configuration list for PBXProject "FEX" */ = {
			isa = XCConfigurationList;
			buildConfigurations = (
				04713F791760C82000443B48 /* Debug */,
				04713F7A1760C82000443B48 /* Release */,
			);
			defaultConfigurationIsVisible = 0;
			defaultConfigurationName = Release;
		};
		04713F7B1760C82000443B48 /* Build configuration list for PBXNativeTarget "FEX" */ = {
			isa = XCConfigurationList;
			buildConfigurations = (
				04713F7C1760C82000443B48 /* Debug */,
				04713F7D1760C82000443B48 /* Release */,
			);
			defaultConfigurationIsVisible = 0;
			defaultConfigurationName = Release;
		};
/* End XCConfigurationList section */
	};
	rootObject = 04713BC11760C81900443B48 /* Project object */;
}
