// !$*UTF8*$!
{
	archiveVersion = 1;
	classes = {
	};
	objectVersion = 46;
	objects = {

/* Begin PBXBuildFile section */
		040917681794FA5600283684 /* Default-568h@2x.png in Resources */ = {isa = PBXBuildFile; fileRef = 040917671794FA5600283684 /* Default-568h@2x.png */; };
		043C4F50177FCEFF00A55BD9 /* python2.7.all.a in Frameworks */ = {isa = PBXBuildFile; fileRef = 043C4F4F177FCEFF00A55BD9 /* python2.7.all.a */; };
		043C4F52177FDEEA00A55BD9 /* python in Resources */ = {isa = PBXBuildFile; fileRef = 043C4F51177FDEEA00A55BD9 /* python */; };
		046D5D5B1780851F00919167 /* libFEX.a in Frameworks */ = {isa = PBXBuildFile; fileRef = 046D5D5A1780851F00919167 /* libFEX.a */; };
		046D5D5D1780873700919167 /* libcocos2dx.a in Frameworks */ = {isa = PBXBuildFile; fileRef = 046D5D5C1780873700919167 /* libcocos2dx.a */; };
		046D5D5F1780873A00919167 /* libCocosDenshion.a in Frameworks */ = {isa = PBXBuildFile; fileRef = 046D5D5E1780873A00919167 /* libCocosDenshion.a */; };
		046D5D611780873E00919167 /* libBox2D.a in Frameworks */ = {isa = PBXBuildFile; fileRef = 046D5D601780873E00919167 /* libBox2D.a */; };
		04A63034177C5AC800E1760D /* QuartzCore.framework in Frameworks */ = {isa = PBXBuildFile; fileRef = 04A63033177C5AC800E1760D /* QuartzCore.framework */; };
		04A63036177C5AC800E1760D /* OpenGLES.framework in Frameworks */ = {isa = PBXBuildFile; fileRef = 04A63035177C5AC800E1760D /* OpenGLES.framework */; };
		04A63038177C5AC800E1760D /* OpenAL.framework in Frameworks */ = {isa = PBXBuildFile; fileRef = 04A63037177C5AC800E1760D /* OpenAL.framework */; };
		04A6303A177C5AC800E1760D /* AudioToolbox.framework in Frameworks */ = {isa = PBXBuildFile; fileRef = 04A63039177C5AC800E1760D /* AudioToolbox.framework */; };
		04A6303C177C5AC800E1760D /* AVFoundation.framework in Frameworks */ = {isa = PBXBuildFile; fileRef = 04A6303B177C5AC800E1760D /* AVFoundation.framework */; };
		04A6303E177C5AC800E1760D /* UIKit.framework in Frameworks */ = {isa = PBXBuildFile; fileRef = 04A6303D177C5AC800E1760D /* UIKit.framework */; };
		04A63040177C5AC800E1760D /* Foundation.framework in Frameworks */ = {isa = PBXBuildFile; fileRef = 04A6303F177C5AC800E1760D /* Foundation.framework */; };
		04A63042177C5AC800E1760D /* CoreGraphics.framework in Frameworks */ = {isa = PBXBuildFile; fileRef = 04A63041177C5AC800E1760D /* CoreGraphics.framework */; };
		04A63046177C5AC800E1760D /* CloseNormal.png in Resources */ = {isa = PBXBuildFile; fileRef = 04A63045177C5AC800E1760D /* CloseNormal.png */; };
		04A63048177C5AC900E1760D /* CloseSelected.png in Resources */ = {isa = PBXBuildFile; fileRef = 04A63047177C5AC900E1760D /* CloseSelected.png */; };
		04A6304A177C5AC900E1760D /* Default.png in Resources */ = {isa = PBXBuildFile; fileRef = 04A63049177C5AC900E1760D /* Default.png */; };
		04A6304C177C5AC900E1760D /* HelloWorld.png in Resources */ = {isa = PBXBuildFile; fileRef = 04A6304B177C5AC900E1760D /* HelloWorld.png */; };
		04A6304E177C5AC900E1760D /* Icon-72.png in Resources */ = {isa = PBXBuildFile; fileRef = 04A6304D177C5AC900E1760D /* Icon-72.png */; };
		04A63050177C5AC900E1760D /* Icon-Small-50.png in Resources */ = {isa = PBXBuildFile; fileRef = 04A6304F177C5AC900E1760D /* Icon-Small-50.png */; };
		04A63052177C5AC900E1760D /* Icon-Small.png in Resources */ = {isa = PBXBuildFile; fileRef = 04A63051177C5AC900E1760D /* Icon-Small.png */; };
		04A63054177C5AC900E1760D /* Icon-Small@2x.png in Resources */ = {isa = PBXBuildFile; fileRef = 04A63053177C5AC900E1760D /* Icon-Small@2x.png */; };
		04A63056177C5AC900E1760D /* Icon.png in Resources */ = {isa = PBXBuildFile; fileRef = 04A63055177C5AC900E1760D /* Icon.png */; };
		04A63058177C5AC900E1760D /* Icon@2x.png in Resources */ = {isa = PBXBuildFile; fileRef = 04A63057177C5AC900E1760D /* Icon@2x.png */; };
		04A6305A177C5AC900E1760D /* iTunesArtwork in Resources */ = {isa = PBXBuildFile; fileRef = 04A63059177C5AC900E1760D /* iTunesArtwork */; };
		04A6305F177C5AC900E1760D /* AppController.mm in Sources */ = {isa = PBXBuildFile; fileRef = 04A6305E177C5AC900E1760D /* AppController.mm */; };
		04A63062177C5AC900E1760D /* RootViewController.mm in Sources */ = {isa = PBXBuildFile; fileRef = 04A63061177C5AC900E1760D /* RootViewController.mm */; };
		04A63064177C5AC900E1760D /* main.m in Sources */ = {isa = PBXBuildFile; fileRef = 04A63063177C5AC900E1760D /* main.m */; };
		04A633A4177C5ACF00E1760D /* AppDelegate.cpp in Sources */ = {isa = PBXBuildFile; fileRef = 04A633A3177C5ACF00E1760D /* AppDelegate.cpp */; };
		04A633A9177C5ACF00E1760D /* blocks.png in Resources */ = {isa = PBXBuildFile; fileRef = 04A633A8177C5ACF00E1760D /* blocks.png */; };
		04A633C2177C5C9000E1760D /* fonts in Resources */ = {isa = PBXBuildFile; fileRef = 04A633B9177C5C9000E1760D /* fonts */; };
		04A633C3177C5C9000E1760D /* levels in Resources */ = {isa = PBXBuildFile; fileRef = 04A633BA177C5C9000E1760D /* levels */; };
		04A633C4177C5C9000E1760D /* particles in Resources */ = {isa = PBXBuildFile; fileRef = 04A633BB177C5C9000E1760D /* particles */; };
		04A633C5177C5C9000E1760D /* pdb in Resources */ = {isa = PBXBuildFile; fileRef = 04A633BC177C5C9000E1760D /* pdb */; };
		04A633C6177C5C9000E1760D /* pic in Resources */ = {isa = PBXBuildFile; fileRef = 04A633BD177C5C9000E1760D /* pic */; };
		04A633C7177C5C9000E1760D /* sfx in Resources */ = {isa = PBXBuildFile; fileRef = 04A633BE177C5C9000E1760D /* sfx */; };
		04A633C8177C5C9000E1760D /* shaders in Resources */ = {isa = PBXBuildFile; fileRef = 04A633BF177C5C9000E1760D /* shaders */; };
		04A633C9177C5C9000E1760D /* sprite_components in Resources */ = {isa = PBXBuildFile; fileRef = 04A633C0177C5C9000E1760D /* sprite_components */; };
		04A633CA177C5C9000E1760D /* sprites in Resources */ = {isa = PBXBuildFile; fileRef = 04A633C1177C5C9000E1760D /* sprites */; };
/* End PBXBuildFile section */

/* Begin PBXFileReference section */
		040917671794FA5600283684 /* Default-568h@2x.png */ = {isa = PBXFileReference; lastKnownFileType = image.png; path = "Default-568h@2x.png"; sourceTree = "<group>"; };
		043C4F4F177FCEFF00A55BD9 /* python2.7.all.a */ = {isa = PBXFileReference; lastKnownFileType = archive.ar; name = python2.7.all.a; path = ../libs/python2.7/libs/python2.7.all.a; sourceTree = "<group>"; };
		043C4F51177FDEEA00A55BD9 /* python */ = {isa = PBXFileReference; lastKnownFileType = folder; name = python; path = Resources/python; sourceTree = "<group>"; };
		046D5D5A1780851F00919167 /* libFEX.a */ = {isa = PBXFileReference; lastKnownFileType = archive.ar; name = libFEX.a; path = "../../../Library/Developer/Xcode/DerivedData/FETemplate-bwkxjubalbhtkretxzgqqgetelpu/Build/Products/Debug-iphoneos/libFEX.a"; sourceTree = "<group>"; };
		046D5D5C1780873700919167 /* libcocos2dx.a */ = {isa = PBXFileReference; lastKnownFileType = archive.ar; name = libcocos2dx.a; path = "../../../Library/Developer/Xcode/DerivedData/FETemplate-bwkxjubalbhtkretxzgqqgetelpu/Build/Products/Debug-iphoneos/libcocos2dx.a"; sourceTree = "<group>"; };
		046D5D5E1780873A00919167 /* libCocosDenshion.a */ = {isa = PBXFileReference; lastKnownFileType = archive.ar; name = libCocosDenshion.a; path = "../../../Library/Developer/Xcode/DerivedData/FETemplate-bwkxjubalbhtkretxzgqqgetelpu/Build/Products/Debug-iphoneos/libCocosDenshion.a"; sourceTree = "<group>"; };
		046D5D601780873E00919167 /* libBox2D.a */ = {isa = PBXFileReference; lastKnownFileType = archive.ar; name = libBox2D.a; path = "../../../Library/Developer/Xcode/DerivedData/FETemplate-bwkxjubalbhtkretxzgqqgetelpu/Build/Products/Debug-iphoneos/libBox2D.a"; sourceTree = "<group>"; };
		04A63030177C5AC800E1760D /* FEXGameTemplate.app */ = {isa = PBXFileReference; explicitFileType = wrapper.application; includeInIndex = 0; path = FEXGameTemplate.app; sourceTree = BUILT_PRODUCTS_DIR; };
		04A63033177C5AC800E1760D /* QuartzCore.framework */ = {isa = PBXFileReference; lastKnownFileType = wrapper.framework; name = QuartzCore.framework; path = System/Library/Frameworks/QuartzCore.framework; sourceTree = SDKROOT; };
		04A63035177C5AC800E1760D /* OpenGLES.framework */ = {isa = PBXFileReference; lastKnownFileType = wrapper.framework; name = OpenGLES.framework; path = System/Library/Frameworks/OpenGLES.framework; sourceTree = SDKROOT; };
		04A63037177C5AC800E1760D /* OpenAL.framework */ = {isa = PBXFileReference; lastKnownFileType = wrapper.framework; name = OpenAL.framework; path = System/Library/Frameworks/OpenAL.framework; sourceTree = SDKROOT; };
		04A63039177C5AC800E1760D /* AudioToolbox.framework */ = {isa = PBXFileReference; lastKnownFileType = wrapper.framework; name = AudioToolbox.framework; path = System/Library/Frameworks/AudioToolbox.framework; sourceTree = SDKROOT; };
		04A6303B177C5AC800E1760D /* AVFoundation.framework */ = {isa = PBXFileReference; lastKnownFileType = wrapper.framework; name = AVFoundation.framework; path = System/Library/Frameworks/AVFoundation.framework; sourceTree = SDKROOT; };
		04A6303D177C5AC800E1760D /* UIKit.framework */ = {isa = PBXFileReference; lastKnownFileType = wrapper.framework; name = UIKit.framework; path = System/Library/Frameworks/UIKit.framework; sourceTree = SDKROOT; };
		04A6303F177C5AC800E1760D /* Foundation.framework */ = {isa = PBXFileReference; lastKnownFileType = wrapper.framework; name = Foundation.framework; path = System/Library/Frameworks/Foundation.framework; sourceTree = SDKROOT; };
		04A63041177C5AC800E1760D /* CoreGraphics.framework */ = {isa = PBXFileReference; lastKnownFileType = wrapper.framework; name = CoreGraphics.framework; path = System/Library/Frameworks/CoreGraphics.framework; sourceTree = SDKROOT; };
		04A63045177C5AC800E1760D /* CloseNormal.png */ = {isa = PBXFileReference; lastKnownFileType = image.png; name = CloseNormal.png; path = Resources/CloseNormal.png; sourceTree = "<group>"; };
		04A63047177C5AC900E1760D /* CloseSelected.png */ = {isa = PBXFileReference; lastKnownFileType = image.png; name = CloseSelected.png; path = Resources/CloseSelected.png; sourceTree = "<group>"; };
		04A63049177C5AC900E1760D /* Default.png */ = {isa = PBXFileReference; lastKnownFileType = image.png; name = Default.png; path = Resources/Default.png; sourceTree = "<group>"; };
		04A6304B177C5AC900E1760D /* HelloWorld.png */ = {isa = PBXFileReference; lastKnownFileType = image.png; name = HelloWorld.png; path = Resources/HelloWorld.png; sourceTree = "<group>"; };
		04A6304D177C5AC900E1760D /* Icon-72.png */ = {isa = PBXFileReference; lastKnownFileType = image.png; name = "Icon-72.png"; path = "Resources/Icon-72.png"; sourceTree = "<group>"; };
		04A6304F177C5AC900E1760D /* Icon-Small-50.png */ = {isa = PBXFileReference; lastKnownFileType = image.png; name = "Icon-Small-50.png"; path = "Resources/Icon-Small-50.png"; sourceTree = "<group>"; };
		04A63051177C5AC900E1760D /* Icon-Small.png */ = {isa = PBXFileReference; lastKnownFileType = image.png; name = "Icon-Small.png"; path = "Resources/Icon-Small.png"; sourceTree = "<group>"; };
		04A63053177C5AC900E1760D /* Icon-Small@2x.png */ = {isa = PBXFileReference; lastKnownFileType = image.png; name = "Icon-Small@2x.png"; path = "Resources/Icon-Small@2x.png"; sourceTree = "<group>"; };
		04A63055177C5AC900E1760D /* Icon.png */ = {isa = PBXFileReference; lastKnownFileType = image.png; name = Icon.png; path = Resources/Icon.png; sourceTree = "<group>"; };
		04A63057177C5AC900E1760D /* Icon@2x.png */ = {isa = PBXFileReference; lastKnownFileType = image.png; name = "Icon@2x.png"; path = "Resources/Icon@2x.png"; sourceTree = "<group>"; };
		04A63059177C5AC900E1760D /* iTunesArtwork */ = {isa = PBXFileReference; lastKnownFileType = file; name = iTunesArtwork; path = Resources/iTunesArtwork; sourceTree = "<group>"; };
		04A6305B177C5AC900E1760D /* Info.plist */ = {isa = PBXFileReference; lastKnownFileType = text.plist.xml; name = Info.plist; path = Resources/Info.plist; sourceTree = "<group>"; };
		04A6305D177C5AC900E1760D /* AppController.h */ = {isa = PBXFileReference; lastKnownFileType = sourcecode.c.h; name = AppController.h; path = ios/AppController.h; sourceTree = "<group>"; };
		04A6305E177C5AC900E1760D /* AppController.mm */ = {isa = PBXFileReference; lastKnownFileType = sourcecode.cpp.objcpp; name = AppController.mm; path = ios/AppController.mm; sourceTree = "<group>"; };
		04A63060177C5AC900E1760D /* RootViewController.h */ = {isa = PBXFileReference; lastKnownFileType = sourcecode.c.h; name = RootViewController.h; path = ios/RootViewController.h; sourceTree = "<group>"; };
		04A63061177C5AC900E1760D /* RootViewController.mm */ = {isa = PBXFileReference; lastKnownFileType = sourcecode.cpp.objcpp; name = RootViewController.mm; path = ios/RootViewController.mm; sourceTree = "<group>"; };
		04A63063177C5AC900E1760D /* main.m */ = {isa = PBXFileReference; lastKnownFileType = sourcecode.c.objc; name = main.m; path = ios/main.m; sourceTree = "<group>"; };
		04A633A0177C5ACF00E1760D /* Prefix.pch */ = {isa = PBXFileReference; lastKnownFileType = sourcecode.c.h; path = Prefix.pch; sourceTree = "<group>"; };
		04A633A2177C5ACF00E1760D /* AppDelegate.h */ = {isa = PBXFileReference; lastKnownFileType = sourcecode.c.h; name = AppDelegate.h; path = Classes/AppDelegate.h; sourceTree = "<group>"; };
		04A633A3177C5ACF00E1760D /* AppDelegate.cpp */ = {isa = PBXFileReference; lastKnownFileType = sourcecode.cpp.cpp; name = AppDelegate.cpp; path = Classes/AppDelegate.cpp; sourceTree = "<group>"; };
		04A633A8177C5ACF00E1760D /* blocks.png */ = {isa = PBXFileReference; lastKnownFileType = image.png; name = blocks.png; path = Resources/blocks.png; sourceTree = "<group>"; };
		04A633B9177C5C9000E1760D /* fonts */ = {isa = PBXFileReference; lastKnownFileType = folder; name = fonts; path = Resources/fonts; sourceTree = "<group>"; };
		04A633BA177C5C9000E1760D /* levels */ = {isa = PBXFileReference; lastKnownFileType = folder; name = levels; path = Resources/levels; sourceTree = "<group>"; };
		04A633BB177C5C9000E1760D /* particles */ = {isa = PBXFileReference; lastKnownFileType = folder; name = particles; path = Resources/particles; sourceTree = "<group>"; };
		04A633BC177C5C9000E1760D /* pdb */ = {isa = PBXFileReference; lastKnownFileType = folder; name = pdb; path = Resources/pdb; sourceTree = "<group>"; };
		04A633BD177C5C9000E1760D /* pic */ = {isa = PBXFileReference; lastKnownFileType = folder; name = pic; path = Resources/pic; sourceTree = "<group>"; };
		04A633BE177C5C9000E1760D /* sfx */ = {isa = PBXFileReference; lastKnownFileType = folder; name = sfx; path = Resources/sfx; sourceTree = "<group>"; };
		04A633BF177C5C9000E1760D /* shaders */ = {isa = PBXFileReference; lastKnownFileType = folder; name = shaders; path = Resources/shaders; sourceTree = "<group>"; };
		04A633C0177C5C9000E1760D /* sprite_components */ = {isa = PBXFileReference; lastKnownFileType = folder; name = sprite_components; path = Resources/sprite_components; sourceTree = "<group>"; };
		04A633C1177C5C9000E1760D /* sprites */ = {isa = PBXFileReference; lastKnownFileType = folder; name = sprites; path = Resources/sprites; sourceTree = "<group>"; };
/* End PBXFileReference section */

/* Begin PBXFrameworksBuildPhase section */
		04A6302D177C5AC800E1760D /* Frameworks */ = {
			isa = PBXFrameworksBuildPhase;
			buildActionMask = 2147483647;
			files = (
				046D5D5B1780851F00919167 /* libFEX.a in Frameworks */,
				046D5D611780873E00919167 /* libBox2D.a in Frameworks */,
				046D5D5F1780873A00919167 /* libCocosDenshion.a in Frameworks */,
				046D5D5D1780873700919167 /* libcocos2dx.a in Frameworks */,
				043C4F50177FCEFF00A55BD9 /* python2.7.all.a in Frameworks */,
				04A63034177C5AC800E1760D /* QuartzCore.framework in Frameworks */,
				04A63036177C5AC800E1760D /* OpenGLES.framework in Frameworks */,
				04A63038177C5AC800E1760D /* OpenAL.framework in Frameworks */,
				04A6303A177C5AC800E1760D /* AudioToolbox.framework in Frameworks */,
				04A6303C177C5AC800E1760D /* AVFoundation.framework in Frameworks */,
				04A6303E177C5AC800E1760D /* UIKit.framework in Frameworks */,
				04A63040177C5AC800E1760D /* Foundation.framework in Frameworks */,
				04A63042177C5AC800E1760D /* CoreGraphics.framework in Frameworks */,
			);
			runOnlyForDeploymentPostprocessing = 0;
		};
/* End PBXFrameworksBuildPhase section */

/* Begin PBXGroup section */
		04A63027177C5AC800E1760D = {
			isa = PBXGroup;
			children = (
				040917671794FA5600283684 /* Default-568h@2x.png */,
				046D5D601780873E00919167 /* libBox2D.a */,
				046D5D5E1780873A00919167 /* libCocosDenshion.a */,
				046D5D5C1780873700919167 /* libcocos2dx.a */,
				046D5D5A1780851F00919167 /* libFEX.a */,
				043C4F4F177FCEFF00A55BD9 /* python2.7.all.a */,
				04A63043177C5AC800E1760D /* GameSADiOS */,
				04A63032177C5AC800E1760D /* Frameworks */,
				04A63031177C5AC800E1760D /* Products */,
			);
			sourceTree = "<group>";
		};
		04A63031177C5AC800E1760D /* Products */ = {
			isa = PBXGroup;
			children = (
				04A63030177C5AC800E1760D /* FEXGameTemplate.app */,
			);
			name = Products;
			sourceTree = "<group>";
		};
		04A63032177C5AC800E1760D /* Frameworks */ = {
			isa = PBXGroup;
			children = (
				04A63033177C5AC800E1760D /* QuartzCore.framework */,
				04A63035177C5AC800E1760D /* OpenGLES.framework */,
				04A63037177C5AC800E1760D /* OpenAL.framework */,
				04A63039177C5AC800E1760D /* AudioToolbox.framework */,
				04A6303B177C5AC800E1760D /* AVFoundation.framework */,
				04A6303D177C5AC800E1760D /* UIKit.framework */,
				04A6303F177C5AC800E1760D /* Foundation.framework */,
				04A63041177C5AC800E1760D /* CoreGraphics.framework */,
			);
			name = Frameworks;
			sourceTree = "<group>";
		};
		04A63043177C5AC800E1760D /* GameSADiOS */ = {
			isa = PBXGroup;
			children = (
				04A633A1177C5ACF00E1760D /* Classes */,
				04A63044177C5AC800E1760D /* Resources */,
				04A6305C177C5AC900E1760D /* ios */,
				04A6339F177C5ACF00E1760D /* Supporting Files */,
			);
			name = GameSADiOS;
			path = FEXGameTemplate;
			sourceTree = "<group>";
		};
		04A63044177C5AC800E1760D /* Resources */ = {
			isa = PBXGroup;
			children = (
				043C4F51177FDEEA00A55BD9 /* python */,
				04A633B9177C5C9000E1760D /* fonts */,
				04A633BA177C5C9000E1760D /* levels */,
				04A633BB177C5C9000E1760D /* particles */,
				04A633BC177C5C9000E1760D /* pdb */,
				04A633BD177C5C9000E1760D /* pic */,
				04A633BE177C5C9000E1760D /* sfx */,
				04A633BF177C5C9000E1760D /* shaders */,
				04A633C0177C5C9000E1760D /* sprite_components */,
				04A633C1177C5C9000E1760D /* sprites */,
				04A63045177C5AC800E1760D /* CloseNormal.png */,
				04A63047177C5AC900E1760D /* CloseSelected.png */,
				04A63049177C5AC900E1760D /* Default.png */,
				04A6304B177C5AC900E1760D /* HelloWorld.png */,
				04A6304D177C5AC900E1760D /* Icon-72.png */,
				04A6304F177C5AC900E1760D /* Icon-Small-50.png */,
				04A63051177C5AC900E1760D /* Icon-Small.png */,
				04A63053177C5AC900E1760D /* Icon-Small@2x.png */,
				04A63055177C5AC900E1760D /* Icon.png */,
				04A63057177C5AC900E1760D /* Icon@2x.png */,
				04A63059177C5AC900E1760D /* iTunesArtwork */,
				04A6305B177C5AC900E1760D /* Info.plist */,
				04A633A8177C5ACF00E1760D /* blocks.png */,
			);
			name = Resources;
			sourceTree = "<group>";
		};
		04A6305C177C5AC900E1760D /* ios */ = {
			isa = PBXGroup;
			children = (
				04A6305D177C5AC900E1760D /* AppController.h */,
				04A6305E177C5AC900E1760D /* AppController.mm */,
				04A63060177C5AC900E1760D /* RootViewController.h */,
				04A63061177C5AC900E1760D /* RootViewController.mm */,
				04A63063177C5AC900E1760D /* main.m */,
			);
			name = ios;
			sourceTree = "<group>";
		};
		04A6339F177C5ACF00E1760D /* Supporting Files */ = {
			isa = PBXGroup;
			children = (
				04A633A0177C5ACF00E1760D /* Prefix.pch */,
			);
			name = "Supporting Files";
			sourceTree = "<group>";
		};
		04A633A1177C5ACF00E1760D /* Classes */ = {
			isa = PBXGroup;
			children = (
				04A633A2177C5ACF00E1760D /* AppDelegate.h */,
				04A633A3177C5ACF00E1760D /* AppDelegate.cpp */,
			);
			name = Classes;
			sourceTree = "<group>";
		};
/* End PBXGroup section */

/* Begin PBXNativeTarget section */
		04A6302F177C5AC800E1760D /* GameSADiOS */ = {
			isa = PBXNativeTarget;
			buildConfigurationList = 04A633AC177C5ACF00E1760D /* Build configuration list for PBXNativeTarget "GameSADiOS" */;
			buildPhases = (
				04A6302C177C5AC800E1760D /* Sources */,
				04A6302D177C5AC800E1760D /* Frameworks */,
				04A6302E177C5AC800E1760D /* Resources */,
			);
			buildRules = (
			);
			dependencies = (
			);
			name = GameSADiOS;
			productName = FEXGameTemplate;
			productReference = 04A63030177C5AC800E1760D /* FEXGameTemplate.app */;
			productType = "com.apple.product-type.application";
		};
/* End PBXNativeTarget section */

/* Begin PBXProject section */
		04A63028177C5AC800E1760D /* Project object */ = {
			isa = PBXProject;
			attributes = {
				LastUpgradeCheck = 0460;
			};
			buildConfigurationList = 04A6302B177C5AC800E1760D /* Build configuration list for PBXProject "GameSADiOS" */;
			compatibilityVersion = "Xcode 3.2";
			developmentRegion = English;
			hasScannedForEncodings = 0;
			knownRegions = (
				en,
			);
			mainGroup = 04A63027177C5AC800E1760D;
			productRefGroup = 04A63031177C5AC800E1760D /* Products */;
			projectDirPath = "";
			projectRoot = "";
			targets = (
				04A6302F177C5AC800E1760D /* GameSADiOS */,
			);
		};
/* End PBXProject section */

/* Begin PBXResourcesBuildPhase section */
		04A6302E177C5AC800E1760D /* Resources */ = {
			isa = PBXResourcesBuildPhase;
			buildActionMask = 2147483647;
			files = (
				04A63046177C5AC800E1760D /* CloseNormal.png in Resources */,
				04A63048177C5AC900E1760D /* CloseSelected.png in Resources */,
				04A6304A177C5AC900E1760D /* Default.png in Resources */,
				04A6304C177C5AC900E1760D /* HelloWorld.png in Resources */,
				04A6304E177C5AC900E1760D /* Icon-72.png in Resources */,
				04A63050177C5AC900E1760D /* Icon-Small-50.png in Resources */,
				04A63052177C5AC900E1760D /* Icon-Small.png in Resources */,
				04A63054177C5AC900E1760D /* Icon-Small@2x.png in Resources */,
				04A63056177C5AC900E1760D /* Icon.png in Resources */,
				04A63058177C5AC900E1760D /* Icon@2x.png in Resources */,
				04A6305A177C5AC900E1760D /* iTunesArtwork in Resources */,
				04A633A9177C5ACF00E1760D /* blocks.png in Resources */,
				04A633C2177C5C9000E1760D /* fonts in Resources */,
				04A633C3177C5C9000E1760D /* levels in Resources */,
				04A633C4177C5C9000E1760D /* particles in Resources */,
				04A633C5177C5C9000E1760D /* pdb in Resources */,
				04A633C6177C5C9000E1760D /* pic in Resources */,
				04A633C7177C5C9000E1760D /* sfx in Resources */,
				04A633C8177C5C9000E1760D /* shaders in Resources */,
				04A633C9177C5C9000E1760D /* sprite_components in Resources */,
				04A633CA177C5C9000E1760D /* sprites in Resources */,
				043C4F52177FDEEA00A55BD9 /* python in Resources */,
				040917681794FA5600283684 /* Default-568h@2x.png in Resources */,
			);
			runOnlyForDeploymentPostprocessing = 0;
		};
/* End PBXResourcesBuildPhase section */

/* Begin PBXSourcesBuildPhase section */
		04A6302C177C5AC800E1760D /* Sources */ = {
			isa = PBXSourcesBuildPhase;
			buildActionMask = 2147483647;
			files = (
				04A6305F177C5AC900E1760D /* AppController.mm in Sources */,
				04A63062177C5AC900E1760D /* RootViewController.mm in Sources */,
				04A63064177C5AC900E1760D /* main.m in Sources */,
				04A633A4177C5ACF00E1760D /* AppDelegate.cpp in Sources */,
			);
			runOnlyForDeploymentPostprocessing = 0;
		};
/* End PBXSourcesBuildPhase section */

/* Begin XCBuildConfiguration section */
		04A633AA177C5ACF00E1760D /* Debug */ = {
			isa = XCBuildConfiguration;
			buildSettings = {
				ARCHS = "$(ARCHS_STANDARD_32_BIT)";
				"CODE_SIGN_IDENTITY[sdk=iphoneos*]" = "iPhone Developer";
				GCC_C_LANGUAGE_STANDARD = gnu99;
				GCC_OPTIMIZATION_LEVEL = 0;
				GCC_PREPROCESSOR_DEFINITIONS = (
					DEBUG,
					"COCOS2D_DEBUG=1",
					USE_FILE32API,
					CC_TARGET_OS_IPHONE,
				);
				GCC_SYMBOLS_PRIVATE_EXTERN = NO;
				GCC_WARN_ABOUT_RETURN_TYPE = YES;
				GCC_WARN_UNUSED_VARIABLE = YES;
				HEADER_SEARCH_PATHS = (
					"\"$(PROJECT_NAME)/libs/cocos2dx/kazmath/include\"",
					"\"$(PROJECT_NAME)/libs/cocos2dx\"",
					"\"$(PROJECT_NAME)/libs/CocosDenshion/include\"",
					"\"$(SDKROOT)/usr/include/libxml2\"",
					"\"$(PROJECT_NAME)/libs/cocos2dx/include\"",
					"\"$(PROJECT_NAME)/libs/cocos2dx/platform/third_party/ios\"",
					"\"$(PROJECT_NAME)/libs/cocos2dx/platform/ios\"",
				);
				IPHONEOS_DEPLOYMENT_TARGET = 4.3;
				SDKROOT = iphoneos;
				TARGETED_DEVICE_FAMILY = "1,2";
			};
			name = Debug;
		};
		04A633AB177C5ACF00E1760D /* Release */ = {
			isa = XCBuildConfiguration;
			buildSettings = {
				ARCHS = "$(ARCHS_STANDARD_32_BIT)";
				"CODE_SIGN_IDENTITY[sdk=iphoneos*]" = "iPhone Developer";
				GCC_C_LANGUAGE_STANDARD = gnu99;
				GCC_PREPROCESSOR_DEFINITIONS = (
					NDEBUG,
					USE_FILE32API,
					CC_TARGET_OS_IPHONE,
				);
				GCC_WARN_ABOUT_RETURN_TYPE = YES;
				GCC_WARN_UNUSED_VARIABLE = YES;
				HEADER_SEARCH_PATHS = (
					"\"$(PROJECT_NAME)/libs/cocos2dx/kazmath/include\"",
					"\"$(PROJECT_NAME)/libs/cocos2dx\"",
					"\"$(PROJECT_NAME)/libs/CocosDenshion/include\"",
					"\"$(SDKROOT)/usr/include/libxml2\"",
					"\"$(PROJECT_NAME)/libs/cocos2dx/include\"",
					"\"$(PROJECT_NAME)/libs/cocos2dx/platform/third_party/ios\"",
					"\"$(PROJECT_NAME)/libs/cocos2dx/platform/ios\"",
				);
				IPHONEOS_DEPLOYMENT_TARGET = 4.3;
				OTHER_CFLAGS = "-DNS_BLOCK_ASSERTIONS=1";
				SDKROOT = iphoneos;
				TARGETED_DEVICE_FAMILY = "1,2";
			};
			name = Release;
		};
		04A633AD177C5ACF00E1760D /* Debug */ = {
			isa = XCBuildConfiguration;
			buildSettings = {
				ALWAYS_SEARCH_USER_PATHS = NO;
				CLANG_CXX_LANGUAGE_STANDARD = "c++0x";
				CLANG_CXX_LIBRARY = "libc++";
				CODE_SIGN_IDENTITY = "iPhone Developer: ZHOU LIN (3T8872A55A)";
				"CODE_SIGN_IDENTITY[sdk=iphoneos*]" = "iPhone Developer: ZHOU LIN (3T8872A55A)";
				COPY_PHASE_STRIP = NO;
				GCC_DYNAMIC_NO_PIC = NO;
				GCC_PRECOMPILE_PREFIX_HEADER = YES;
				GCC_PREFIX_HEADER = FEXGameTemplate/Prefix.pch;
				"GCC_THUMB_SUPPORT[arch=armv6]" = "";
				HEADER_SEARCH_PATHS = (
					"\"../libs/cocos2dx/kazmath/include\"",
					"\"../libs/cocos2dx\"",
					"\"../libs/CocosDenshion/include\"",
					"\"../libs/extensions\"",
					"\"../libs/cocos2dx/include\"",
					"\"../libs/cocos2dx/platform/third_party/ios\"",
					"\"../libs/cocos2dx/platform/ios\"",
					"\"../libs/external\"",
					../FEX,
					"\"../libs/python2.7\"",
				);
				INFOPLIST_FILE = FEXGameTemplate/Resources/Info.plist;
				IPHONEOS_DEPLOYMENT_TARGET = 5.0;
				LIBRARY_SEARCH_PATHS = (
					"$(inherited)",
					"\"$(SRCROOT)/../libs/python2.7/libs\"",
				);
				OTHER_LDFLAGS = (
					"-lxml2",
					"-lz",
					"-lsqlite3",
				);
				PRODUCT_NAME = GameSADiOS;
				PROVISIONING_PROFILE = "50FAF1A6-B7E3-4610-AA2A-CA9C589EDC5E";
				"PROVISIONING_PROFILE[sdk=iphoneos*]" = "50FAF1A6-B7E3-4610-AA2A-CA9C589EDC5E";
				WRAPPER_EXTENSION = app;
			};
			name = Debug;
		};
		04A633AE177C5ACF00E1760D /* Release */ = {
			isa = XCBuildConfiguration;
			buildSettings = {
				ALWAYS_SEARCH_USER_PATHS = NO;
				CLANG_CXX_LANGUAGE_STANDARD = "c++0x";
				CLANG_CXX_LIBRARY = "libc++";
				CODE_SIGN_IDENTITY = "iPhone Developer: ZHOU LIN (3T8872A55A)";
				"CODE_SIGN_IDENTITY[sdk=iphoneos*]" = "iPhone Developer: ZHOU LIN (3T8872A55A)";
				COPY_PHASE_STRIP = YES;
				GCC_PRECOMPILE_PREFIX_HEADER = YES;
				GCC_PREFIX_HEADER = FEXGameTemplate/Prefix.pch;
				"GCC_THUMB_SUPPORT[arch=armv6]" = "";
				HEADER_SEARCH_PATHS = (
					"\"../libs/cocos2dx/kazmath/include\"",
					"\"../libs/cocos2dx\"",
					"\"../libs/CocosDenshion/include\"",
					"\"../libs/extensions\"",
					"\"../libs/cocos2dx/include\"",
					"\"../libs/cocos2dx/platform/third_party/ios\"",
					"\"../libs/cocos2dx/platform/ios\"",
					"\"../libs/external\"",
					../FEX,
					"\"../libs/python2.7\"",
				);
				INFOPLIST_FILE = FEXGameTemplate/Resources/Info.plist;
				IPHONEOS_DEPLOYMENT_TARGET = 5.0;
				LIBRARY_SEARCH_PATHS = (
					"$(inherited)",
					"\"$(SRCROOT)/../libs/python2.7/libs\"",
				);
				OTHER_LDFLAGS = (
					"-lxml2",
					"-lz",
					"-lsqlite3",
				);
				PRODUCT_NAME = GameSADiOS;
				PROVISIONING_PROFILE = "50FAF1A6-B7E3-4610-AA2A-CA9C589EDC5E";
				"PROVISIONING_PROFILE[sdk=iphoneos*]" = "50FAF1A6-B7E3-4610-AA2A-CA9C589EDC5E";
				VALIDATE_PRODUCT = YES;
				WRAPPER_EXTENSION = app;
			};
			name = Release;
		};
/* End XCBuildConfiguration section */

/* Begin XCConfigurationList section */
		04A6302B177C5AC800E1760D /* Build configuration list for PBXProject "GameSADiOS" */ = {
			isa = XCConfigurationList;
			buildConfigurations = (
				04A633AA177C5ACF00E1760D /* Debug */,
				04A633AB177C5ACF00E1760D /* Release */,
			);
			defaultConfigurationIsVisible = 0;
			defaultConfigurationName = Release;
		};
		04A633AC177C5ACF00E1760D /* Build configuration list for PBXNativeTarget "GameSADiOS" */ = {
			isa = XCConfigurationList;
			buildConfigurations = (
				04A633AD177C5ACF00E1760D /* Debug */,
				04A633AE177C5ACF00E1760D /* Release */,
			);
			defaultConfigurationIsVisible = 0;
			defaultConfigurationName = Release;
		};
/* End XCConfigurationList section */
	};
	rootObject = 04A63028177C5AC800E1760D /* Project object */;
}
